{
  "version": 4,
  "terraform_version": "1.11.4",
  "serial": 480,
  "lineage": "5167d727-8fc9-f8af-38e6-39811d18d91f",
  "outputs": {
    "configure_kubectl": {
      "value": "aws eks --region us-east-1 update-kubeconfig --name github-arc-rta",
      "type": "string"
    }
  },
  "resources": [
    {
      "mode": "data",
      "type": "aws_availability_zones",
      "name": "available",
      "provider": "provider[\"registry.terraform.io/hashicorp/aws\"]",
      "instances": [
        {
          "schema_version": 0,
          "attributes": {
            "all_availability_zones": null,
            "exclude_names": null,
            "exclude_zone_ids": null,
            "filter": null,
            "group_names": [
              "us-east-1-zg-1"
            ],
            "id": "us-east-1",
            "names": [
              "us-east-1a",
              "us-east-1b",
              "us-east-1c",
              "us-east-1d",
              "us-east-1e",
              "us-east-1f"
            ],
            "state": null,
            "timeouts": null,
            "zone_ids": [
              "use1-az1",
              "use1-az2",
              "use1-az4",
              "use1-az6",
              "use1-az3",
              "use1-az5"
            ]
          },
          "sensitive_attributes": []
        }
      ]
    },
    {
      "mode": "data",
      "type": "aws_caller_identity",
      "name": "current",
      "provider": "provider[\"registry.terraform.io/hashicorp/aws\"]",
      "instances": [
        {
          "schema_version": 0,
          "attributes": {
            "account_id": "533267434488",
            "arn": "arn:aws:iam::533267434488:user/vardyng",
            "id": "533267434488",
            "user_id": "AIDAXYKJXJP4LAVXUFAFT"
          },
          "sensitive_attributes": []
        }
      ]
    },
    {
      "mode": "data",
      "type": "aws_eks_cluster_auth",
      "name": "this",
      "provider": "provider[\"registry.terraform.io/hashicorp/aws\"]",
      "instances": [
        {
          "schema_version": 0,
          "attributes": {
            "id": "github-arc-rta",
            "name": "github-arc-rta",
            "token": "k8s-aws-v1.aHR0cHM6Ly9zdHMudXMtZWFzdC0xLmFtYXpvbmF3cy5jb20vP0FjdGlvbj1HZXRDYWxsZXJJZGVudGl0eSZWZXJzaW9uPTIwMTEtMDYtMTUmWC1BbXotQWxnb3JpdGhtPUFXUzQtSE1BQy1TSEEyNTYmWC1BbXotQ3JlZGVudGlhbD1BS0lBWFlLSlhKUDRGTFFFUlRIVyUyRjIwMjUwNTI3JTJGdXMtZWFzdC0xJTJGc3RzJTJGYXdzNF9yZXF1ZXN0JlgtQW16LURhdGU9MjAyNTA1MjdUMTgwMDA0WiZYLUFtei1FeHBpcmVzPTAmWC1BbXotU2lnbmVkSGVhZGVycz1ob3N0JTNCeC1rOHMtYXdzLWlkJlgtQW16LVNpZ25hdHVyZT0zMWJjYjc2NTFmZmE1NWFhNzdkY2Q2NGJiNTg4ZmQ3OTI4NDM5MzI4NTFmZWMzYTI0YTU1MTkwMmQ0YTkzZTVh"
          },
          "sensitive_attributes": [
            [
              {
                "type": "get_attr",
                "value": "token"
              }
            ]
          ]
        }
      ]
    },
    {
      "mode": "data",
      "type": "aws_iam_policy_document",
      "name": "efs-policy",
      "provider": "provider[\"registry.terraform.io/hashicorp/aws\"]",
      "instances": [
        {
          "schema_version": 0,
          "attributes": {
            "id": "259451635",
            "json": "{\n  \"Version\": \"2012-10-17\",\n  \"Statement\": [\n    {\n      \"Effect\": \"Allow\",\n      \"Action\": [\n        \"elasticfilesystem:ClientWrite\",\n        \"elasticfilesystem:ClientMount\"\n      ],\n      \"Resource\": \"arn:aws:elasticfilesystem:us-east-1:533267434488:file-system/fs-0b9f8906ebee56e8a\",\n      \"Principal\": {\n        \"AWS\": \"*\"\n      },\n      \"Condition\": {\n        \"Bool\": {\n          \"elasticfilesystem:AccessedViaMountTarget\": \"true\"\n        }\n      }\n    },\n    {\n      \"Effect\": \"Allow\",\n      \"Action\": [\n        \"elasticfilesystem:ClientWrite\",\n        \"elasticfilesystem:ClientMount\"\n      ],\n      \"Resource\": \"arn:aws:elasticfilesystem:us-east-1:533267434488:file-system/fs-0b9f8906ebee56e8a\",\n      \"Principal\": {\n        \"AWS\": \"*\"\n      },\n      \"Condition\": {\n        \"StringEquals\": {\n          \"aws:PrincipalArn\": \"arn:aws:iam::533267434488:role/github-arc-rta-efs_role\",\n          \"elasticfilesystem:AccessPointArn\": \"arn:aws:elasticfilesystem:us-east-1:533267434488:access-point/fsap-03b32b982e055e7d8\"\n        }\n      }\n    }\n  ]\n}",
            "minified_json": "{\"Version\":\"2012-10-17\",\"Statement\":[{\"Effect\":\"Allow\",\"Action\":[\"elasticfilesystem:ClientWrite\",\"elasticfilesystem:ClientMount\"],\"Resource\":\"arn:aws:elasticfilesystem:us-east-1:533267434488:file-system/fs-0b9f8906ebee56e8a\",\"Principal\":{\"AWS\":\"*\"},\"Condition\":{\"Bool\":{\"elasticfilesystem:AccessedViaMountTarget\":\"true\"}}},{\"Effect\":\"Allow\",\"Action\":[\"elasticfilesystem:ClientWrite\",\"elasticfilesystem:ClientMount\"],\"Resource\":\"arn:aws:elasticfilesystem:us-east-1:533267434488:file-system/fs-0b9f8906ebee56e8a\",\"Principal\":{\"AWS\":\"*\"},\"Condition\":{\"StringEquals\":{\"aws:PrincipalArn\":\"arn:aws:iam::533267434488:role/github-arc-rta-efs_role\",\"elasticfilesystem:AccessPointArn\":\"arn:aws:elasticfilesystem:us-east-1:533267434488:access-point/fsap-03b32b982e055e7d8\"}}}]}",
            "override_json": null,
            "override_policy_documents": null,
            "policy_id": null,
            "source_json": null,
            "source_policy_documents": null,
            "statement": [
              {
                "actions": [
                  "elasticfilesystem:ClientMount",
                  "elasticfilesystem:ClientWrite"
                ],
                "condition": [
                  {
                    "test": "Bool",
                    "values": [
                      "true"
                    ],
                    "variable": "elasticfilesystem:AccessedViaMountTarget"
                  }
                ],
                "effect": "Allow",
                "not_actions": [],
                "not_principals": [],
                "not_resources": [],
                "principals": [
                  {
                    "identifiers": [
                      "*"
                    ],
                    "type": "AWS"
                  }
                ],
                "resources": [
                  "arn:aws:elasticfilesystem:us-east-1:533267434488:file-system/fs-0b9f8906ebee56e8a"
                ],
                "sid": ""
              },
              {
                "actions": [
                  "elasticfilesystem:ClientMount",
                  "elasticfilesystem:ClientWrite"
                ],
                "condition": [
                  {
                    "test": "StringEquals",
                    "values": [
                      "arn:aws:elasticfilesystem:us-east-1:533267434488:access-point/fsap-03b32b982e055e7d8"
                    ],
                    "variable": "elasticfilesystem:AccessPointArn"
                  },
                  {
                    "test": "StringEquals",
                    "values": [
                      "arn:aws:iam::533267434488:role/github-arc-rta-efs_role"
                    ],
                    "variable": "aws:PrincipalArn"
                  }
                ],
                "effect": "Allow",
                "not_actions": [],
                "not_principals": [],
                "not_resources": [],
                "principals": [
                  {
                    "identifiers": [
                      "*"
                    ],
                    "type": "AWS"
                  }
                ],
                "resources": [
                  "arn:aws:elasticfilesystem:us-east-1:533267434488:file-system/fs-0b9f8906ebee56e8a"
                ],
                "sid": ""
              }
            ],
            "version": "2012-10-17"
          },
          "sensitive_attributes": []
        }
      ]
    },
    {
      "mode": "data",
      "type": "aws_partition",
      "name": "current",
      "provider": "provider[\"registry.terraform.io/hashicorp/aws\"]",
      "instances": [
        {
          "schema_version": 0,
          "attributes": {
            "dns_suffix": "amazonaws.com",
            "id": "aws",
            "partition": "aws",
            "reverse_dns_prefix": "com.amazonaws"
          },
          "sensitive_attributes": []
        }
      ]
    },
    {
      "mode": "data",
      "type": "aws_ssm_parameter",
      "name": "eks_al2023_ami",
      "provider": "provider[\"registry.terraform.io/hashicorp/aws\"]",
      "instances": [
        {
          "schema_version": 0,
          "attributes": {
            "arn": "arn:aws:ssm:us-east-1::parameter/aws/service/eks/optimized-ami/1.30/amazon-linux-2023/x86_64/standard/recommended/image_id",
            "id": "/aws/service/eks/optimized-ami/1.30/amazon-linux-2023/x86_64/standard/recommended/image_id",
            "insecure_value": "ami-0cd1ba68c12d7cba8",
            "name": "/aws/service/eks/optimized-ami/1.30/amazon-linux-2023/x86_64/standard/recommended/image_id",
            "type": "String",
            "value": "ami-0cd1ba68c12d7cba8",
            "version": 42,
            "with_decryption": true
          },
          "sensitive_attributes": [
            [
              {
                "type": "get_attr",
                "value": "value"
              }
            ]
          ]
        }
      ]
    },
    {
      "mode": "managed",
      "type": "aws_efs_access_point",
      "name": "efs",
      "provider": "provider[\"registry.terraform.io/hashicorp/aws\"]",
      "instances": [
        {
          "schema_version": 0,
          "attributes": {
            "arn": "arn:aws:elasticfilesystem:us-east-1:533267434488:access-point/fsap-03b32b982e055e7d8",
            "file_system_arn": "arn:aws:elasticfilesystem:us-east-1:533267434488:file-system/fs-0b9f8906ebee56e8a",
            "file_system_id": "fs-0b9f8906ebee56e8a",
            "id": "fsap-03b32b982e055e7d8",
            "owner_id": "533267434488",
            "posix_user": [],
            "root_directory": [
              {
                "creation_info": [],
                "path": "/"
              }
            ],
            "tags": {},
            "tags_all": {}
          },
          "sensitive_attributes": [],
          "private": "bnVsbA==",
          "dependencies": [
            "aws_efs_file_system.default",
            "random_id.random_string"
          ]
        }
      ]
    },
    {
      "mode": "managed",
      "type": "aws_efs_file_system",
      "name": "default",
      "provider": "provider[\"registry.terraform.io/hashicorp/aws\"]",
      "instances": [
        {
          "schema_version": 0,
          "attributes": {
            "arn": "arn:aws:elasticfilesystem:us-east-1:533267434488:file-system/fs-0b9f8906ebee56e8a",
            "availability_zone_id": "",
            "availability_zone_name": "",
            "creation_token": "github-arc-rta",
            "dns_name": "fs-0b9f8906ebee56e8a.efs.us-east-1.amazonaws.com",
            "encrypted": false,
            "id": "fs-0b9f8906ebee56e8a",
            "kms_key_id": "",
            "lifecycle_policy": [],
            "name": "github-arc-rta",
            "number_of_mount_targets": 3,
            "owner_id": "533267434488",
            "performance_mode": "generalPurpose",
            "protection": [
              {
                "replication_overwrite": "ENABLED"
              }
            ],
            "provisioned_throughput_in_mibps": 0,
            "size_in_bytes": [
              {
                "value": 12288,
                "value_in_ia": 0,
                "value_in_standard": 12288
              }
            ],
            "tags": {
              "Name": "github-arc-rta"
            },
            "tags_all": {
              "Name": "github-arc-rta"
            },
            "throughput_mode": "bursting"
          },
          "sensitive_attributes": [],
          "private": "bnVsbA==",
          "dependencies": [
            "random_id.random_string"
          ]
        }
      ]
    },
    {
      "mode": "managed",
      "type": "aws_efs_file_system_policy",
      "name": "policy",
      "provider": "provider[\"registry.terraform.io/hashicorp/aws\"]",
      "instances": [
        {
          "schema_version": 0,
          "attributes": {
            "bypass_policy_lockout_safety_check": false,
            "file_system_id": "fs-0b9f8906ebee56e8a",
            "id": "fs-0b9f8906ebee56e8a",
            "policy": "{\"Statement\":[{\"Action\":[\"elasticfilesystem:ClientWrite\",\"elasticfilesystem:ClientMount\"],\"Condition\":{\"Bool\":{\"elasticfilesystem:AccessedViaMountTarget\":\"true\"}},\"Effect\":\"Allow\",\"Principal\":{\"AWS\":\"*\"},\"Resource\":\"arn:aws:elasticfilesystem:us-east-1:533267434488:file-system/fs-0b9f8906ebee56e8a\"},{\"Action\":[\"elasticfilesystem:ClientWrite\",\"elasticfilesystem:ClientMount\"],\"Condition\":{\"StringEquals\":{\"aws:PrincipalArn\":\"arn:aws:iam::533267434488:role/github-arc-rta-efs_role\",\"elasticfilesystem:AccessPointArn\":\"arn:aws:elasticfilesystem:us-east-1:533267434488:access-point/fsap-03b32b982e055e7d8\"}},\"Effect\":\"Allow\",\"Principal\":{\"AWS\":\"*\"},\"Resource\":\"arn:aws:elasticfilesystem:us-east-1:533267434488:file-system/fs-0b9f8906ebee56e8a\"}],\"Version\":\"2012-10-17\"}"
          },
          "sensitive_attributes": [],
          "private": "bnVsbA==",
          "dependencies": [
            "aws_efs_access_point.efs",
            "aws_efs_file_system.default",
            "aws_iam_role.efs_role",
            "data.aws_availability_zones.available",
            "data.aws_caller_identity.current",
            "data.aws_iam_policy_document.efs-policy",
            "module.eks.aws_cloudwatch_log_group.this",
            "module.eks.aws_eks_cluster.this",
            "module.eks.aws_iam_policy.cni_ipv6_policy",
            "module.eks.aws_iam_role.eks_auto",
            "module.eks.aws_iam_role.this",
            "module.eks.aws_iam_role_policy_attachment.this",
            "module.eks.aws_security_group.cluster",
            "module.eks.aws_security_group.node",
            "module.eks.aws_security_group_rule.cluster",
            "module.eks.aws_security_group_rule.node",
            "module.eks.data.aws_caller_identity.current",
            "module.eks.data.aws_iam_policy_document.assume_role_policy",
            "module.eks.data.aws_iam_policy_document.cni_ipv6_policy",
            "module.eks.data.aws_iam_policy_document.node_assume_role_policy",
            "module.eks.data.aws_iam_session_context.current",
            "module.eks.data.aws_partition.current",
            "module.eks.module.kms.aws_kms_external_key.this",
            "module.eks.module.kms.aws_kms_key.this",
            "module.eks.module.kms.aws_kms_replica_external_key.this",
            "module.eks.module.kms.aws_kms_replica_key.this",
            "module.eks.module.kms.data.aws_caller_identity.current",
            "module.eks.module.kms.data.aws_iam_policy_document.this",
            "module.eks.module.kms.data.aws_partition.current",
            "module.vpc.aws_subnet.private",
            "module.vpc.aws_vpc.this",
            "module.vpc.aws_vpc_ipv4_cidr_block_association.this",
            "random_id.random_string"
          ]
        }
      ]
    },
    {
      "mode": "managed",
      "type": "aws_efs_mount_target",
      "name": "default",
      "provider": "provider[\"registry.terraform.io/hashicorp/aws\"]",
      "instances": [
        {
          "index_key": "0",
          "schema_version": 0,
          "attributes": {
            "availability_zone_id": "use1-az1",
            "availability_zone_name": "us-east-1a",
            "dns_name": "fs-0b9f8906ebee56e8a.efs.us-east-1.amazonaws.com",
            "file_system_arn": "arn:aws:elasticfilesystem:us-east-1:533267434488:file-system/fs-0b9f8906ebee56e8a",
            "file_system_id": "fs-0b9f8906ebee56e8a",
            "id": "fsmt-0c3c72d2412c20f8d",
            "ip_address": "10.0.0.119",
            "mount_target_dns_name": "us-east-1a.fs-0b9f8906ebee56e8a.efs.us-east-1.amazonaws.com",
            "network_interface_id": "eni-0a234ae4e6da00b4f",
            "owner_id": "533267434488",
            "security_groups": [
              "sg-0e8ded51c55b718a9"
            ],
            "subnet_id": "subnet-010dfaeddf083facd",
            "timeouts": null
          },
          "sensitive_attributes": [],
          "private": "eyJlMmJmYjczMC1lY2FhLTExZTYtOGY4OC0zNDM2M2JjN2M0YzAiOnsiY3JlYXRlIjoxODAwMDAwMDAwMDAwLCJkZWxldGUiOjYwMDAwMDAwMDAwMH19",
          "dependencies": [
            "aws_efs_file_system.default",
            "aws_security_group.efs-mount-target",
            "data.aws_availability_zones.available",
            "module.eks.aws_security_group.node",
            "module.vpc.aws_subnet.private",
            "module.vpc.aws_vpc.this",
            "module.vpc.aws_vpc_ipv4_cidr_block_association.this",
            "random_id.random_string"
          ]
        },
        {
          "index_key": "1",
          "schema_version": 0,
          "attributes": {
            "availability_zone_id": "use1-az2",
            "availability_zone_name": "us-east-1b",
            "dns_name": "fs-0b9f8906ebee56e8a.efs.us-east-1.amazonaws.com",
            "file_system_arn": "arn:aws:elasticfilesystem:us-east-1:533267434488:file-system/fs-0b9f8906ebee56e8a",
            "file_system_id": "fs-0b9f8906ebee56e8a",
            "id": "fsmt-08f07bb38814384f0",
            "ip_address": "10.0.27.11",
            "mount_target_dns_name": "us-east-1b.fs-0b9f8906ebee56e8a.efs.us-east-1.amazonaws.com",
            "network_interface_id": "eni-060d7afc84a32b704",
            "owner_id": "533267434488",
            "security_groups": [
              "sg-0e8ded51c55b718a9"
            ],
            "subnet_id": "subnet-0258ba4f11d086470",
            "timeouts": null
          },
          "sensitive_attributes": [],
          "private": "eyJlMmJmYjczMC1lY2FhLTExZTYtOGY4OC0zNDM2M2JjN2M0YzAiOnsiY3JlYXRlIjoxODAwMDAwMDAwMDAwLCJkZWxldGUiOjYwMDAwMDAwMDAwMH19",
          "dependencies": [
            "aws_efs_file_system.default",
            "aws_security_group.efs-mount-target",
            "data.aws_availability_zones.available",
            "module.eks.aws_security_group.node",
            "module.vpc.aws_subnet.private",
            "module.vpc.aws_vpc.this",
            "module.vpc.aws_vpc_ipv4_cidr_block_association.this",
            "random_id.random_string"
          ]
        },
        {
          "index_key": "2",
          "schema_version": 0,
          "attributes": {
            "availability_zone_id": "use1-az4",
            "availability_zone_name": "us-east-1c",
            "dns_name": "fs-0b9f8906ebee56e8a.efs.us-east-1.amazonaws.com",
            "file_system_arn": "arn:aws:elasticfilesystem:us-east-1:533267434488:file-system/fs-0b9f8906ebee56e8a",
            "file_system_id": "fs-0b9f8906ebee56e8a",
            "id": "fsmt-05ff02e519cd07eb3",
            "ip_address": "10.0.36.165",
            "mount_target_dns_name": "us-east-1c.fs-0b9f8906ebee56e8a.efs.us-east-1.amazonaws.com",
            "network_interface_id": "eni-07f6153b9bcb03a2f",
            "owner_id": "533267434488",
            "security_groups": [
              "sg-0e8ded51c55b718a9"
            ],
            "subnet_id": "subnet-0bcf49e5e6a1e478e",
            "timeouts": null
          },
          "sensitive_attributes": [],
          "private": "eyJlMmJmYjczMC1lY2FhLTExZTYtOGY4OC0zNDM2M2JjN2M0YzAiOnsiY3JlYXRlIjoxODAwMDAwMDAwMDAwLCJkZWxldGUiOjYwMDAwMDAwMDAwMH19",
          "dependencies": [
            "aws_efs_file_system.default",
            "aws_security_group.efs-mount-target",
            "data.aws_availability_zones.available",
            "module.eks.aws_security_group.node",
            "module.vpc.aws_subnet.private",
            "module.vpc.aws_vpc.this",
            "module.vpc.aws_vpc_ipv4_cidr_block_association.this",
            "random_id.random_string"
          ]
        }
      ]
    },
    {
      "mode": "managed",
      "type": "aws_eks_node_group",
      "name": "controller-node-group-2",
      "provider": "provider[\"registry.terraform.io/hashicorp/aws\"]",
      "instances": [
        {
          "schema_version": 0,
          "attributes": {
            "ami_type": "AL2023_x86_64_STANDARD",
            "arn": "arn:aws:eks:us-east-1:533267434488:nodegroup/github-arc-rta/controller-node-group-2/66cb8951-7854-eb50-4584-d8c413371708",
            "capacity_type": "ON_DEMAND",
            "cluster_name": "github-arc-rta",
            "disk_size": 20,
            "force_update_version": null,
            "id": "github-arc-rta:controller-node-group-2",
            "instance_types": [
              "t3.medium"
            ],
            "labels": {
              "controller-node": "true"
            },
            "launch_template": [],
            "node_group_name": "controller-node-group-2",
            "node_group_name_prefix": "",
            "node_repair_config": [],
            "node_role_arn": "arn:aws:iam::533267434488:role/github-arc-rta-eks-worker-role",
            "release_version": "1.30.11-20250519",
            "remote_access": [],
            "resources": [
              {
                "autoscaling_groups": [
                  {
                    "name": "eks-controller-node-group-2-66cb8951-7854-eb50-4584-d8c413371708"
                  }
                ],
                "remote_access_security_group_id": ""
              }
            ],
            "scaling_config": [
              {
                "desired_size": 1,
                "max_size": 2,
                "min_size": 1
              }
            ],
            "status": "ACTIVE",
            "subnet_ids": [
              "subnet-010dfaeddf083facd",
              "subnet-0258ba4f11d086470",
              "subnet-0bcf49e5e6a1e478e"
            ],
            "tags": {},
            "tags_all": {},
            "taint": [
              {
                "effect": "NO_SCHEDULE",
                "key": "controller-node",
                "value": "true"
              }
            ],
            "timeouts": null,
            "update_config": [
              {
                "max_unavailable": 1,
                "max_unavailable_percentage": 0
              }
            ],
            "version": "1.30"
          },
          "sensitive_attributes": [],
          "private": "eyJlMmJmYjczMC1lY2FhLTExZTYtOGY4OC0zNDM2M2JjN2M0YzAiOnsiY3JlYXRlIjozNjAwMDAwMDAwMDAwLCJkZWxldGUiOjM2MDAwMDAwMDAwMDAsInVwZGF0ZSI6MzYwMDAwMDAwMDAwMH19",
          "dependencies": [
            "aws_iam_role.eks_worker_role",
            "aws_iam_role.karpenter_node_role",
            "data.aws_availability_zones.available",
            "data.aws_caller_identity.current",
            "data.aws_partition.current",
            "module.eks.aws_cloudwatch_log_group.this",
            "module.eks.aws_eks_access_entry.this",
            "module.eks.aws_eks_access_policy_association.this",
            "module.eks.aws_eks_cluster.this",
            "module.eks.aws_iam_policy.cni_ipv6_policy",
            "module.eks.aws_iam_role.eks_auto",
            "module.eks.aws_iam_role.this",
            "module.eks.aws_iam_role_policy_attachment.this",
            "module.eks.aws_security_group.cluster",
            "module.eks.aws_security_group.node",
            "module.eks.aws_security_group_rule.cluster",
            "module.eks.aws_security_group_rule.node",
            "module.eks.data.aws_caller_identity.current",
            "module.eks.data.aws_iam_policy_document.assume_role_policy",
            "module.eks.data.aws_iam_policy_document.cni_ipv6_policy",
            "module.eks.data.aws_iam_policy_document.node_assume_role_policy",
            "module.eks.data.aws_iam_session_context.current",
            "module.eks.data.aws_partition.current",
            "module.eks.module.kms.aws_kms_external_key.this",
            "module.eks.module.kms.aws_kms_key.this",
            "module.eks.module.kms.aws_kms_replica_external_key.this",
            "module.eks.module.kms.aws_kms_replica_key.this",
            "module.eks.module.kms.data.aws_caller_identity.current",
            "module.eks.module.kms.data.aws_iam_policy_document.this",
            "module.eks.module.kms.data.aws_partition.current",
            "module.vpc.aws_subnet.private",
            "module.vpc.aws_vpc.this",
            "module.vpc.aws_vpc_ipv4_cidr_block_association.this",
            "random_id.random_string"
          ]
        }
      ]
    },
    {
      "mode": "managed",
      "type": "aws_iam_policy",
      "name": "efs_controller",
      "provider": "provider[\"registry.terraform.io/hashicorp/aws\"]",
      "instances": [
        {
          "schema_version": 0,
          "attributes": {
            "arn": "arn:aws:iam::533267434488:policy/github-arc-rta-AWSEFSControllerIAMPolicy",
            "attachment_count": 1,
            "description": "IAM policy for AWS EFS Controller on EKS",
            "id": "arn:aws:iam::533267434488:policy/github-arc-rta-AWSEFSControllerIAMPolicy",
            "name": "github-arc-rta-AWSEFSControllerIAMPolicy",
            "name_prefix": "",
            "path": "/",
            "policy": "{\"Statement\":[{\"Action\":[\"elasticfilesystem:DescribeAccessPoints\",\"elasticfilesystem:\",\"elasticfilesystem:DescribeFileSystems\",\"elasticfilesystem:TagResource\"],\"Effect\":\"Allow\",\"Resource\":\"*\"},{\"Action\":[\"elasticfilesystem:CreateAccessPoint\"],\"Condition\":{\"StringLike\":{\"aws:RequestTag/efs.csi.aws.com/cluster\":\"true\"}},\"Effect\":\"Allow\",\"Resource\":\"*\"},{\"Action\":\"elasticfilesystem:DeleteAccessPoint\",\"Condition\":{\"StringEquals\":{\"aws:ResourceTag/efs.csi.aws.com/cluster\":\"true\"}},\"Effect\":\"Allow\",\"Resource\":\"*\"},{\"Action\":[\"elasticfilesystem:ClientWrite\",\"elasticfilesystem:ClientMount\"],\"Effect\":\"Allow\",\"Resource\":\"*\"}],\"Version\":\"2012-10-17\"}",
            "policy_id": "ANPAXYKJXJP4DISLQ6M6K",
            "tags": {},
            "tags_all": {}
          },
          "sensitive_attributes": [],
          "private": "bnVsbA==",
          "dependencies": [
            "random_id.random_string"
          ]
        }
      ]
    },
    {
      "mode": "managed",
      "type": "aws_iam_policy",
      "name": "karpenter_controller_policy",
      "provider": "provider[\"registry.terraform.io/hashicorp/aws\"]",
      "instances": [
        {
          "schema_version": 0,
          "attributes": {
            "arn": "arn:aws:iam::533267434488:policy/KarpenterControllerPolicy-github-arc-rta",
            "attachment_count": 1,
            "description": "",
            "id": "arn:aws:iam::533267434488:policy/KarpenterControllerPolicy-github-arc-rta",
            "name": "KarpenterControllerPolicy-github-arc-rta",
            "name_prefix": "",
            "path": "/",
            "policy": "{\"Statement\":[{\"Action\":[\"ssm:GetParameter\",\"ec2:DescribeImages\",\"ec2:RunInstances\",\"ec2:DescribeSubnets\",\"ec2:DescribeSecurityGroups\",\"ec2:DescribeLaunchTemplates\",\"ec2:DescribeInstances\",\"ec2:DescribeInstanceTypes\",\"ec2:DescribeInstanceTypeOfferings\",\"ec2:DeleteLaunchTemplate\",\"ec2:CreateTags\",\"ec2:CreateLaunchTemplate\",\"ec2:CreateFleet\",\"ec2:DescribeSpotPriceHistory\",\"pricing:GetProducts\"],\"Effect\":\"Allow\",\"Resource\":\"*\",\"Sid\":\"Karpenter\"},{\"Action\":\"ec2:TerminateInstances\",\"Condition\":{\"StringLike\":{\"ec2:ResourceTag/karpenter.sh/nodepool\":\"*\"}},\"Effect\":\"Allow\",\"Resource\":\"*\",\"Sid\":\"ConditionalEC2Termination\"},{\"Action\":\"iam:PassRole\",\"Effect\":\"Allow\",\"Resource\":\"arn:aws:iam::533267434488:role/KarpenterNodeRole-github-arc-rta\",\"Sid\":\"PassNodeIAMRole\"},{\"Action\":\"eks:DescribeCluster\",\"Effect\":\"Allow\",\"Resource\":\"arn:aws:eks:us-east-1:533267434488:cluster/github-arc-rta\",\"Sid\":\"EKSClusterEndpointLookup\"},{\"Action\":\"iam:CreateInstanceProfile\",\"Condition\":{\"StringEquals\":{\"aws:RequestTag/kubernetes.io/cluster/github-arc-rta\":\"owned\",\"aws:RequestTag/topology.kubernetes.io/region\":\"us-east-1\"},\"StringLike\":{\"aws:RequestTag/karpenter.k8s.aws/ec2nodeclass\":\"*\"}},\"Effect\":\"Allow\",\"Resource\":\"*\",\"Sid\":\"AllowScopedInstanceProfileCreationActions\"},{\"Action\":\"iam:TagInstanceProfile\",\"Condition\":{\"StringEquals\":{\"aws:RequestTag/kubernetes.io/cluster/github-arc-rta\":\"owned\",\"aws:RequestTag/topology.kubernetes.io/region\":\"us-east-1\",\"aws:ResourceTag/kubernetes.io/cluster/github-arc-rta\":\"owned\",\"aws:ResourceTag/topology.kubernetes.io/region\":\"us-east-1\"},\"StringLike\":{\"aws:RequestTag/karpenter.k8s.aws/ec2nodeclass\":\"*\",\"aws:ResourceTag/karpenter.k8s.aws/ec2nodeclass\":\"*\"}},\"Effect\":\"Allow\",\"Resource\":\"*\",\"Sid\":\"AllowScopedInstanceProfileTagActions\"},{\"Action\":[\"iam:AddRoleToInstanceProfile\",\"iam:RemoveRoleFromInstanceProfile\",\"iam:DeleteInstanceProfile\"],\"Condition\":{\"StringEquals\":{\"aws:ResourceTag/kubernetes.io/cluster/github-arc-rta\":\"owned\",\"aws:ResourceTag/topology.kubernetes.io/region\":\"us-east-1\"},\"StringLike\":{\"aws:ResourceTag/karpenter.k8s.aws/ec2nodeclass\":\"*\"}},\"Effect\":\"Allow\",\"Resource\":\"*\",\"Sid\":\"AllowScopedInstanceProfileActions\"},{\"Action\":\"iam:GetInstanceProfile\",\"Effect\":\"Allow\",\"Resource\":\"*\",\"Sid\":\"AllowInstanceProfileReadActions\"}],\"Version\":\"2012-10-17\"}",
            "policy_id": "ANPAXYKJXJP4HAD34Y7D4",
            "tags": {},
            "tags_all": {}
          },
          "sensitive_attributes": [],
          "private": "bnVsbA==",
          "dependencies": [
            "aws_iam_role.karpenter_node_role",
            "data.aws_availability_zones.available",
            "data.aws_caller_identity.current",
            "data.aws_partition.current",
            "module.eks.aws_cloudwatch_log_group.this",
            "module.eks.aws_eks_access_entry.this",
            "module.eks.aws_eks_access_policy_association.this",
            "module.eks.aws_eks_cluster.this",
            "module.eks.aws_iam_policy.cni_ipv6_policy",
            "module.eks.aws_iam_role.eks_auto",
            "module.eks.aws_iam_role.this",
            "module.eks.aws_iam_role_policy_attachment.this",
            "module.eks.aws_security_group.cluster",
            "module.eks.aws_security_group.node",
            "module.eks.aws_security_group_rule.cluster",
            "module.eks.aws_security_group_rule.node",
            "module.eks.data.aws_caller_identity.current",
            "module.eks.data.aws_iam_policy_document.assume_role_policy",
            "module.eks.data.aws_iam_policy_document.cni_ipv6_policy",
            "module.eks.data.aws_iam_policy_document.node_assume_role_policy",
            "module.eks.data.aws_iam_session_context.current",
            "module.eks.data.aws_partition.current",
            "module.eks.module.kms.aws_kms_external_key.this",
            "module.eks.module.kms.aws_kms_key.this",
            "module.eks.module.kms.aws_kms_replica_external_key.this",
            "module.eks.module.kms.aws_kms_replica_key.this",
            "module.eks.module.kms.data.aws_caller_identity.current",
            "module.eks.module.kms.data.aws_iam_policy_document.this",
            "module.eks.module.kms.data.aws_partition.current",
            "module.vpc.aws_subnet.private",
            "module.vpc.aws_vpc.this",
            "module.vpc.aws_vpc_ipv4_cidr_block_association.this",
            "random_id.random_string"
          ]
        }
      ]
    },
    {
      "mode": "managed",
      "type": "aws_iam_role",
      "name": "efs_role",
      "provider": "provider[\"registry.terraform.io/hashicorp/aws\"]",
      "instances": [
        {
          "schema_version": 0,
          "attributes": {
            "arn": "arn:aws:iam::533267434488:role/github-arc-rta-efs_role",
            "assume_role_policy": "{\"Statement\":[{\"Action\":\"sts:AssumeRoleWithWebIdentity\",\"Condition\":{\"StringLike\":{\"oidc.eks.us-east-1.amazonaws.com/id/FBEC9CB72DCD24B220482649E68D199F:aud\":\"sts.amazonaws.com\",\"oidc.eks.us-east-1.amazonaws.com/id/FBEC9CB72DCD24B220482649E68D199F:sub\":\"system:serviceaccount:kube-system:efs-csi-*\"}},\"Effect\":\"Allow\",\"Principal\":{\"Federated\":\"arn:aws:iam::533267434488:oidc-provider/oidc.eks.us-east-1.amazonaws.com/id/FBEC9CB72DCD24B220482649E68D199F\"}}],\"Version\":\"2012-10-17\"}",
            "create_date": "2025-05-27T16:45:55Z",
            "description": "",
            "force_detach_policies": false,
            "id": "github-arc-rta-efs_role",
            "inline_policy": [],
            "managed_policy_arns": [
              "arn:aws:iam::533267434488:policy/github-arc-rta-AWSEFSControllerIAMPolicy"
            ],
            "max_session_duration": 3600,
            "name": "github-arc-rta-efs_role",
            "name_prefix": "",
            "path": "/",
            "permissions_boundary": "",
            "tags": {},
            "tags_all": {},
            "unique_id": "AROAXYKJXJP4IXZIDXX5Y"
          },
          "sensitive_attributes": [],
          "private": "bnVsbA==",
          "dependencies": [
            "data.aws_availability_zones.available",
            "data.aws_caller_identity.current",
            "module.eks.aws_cloudwatch_log_group.this",
            "module.eks.aws_eks_cluster.this",
            "module.eks.aws_iam_policy.cni_ipv6_policy",
            "module.eks.aws_iam_role.eks_auto",
            "module.eks.aws_iam_role.this",
            "module.eks.aws_iam_role_policy_attachment.this",
            "module.eks.aws_security_group.cluster",
            "module.eks.aws_security_group.node",
            "module.eks.aws_security_group_rule.cluster",
            "module.eks.aws_security_group_rule.node",
            "module.eks.data.aws_caller_identity.current",
            "module.eks.data.aws_iam_policy_document.assume_role_policy",
            "module.eks.data.aws_iam_policy_document.cni_ipv6_policy",
            "module.eks.data.aws_iam_policy_document.node_assume_role_policy",
            "module.eks.data.aws_iam_session_context.current",
            "module.eks.data.aws_partition.current",
            "module.eks.module.kms.aws_kms_external_key.this",
            "module.eks.module.kms.aws_kms_key.this",
            "module.eks.module.kms.aws_kms_replica_external_key.this",
            "module.eks.module.kms.aws_kms_replica_key.this",
            "module.eks.module.kms.data.aws_caller_identity.current",
            "module.eks.module.kms.data.aws_iam_policy_document.this",
            "module.eks.module.kms.data.aws_partition.current",
            "module.vpc.aws_subnet.private",
            "module.vpc.aws_vpc.this",
            "module.vpc.aws_vpc_ipv4_cidr_block_association.this",
            "random_id.random_string"
          ]
        }
      ]
    },
    {
      "mode": "managed",
      "type": "aws_iam_role",
      "name": "eks_worker_role",
      "provider": "provider[\"registry.terraform.io/hashicorp/aws\"]",
      "instances": [
        {
          "schema_version": 0,
          "attributes": {
            "arn": "arn:aws:iam::533267434488:role/github-arc-rta-eks-worker-role",
            "assume_role_policy": "{\"Statement\":[{\"Action\":\"sts:AssumeRole\",\"Effect\":\"Allow\",\"Principal\":{\"Service\":\"ec2.amazonaws.com\"}}],\"Version\":\"2012-10-17\"}",
            "create_date": "2025-05-27T16:35:39Z",
            "description": "",
            "force_detach_policies": false,
            "id": "github-arc-rta-eks-worker-role",
            "inline_policy": [],
            "managed_policy_arns": [
              "arn:aws:iam::aws:policy/AmazonEC2ContainerRegistryReadOnly",
              "arn:aws:iam::aws:policy/AmazonEKSWorkerNodePolicy",
              "arn:aws:iam::aws:policy/AmazonEKS_CNI_Policy",
              "arn:aws:iam::aws:policy/AmazonSSMManagedInstanceCore"
            ],
            "max_session_duration": 3600,
            "name": "github-arc-rta-eks-worker-role",
            "name_prefix": "",
            "path": "/",
            "permissions_boundary": "",
            "tags": {},
            "tags_all": {},
            "unique_id": "AROAXYKJXJP4GG7MYLQCF"
          },
          "sensitive_attributes": [],
          "private": "bnVsbA==",
          "dependencies": [
            "random_id.random_string"
          ]
        }
      ]
    },
    {
      "mode": "managed",
      "type": "aws_iam_role",
      "name": "karpenter_controller_role",
      "provider": "provider[\"registry.terraform.io/hashicorp/aws\"]",
      "instances": [
        {
          "schema_version": 0,
          "attributes": {
            "arn": "arn:aws:iam::533267434488:role/KarpenterControllerRole-github-arc-rta",
            "assume_role_policy": "{\"Statement\":[{\"Action\":\"sts:AssumeRoleWithWebIdentity\",\"Condition\":{\"StringEquals\":{\"oidc.eks.us-east-1.amazonaws.com/id/FBEC9CB72DCD24B220482649E68D199F:aud\":\"sts.amazonaws.com\",\"oidc.eks.us-east-1.amazonaws.com/id/FBEC9CB72DCD24B220482649E68D199F:sub\":\"system:serviceaccount:karpenter:karpenter\"}},\"Effect\":\"Allow\",\"Principal\":{\"Federated\":\"arn:aws:iam::533267434488:oidc-provider/oidc.eks.us-east-1.amazonaws.com/id/FBEC9CB72DCD24B220482649E68D199F\"}}],\"Version\":\"2012-10-17\"}",
            "create_date": "2025-05-27T16:45:57Z",
            "description": "",
            "force_detach_policies": false,
            "id": "KarpenterControllerRole-github-arc-rta",
            "inline_policy": [],
            "managed_policy_arns": [
              "arn:aws:iam::533267434488:policy/KarpenterControllerPolicy-github-arc-rta"
            ],
            "max_session_duration": 3600,
            "name": "KarpenterControllerRole-github-arc-rta",
            "name_prefix": "",
            "path": "/",
            "permissions_boundary": "",
            "tags": {},
            "tags_all": {},
            "unique_id": "AROAXYKJXJP4BODNXPUNW"
          },
          "sensitive_attributes": [],
          "private": "bnVsbA==",
          "dependencies": [
            "aws_iam_role.karpenter_node_role",
            "data.aws_availability_zones.available",
            "data.aws_caller_identity.current",
            "data.aws_partition.current",
            "module.eks.aws_cloudwatch_log_group.this",
            "module.eks.aws_eks_access_entry.this",
            "module.eks.aws_eks_access_policy_association.this",
            "module.eks.aws_eks_cluster.this",
            "module.eks.aws_iam_policy.cni_ipv6_policy",
            "module.eks.aws_iam_role.eks_auto",
            "module.eks.aws_iam_role.this",
            "module.eks.aws_iam_role_policy_attachment.this",
            "module.eks.aws_security_group.cluster",
            "module.eks.aws_security_group.node",
            "module.eks.aws_security_group_rule.cluster",
            "module.eks.aws_security_group_rule.node",
            "module.eks.data.aws_caller_identity.current",
            "module.eks.data.aws_iam_policy_document.assume_role_policy",
            "module.eks.data.aws_iam_policy_document.cni_ipv6_policy",
            "module.eks.data.aws_iam_policy_document.node_assume_role_policy",
            "module.eks.data.aws_iam_session_context.current",
            "module.eks.data.aws_partition.current",
            "module.eks.module.kms.aws_kms_external_key.this",
            "module.eks.module.kms.aws_kms_key.this",
            "module.eks.module.kms.aws_kms_replica_external_key.this",
            "module.eks.module.kms.aws_kms_replica_key.this",
            "module.eks.module.kms.data.aws_caller_identity.current",
            "module.eks.module.kms.data.aws_iam_policy_document.this",
            "module.eks.module.kms.data.aws_partition.current",
            "module.vpc.aws_subnet.private",
            "module.vpc.aws_vpc.this",
            "module.vpc.aws_vpc_ipv4_cidr_block_association.this",
            "random_id.random_string"
          ]
        }
      ]
    },
    {
      "mode": "managed",
      "type": "aws_iam_role",
      "name": "karpenter_node_role",
      "provider": "provider[\"registry.terraform.io/hashicorp/aws\"]",
      "instances": [
        {
          "schema_version": 0,
          "attributes": {
            "arn": "arn:aws:iam::533267434488:role/KarpenterNodeRole-github-arc-rta",
            "assume_role_policy": "{\"Statement\":[{\"Action\":\"sts:AssumeRole\",\"Effect\":\"Allow\",\"Principal\":{\"Service\":\"ec2.amazonaws.com\"}}],\"Version\":\"2012-10-17\"}",
            "create_date": "2025-05-27T16:35:39Z",
            "description": "",
            "force_detach_policies": false,
            "id": "KarpenterNodeRole-github-arc-rta",
            "inline_policy": [],
            "managed_policy_arns": [
              "arn:aws:iam::aws:policy/AmazonEC2ContainerRegistryReadOnly",
              "arn:aws:iam::aws:policy/AmazonEKSWorkerNodePolicy",
              "arn:aws:iam::aws:policy/AmazonEKS_CNI_Policy",
              "arn:aws:iam::aws:policy/AmazonSSMManagedInstanceCore"
            ],
            "max_session_duration": 3600,
            "name": "KarpenterNodeRole-github-arc-rta",
            "name_prefix": "",
            "path": "/",
            "permissions_boundary": "",
            "tags": {},
            "tags_all": {},
            "unique_id": "AROAXYKJXJP4F5JFEKONE"
          },
          "sensitive_attributes": [],
          "private": "bnVsbA==",
          "dependencies": [
            "random_id.random_string"
          ]
        }
      ]
    },
    {
      "mode": "managed",
      "type": "aws_iam_role_policy_attachment",
      "name": "eks_cni_policy",
      "provider": "provider[\"registry.terraform.io/hashicorp/aws\"]",
      "instances": [
        {
          "schema_version": 0,
          "attributes": {
            "id": "github-arc-rta-eks-worker-role-20250527163539350600000009",
            "policy_arn": "arn:aws:iam::aws:policy/AmazonEKS_CNI_Policy",
            "role": "github-arc-rta-eks-worker-role"
          },
          "sensitive_attributes": [],
          "private": "bnVsbA==",
          "dependencies": [
            "aws_iam_role.eks_worker_role",
            "random_id.random_string"
          ]
        }
      ]
    },
    {
      "mode": "managed",
      "type": "aws_iam_role_policy_attachment",
      "name": "eks_ecr_readonly_policy",
      "provider": "provider[\"registry.terraform.io/hashicorp/aws\"]",
      "instances": [
        {
          "schema_version": 0,
          "attributes": {
            "id": "github-arc-rta-eks-worker-role-20250527163539330200000007",
            "policy_arn": "arn:aws:iam::aws:policy/AmazonEC2ContainerRegistryReadOnly",
            "role": "github-arc-rta-eks-worker-role"
          },
          "sensitive_attributes": [],
          "private": "bnVsbA==",
          "dependencies": [
            "aws_iam_role.eks_worker_role",
            "random_id.random_string"
          ]
        }
      ]
    },
    {
      "mode": "managed",
      "type": "aws_iam_role_policy_attachment",
      "name": "eks_ssm_policy",
      "provider": "provider[\"registry.terraform.io/hashicorp/aws\"]",
      "instances": [
        {
          "schema_version": 0,
          "attributes": {
            "id": "github-arc-rta-eks-worker-role-2025052716353937640000000a",
            "policy_arn": "arn:aws:iam::aws:policy/AmazonSSMManagedInstanceCore",
            "role": "github-arc-rta-eks-worker-role"
          },
          "sensitive_attributes": [],
          "private": "bnVsbA==",
          "dependencies": [
            "aws_iam_role.eks_worker_role",
            "random_id.random_string"
          ]
        }
      ]
    },
    {
      "mode": "managed",
      "type": "aws_iam_role_policy_attachment",
      "name": "eks_worker_node_policy",
      "provider": "provider[\"registry.terraform.io/hashicorp/aws\"]",
      "instances": [
        {
          "schema_version": 0,
          "attributes": {
            "id": "github-arc-rta-eks-worker-role-20250527163539342200000008",
            "policy_arn": "arn:aws:iam::aws:policy/AmazonEKSWorkerNodePolicy",
            "role": "github-arc-rta-eks-worker-role"
          },
          "sensitive_attributes": [],
          "private": "bnVsbA==",
          "dependencies": [
            "aws_iam_role.eks_worker_role",
            "random_id.random_string"
          ]
        }
      ]
    },
    {
      "mode": "managed",
      "type": "aws_iam_role_policy_attachment",
      "name": "karpenter_controller_policy_attachment",
      "provider": "provider[\"registry.terraform.io/hashicorp/aws\"]",
      "instances": [
        {
          "schema_version": 0,
          "attributes": {
            "id": "KarpenterControllerRole-github-arc-rta-20250527164558054600000017",
            "policy_arn": "arn:aws:iam::533267434488:policy/KarpenterControllerPolicy-github-arc-rta",
            "role": "KarpenterControllerRole-github-arc-rta"
          },
          "sensitive_attributes": [],
          "private": "bnVsbA==",
          "dependencies": [
            "aws_iam_policy.karpenter_controller_policy",
            "aws_iam_role.karpenter_controller_role",
            "aws_iam_role.karpenter_node_role",
            "data.aws_availability_zones.available",
            "data.aws_caller_identity.current",
            "data.aws_partition.current",
            "module.eks.aws_cloudwatch_log_group.this",
            "module.eks.aws_eks_access_entry.this",
            "module.eks.aws_eks_access_policy_association.this",
            "module.eks.aws_eks_cluster.this",
            "module.eks.aws_iam_policy.cni_ipv6_policy",
            "module.eks.aws_iam_role.eks_auto",
            "module.eks.aws_iam_role.this",
            "module.eks.aws_iam_role_policy_attachment.this",
            "module.eks.aws_security_group.cluster",
            "module.eks.aws_security_group.node",
            "module.eks.aws_security_group_rule.cluster",
            "module.eks.aws_security_group_rule.node",
            "module.eks.data.aws_caller_identity.current",
            "module.eks.data.aws_iam_policy_document.assume_role_policy",
            "module.eks.data.aws_iam_policy_document.cni_ipv6_policy",
            "module.eks.data.aws_iam_policy_document.node_assume_role_policy",
            "module.eks.data.aws_iam_session_context.current",
            "module.eks.data.aws_partition.current",
            "module.eks.module.kms.aws_kms_external_key.this",
            "module.eks.module.kms.aws_kms_key.this",
            "module.eks.module.kms.aws_kms_replica_external_key.this",
            "module.eks.module.kms.aws_kms_replica_key.this",
            "module.eks.module.kms.data.aws_caller_identity.current",
            "module.eks.module.kms.data.aws_iam_policy_document.this",
            "module.eks.module.kms.data.aws_partition.current",
            "module.vpc.aws_subnet.private",
            "module.vpc.aws_vpc.this",
            "module.vpc.aws_vpc_ipv4_cidr_block_association.this",
            "random_id.random_string"
          ]
        }
      ]
    },
    {
      "mode": "managed",
      "type": "aws_iam_role_policy_attachment",
      "name": "karpenter_node_policy",
      "provider": "provider[\"registry.terraform.io/hashicorp/aws\"]",
      "instances": [
        {
          "index_key": 0,
          "schema_version": 0,
          "attributes": {
            "id": "KarpenterNodeRole-github-arc-rta-20250527163539276300000006",
            "policy_arn": "arn:aws:iam::aws:policy/AmazonEKSWorkerNodePolicy",
            "role": "KarpenterNodeRole-github-arc-rta"
          },
          "sensitive_attributes": [],
          "private": "bnVsbA==",
          "dependencies": [
            "aws_iam_role.karpenter_node_role",
            "data.aws_partition.current",
            "random_id.random_string"
          ]
        },
        {
          "index_key": 1,
          "schema_version": 0,
          "attributes": {
            "id": "KarpenterNodeRole-github-arc-rta-20250527163539275700000005",
            "policy_arn": "arn:aws:iam::aws:policy/AmazonEKS_CNI_Policy",
            "role": "KarpenterNodeRole-github-arc-rta"
          },
          "sensitive_attributes": [],
          "private": "bnVsbA==",
          "dependencies": [
            "aws_iam_role.karpenter_node_role",
            "data.aws_partition.current",
            "random_id.random_string"
          ]
        },
        {
          "index_key": 2,
          "schema_version": 0,
          "attributes": {
            "id": "KarpenterNodeRole-github-arc-rta-20250527163539269800000004",
            "policy_arn": "arn:aws:iam::aws:policy/AmazonEC2ContainerRegistryReadOnly",
            "role": "KarpenterNodeRole-github-arc-rta"
          },
          "sensitive_attributes": [],
          "private": "bnVsbA==",
          "dependencies": [
            "aws_iam_role.karpenter_node_role",
            "data.aws_partition.current",
            "random_id.random_string"
          ]
        },
        {
          "index_key": 3,
          "schema_version": 0,
          "attributes": {
            "id": "KarpenterNodeRole-github-arc-rta-20250527163539268600000003",
            "policy_arn": "arn:aws:iam::aws:policy/AmazonSSMManagedInstanceCore",
            "role": "KarpenterNodeRole-github-arc-rta"
          },
          "sensitive_attributes": [],
          "private": "bnVsbA==",
          "dependencies": [
            "aws_iam_role.karpenter_node_role",
            "data.aws_partition.current",
            "random_id.random_string"
          ]
        }
      ]
    },
    {
      "mode": "managed",
      "type": "aws_iam_role_policy_attachment",
      "name": "lb_controller_attach",
      "provider": "provider[\"registry.terraform.io/hashicorp/aws\"]",
      "instances": [
        {
          "schema_version": 0,
          "attributes": {
            "id": "github-arc-rta-efs_role-20250527164556184000000015",
            "policy_arn": "arn:aws:iam::533267434488:policy/github-arc-rta-AWSEFSControllerIAMPolicy",
            "role": "github-arc-rta-efs_role"
          },
          "sensitive_attributes": [],
          "private": "bnVsbA==",
          "dependencies": [
            "aws_iam_policy.efs_controller",
            "aws_iam_role.efs_role",
            "data.aws_availability_zones.available",
            "data.aws_caller_identity.current",
            "module.eks.aws_cloudwatch_log_group.this",
            "module.eks.aws_eks_cluster.this",
            "module.eks.aws_iam_policy.cni_ipv6_policy",
            "module.eks.aws_iam_role.eks_auto",
            "module.eks.aws_iam_role.this",
            "module.eks.aws_iam_role_policy_attachment.this",
            "module.eks.aws_security_group.cluster",
            "module.eks.aws_security_group.node",
            "module.eks.aws_security_group_rule.cluster",
            "module.eks.aws_security_group_rule.node",
            "module.eks.data.aws_caller_identity.current",
            "module.eks.data.aws_iam_policy_document.assume_role_policy",
            "module.eks.data.aws_iam_policy_document.cni_ipv6_policy",
            "module.eks.data.aws_iam_policy_document.node_assume_role_policy",
            "module.eks.data.aws_iam_session_context.current",
            "module.eks.data.aws_partition.current",
            "module.eks.module.kms.aws_kms_external_key.this",
            "module.eks.module.kms.aws_kms_key.this",
            "module.eks.module.kms.aws_kms_replica_external_key.this",
            "module.eks.module.kms.aws_kms_replica_key.this",
            "module.eks.module.kms.data.aws_caller_identity.current",
            "module.eks.module.kms.data.aws_iam_policy_document.this",
            "module.eks.module.kms.data.aws_partition.current",
            "module.vpc.aws_subnet.private",
            "module.vpc.aws_vpc.this",
            "module.vpc.aws_vpc_ipv4_cidr_block_association.this",
            "random_id.random_string"
          ]
        }
      ]
    },
    {
      "mode": "managed",
      "type": "aws_security_group",
      "name": "efs-mount-target",
      "provider": "provider[\"registry.terraform.io/hashicorp/aws\"]",
      "instances": [
        {
          "schema_version": 1,
          "attributes": {
            "arn": "arn:aws:ec2:us-east-1:533267434488:security-group/sg-0e8ded51c55b718a9",
            "description": "Allow worker nodes to mount the mount target",
            "egress": [
              {
                "cidr_blocks": [
                  "0.0.0.0/0"
                ],
                "description": "",
                "from_port": 0,
                "ipv6_cidr_blocks": [
                  "::/0"
                ],
                "prefix_list_ids": [],
                "protocol": "-1",
                "security_groups": [],
                "self": false,
                "to_port": 0
              }
            ],
            "id": "sg-0e8ded51c55b718a9",
            "ingress": [
              {
                "cidr_blocks": [],
                "description": "",
                "from_port": 2049,
                "ipv6_cidr_blocks": [],
                "prefix_list_ids": [],
                "protocol": "tcp",
                "security_groups": [
                  "sg-00aeee10ac8c050c0"
                ],
                "self": false,
                "to_port": 2049
              }
            ],
            "name": "github-arc-rta-efs-mount-target",
            "name_prefix": "",
            "owner_id": "533267434488",
            "revoke_rules_on_delete": false,
            "tags": {
              "Name": "github-arc-rta-efs-mount-target"
            },
            "tags_all": {
              "Name": "github-arc-rta-efs-mount-target"
            },
            "timeouts": null,
            "vpc_id": "vpc-0d8bda893d1d6eea9"
          },
          "sensitive_attributes": [],
          "private": "eyJlMmJmYjczMC1lY2FhLTExZTYtOGY4OC0zNDM2M2JjN2M0YzAiOnsiY3JlYXRlIjo2MDAwMDAwMDAwMDAsImRlbGV0ZSI6OTAwMDAwMDAwMDAwfSwic2NoZW1hX3ZlcnNpb24iOiIxIn0=",
          "dependencies": [
            "module.eks.aws_security_group.node",
            "module.vpc.aws_vpc.this",
            "random_id.random_string"
          ]
        }
      ]
    },
    {
      "mode": "managed",
      "type": "helm_release",
      "name": "arc",
      "provider": "provider[\"registry.terraform.io/hashicorp/helm\"]",
      "instances": [
        {
          "schema_version": 1,
          "attributes": {
            "atomic": false,
            "chart": "gha-runner-scale-set-controller",
            "cleanup_on_fail": false,
            "create_namespace": true,
            "dependency_update": false,
            "description": null,
            "devel": null,
            "disable_crd_hooks": false,
            "disable_openapi_validation": false,
            "disable_webhooks": false,
            "force_update": false,
            "id": "arc",
            "keyring": null,
            "lint": false,
            "manifest": null,
            "max_history": 0,
            "metadata": [
              {
                "app_version": "0.11.0",
                "chart": "gha-runner-scale-set-controller",
                "first_deployed": 1748368829,
                "last_deployed": 1748368829,
                "name": "arc",
                "namespace": "arc-systems",
                "notes": "Thank you for installing gha-runner-scale-set-controller.\n\nYour release is named arc.\n",
                "revision": 1,
                "values": "{\"nodeSelector\":{\"controller-node\":\"true\"},\"tolerations\":[{\"effect\":\"NoSchedule\",\"key\":\"controller-node\",\"operator\":\"Equal\",\"value\":\"true\"}]}",
                "version": "0.11.0"
              }
            ],
            "name": "arc",
            "namespace": "arc-systems",
            "pass_credentials": false,
            "postrender": [],
            "recreate_pods": false,
            "render_subchart_notes": true,
            "replace": false,
            "repository": "oci://ghcr.io/actions/actions-runner-controller-charts",
            "repository_ca_file": null,
            "repository_cert_file": null,
            "repository_key_file": null,
            "repository_password": null,
            "repository_username": null,
            "reset_values": false,
            "reuse_values": false,
            "set": [],
            "set_list": [],
            "set_sensitive": [],
            "skip_crds": false,
            "status": "deployed",
            "timeout": 300,
            "upgrade_install": null,
            "values": [
              "nodeSelector:\n  controller-node: \"true\"\n\ntolerations:\n- key: \"controller-node\"\n  operator: \"Equal\"\n  value: \"true\"\n  effect: \"NoSchedule\"\n"
            ],
            "verify": false,
            "version": "0.11.0",
            "wait": true,
            "wait_for_jobs": false
          },
          "sensitive_attributes": [
            [
              {
                "type": "get_attr",
                "value": "repository_password"
              }
            ]
          ],
          "private": "eyJzY2hlbWFfdmVyc2lvbiI6IjEifQ==",
          "dependencies": [
            "aws_iam_role.karpenter_node_role",
            "data.aws_availability_zones.available",
            "data.aws_caller_identity.current",
            "data.aws_eks_cluster_auth.this",
            "data.aws_partition.current",
            "module.eks.aws_cloudwatch_log_group.this",
            "module.eks.aws_eks_access_entry.this",
            "module.eks.aws_eks_access_policy_association.this",
            "module.eks.aws_eks_cluster.this",
            "module.eks.aws_iam_policy.cni_ipv6_policy",
            "module.eks.aws_iam_role.eks_auto",
            "module.eks.aws_iam_role.this",
            "module.eks.aws_iam_role_policy_attachment.this",
            "module.eks.aws_security_group.cluster",
            "module.eks.aws_security_group.node",
            "module.eks.aws_security_group_rule.cluster",
            "module.eks.aws_security_group_rule.node",
            "module.eks.data.aws_caller_identity.current",
            "module.eks.data.aws_iam_policy_document.assume_role_policy",
            "module.eks.data.aws_iam_policy_document.cni_ipv6_policy",
            "module.eks.data.aws_iam_policy_document.node_assume_role_policy",
            "module.eks.data.aws_iam_session_context.current",
            "module.eks.data.aws_partition.current",
            "module.eks.module.kms.aws_kms_external_key.this",
            "module.eks.module.kms.aws_kms_key.this",
            "module.eks.module.kms.aws_kms_replica_external_key.this",
            "module.eks.module.kms.aws_kms_replica_key.this",
            "module.eks.module.kms.data.aws_caller_identity.current",
            "module.eks.module.kms.data.aws_iam_policy_document.this",
            "module.eks.module.kms.data.aws_partition.current",
            "module.vpc.aws_subnet.private",
            "module.vpc.aws_vpc.this",
            "module.vpc.aws_vpc_ipv4_cidr_block_association.this",
            "random_id.random_string"
          ]
        }
      ]
    },
    {
      "mode": "managed",
      "type": "helm_release",
      "name": "karpenter",
      "provider": "provider[\"registry.terraform.io/hashicorp/helm\"]",
      "instances": [
        {
          "schema_version": 1,
          "attributes": {
            "atomic": false,
            "chart": "karpenter",
            "cleanup_on_fail": false,
            "create_namespace": true,
            "dependency_update": false,
            "description": null,
            "devel": null,
            "disable_crd_hooks": false,
            "disable_openapi_validation": false,
            "disable_webhooks": false,
            "force_update": false,
            "id": "karpenter",
            "keyring": null,
            "lint": false,
            "manifest": null,
            "max_history": 0,
            "metadata": [
              {
                "app_version": "1.5.0",
                "chart": "karpenter",
                "first_deployed": 1748364882,
                "last_deployed": 1748364882,
                "name": "karpenter",
                "namespace": "karpenter",
                "notes": "",
                "revision": 1,
                "values": "{\"controller\":{\"resources\":{\"limits\":{\"cpu\":\"2\",\"memory\":\"2Gi\"},\"requests\":{\"cpu\":\"1\",\"memory\":\"1Gi\"}}},\"dnsPolicy\":\"Default\",\"logLevel\":\"debug\",\"replicas\":1,\"serviceAccount\":{\"annotations\":{\"eks.amazonaws.com/role-arn\":\"arn:aws:iam::533267434488:role/KarpenterControllerRole-github-arc-rta\"}},\"settings\":{\"clusterName\":\"github-arc-rta\"},\"tolerations\":[{\"effect\":\"NoSchedule\",\"key\":\"controller-node\",\"operator\":\"Equal\",\"value\":\"true\"}]}",
                "version": "1.5.0"
              }
            ],
            "name": "karpenter",
            "namespace": "karpenter",
            "pass_credentials": false,
            "postrender": [],
            "recreate_pods": false,
            "render_subchart_notes": true,
            "replace": false,
            "repository": "oci://public.ecr.aws/karpenter",
            "repository_ca_file": null,
            "repository_cert_file": null,
            "repository_key_file": null,
            "repository_password": null,
            "repository_username": null,
            "reset_values": false,
            "reuse_values": false,
            "set": [],
            "set_list": [],
            "set_sensitive": [],
            "skip_crds": false,
            "status": "deployed",
            "timeout": 300,
            "upgrade_install": null,
            "values": [
              "settings:\n  clusterName: github-arc-rta\n\nserviceAccount:\n  annotations:\n    eks.amazonaws.com/role-arn: arn:aws:iam::533267434488:role/KarpenterControllerRole-github-arc-rta\n\ncontroller:\n  resources:\n    requests:\n      cpu: \"1\"\n      memory: \"1Gi\"\n    limits:\n      cpu: \"2\"\n      memory: \"2Gi\"\n\nreplicas: 1\n\ntolerations:\n  - key: \"controller-node\"\n    operator: \"Equal\"\n    value: \"true\"\n    effect: \"NoSchedule\"\n\nlogLevel: debug\n\ndnsPolicy: Default\n"
            ],
            "verify": false,
            "version": "1.5.0",
            "wait": true,
            "wait_for_jobs": false
          },
          "sensitive_attributes": [
            [
              {
                "type": "get_attr",
                "value": "repository_password"
              }
            ]
          ],
          "private": "eyJzY2hlbWFfdmVyc2lvbiI6IjEifQ==",
          "dependencies": [
            "aws_iam_role.efs_role",
            "aws_iam_role.karpenter_controller_role",
            "aws_iam_role.karpenter_node_role",
            "data.aws_availability_zones.available",
            "data.aws_caller_identity.current",
            "data.aws_eks_cluster_auth.this",
            "data.aws_partition.current",
            "kubernetes_namespace_v1.karpenter",
            "module.eks.aws_cloudwatch_log_group.this",
            "module.eks.aws_ec2_tag.cluster_primary_security_group",
            "module.eks.aws_eks_access_entry.this",
            "module.eks.aws_eks_access_policy_association.this",
            "module.eks.aws_eks_addon.before_compute",
            "module.eks.aws_eks_addon.this",
            "module.eks.aws_eks_cluster.this",
            "module.eks.aws_eks_identity_provider_config.this",
            "module.eks.aws_iam_openid_connect_provider.oidc_provider",
            "module.eks.aws_iam_policy.cluster_encryption",
            "module.eks.aws_iam_policy.cni_ipv6_policy",
            "module.eks.aws_iam_policy.custom",
            "module.eks.aws_iam_role.eks_auto",
            "module.eks.aws_iam_role.this",
            "module.eks.aws_iam_role_policy_attachment.additional",
            "module.eks.aws_iam_role_policy_attachment.cluster_encryption",
            "module.eks.aws_iam_role_policy_attachment.custom",
            "module.eks.aws_iam_role_policy_attachment.eks_auto",
            "module.eks.aws_iam_role_policy_attachment.eks_auto_additional",
            "module.eks.aws_iam_role_policy_attachment.this",
            "module.eks.aws_security_group.cluster",
            "module.eks.aws_security_group.node",
            "module.eks.aws_security_group_rule.cluster",
            "module.eks.aws_security_group_rule.node",
            "module.eks.data.aws_caller_identity.current",
            "module.eks.data.aws_eks_addon_version.this",
            "module.eks.data.aws_iam_policy_document.assume_role_policy",
            "module.eks.data.aws_iam_policy_document.cni_ipv6_policy",
            "module.eks.data.aws_iam_policy_document.custom",
            "module.eks.data.aws_iam_policy_document.node_assume_role_policy",
            "module.eks.data.aws_iam_session_context.current",
            "module.eks.data.aws_partition.current",
            "module.eks.data.tls_certificate.this",
            "module.eks.module.eks_managed_node_group.aws_autoscaling_schedule.this",
            "module.eks.module.eks_managed_node_group.aws_eks_node_group.this",
            "module.eks.module.eks_managed_node_group.aws_iam_role.this",
            "module.eks.module.eks_managed_node_group.aws_iam_role_policy.this",
            "module.eks.module.eks_managed_node_group.aws_iam_role_policy_attachment.additional",
            "module.eks.module.eks_managed_node_group.aws_iam_role_policy_attachment.this",
            "module.eks.module.eks_managed_node_group.aws_launch_template.this",
            "module.eks.module.eks_managed_node_group.aws_placement_group.this",
            "module.eks.module.eks_managed_node_group.data.aws_caller_identity.current",
            "module.eks.module.eks_managed_node_group.data.aws_ec2_instance_type.this",
            "module.eks.module.eks_managed_node_group.data.aws_ec2_instance_type_offerings.this",
            "module.eks.module.eks_managed_node_group.data.aws_iam_policy_document.assume_role_policy",
            "module.eks.module.eks_managed_node_group.data.aws_iam_policy_document.role",
            "module.eks.module.eks_managed_node_group.data.aws_partition.current",
            "module.eks.module.eks_managed_node_group.data.aws_ssm_parameter.ami",
            "module.eks.module.eks_managed_node_group.data.aws_subnets.placement_group",
            "module.eks.module.eks_managed_node_group.module.user_data.data.cloudinit_config.al2023_eks_managed_node_group",
            "module.eks.module.eks_managed_node_group.module.user_data.data.cloudinit_config.linux_eks_managed_node_group",
            "module.eks.module.eks_managed_node_group.module.user_data.null_resource.validate_cluster_service_cidr",
            "module.eks.module.fargate_profile.aws_eks_fargate_profile.this",
            "module.eks.module.fargate_profile.aws_iam_role.this",
            "module.eks.module.fargate_profile.aws_iam_role_policy.this",
            "module.eks.module.fargate_profile.aws_iam_role_policy_attachment.additional",
            "module.eks.module.fargate_profile.aws_iam_role_policy_attachment.this",
            "module.eks.module.fargate_profile.data.aws_caller_identity.current",
            "module.eks.module.fargate_profile.data.aws_iam_policy_document.assume_role_policy",
            "module.eks.module.fargate_profile.data.aws_iam_policy_document.role",
            "module.eks.module.fargate_profile.data.aws_partition.current",
            "module.eks.module.fargate_profile.data.aws_region.current",
            "module.eks.module.kms.aws_kms_alias.this",
            "module.eks.module.kms.aws_kms_external_key.this",
            "module.eks.module.kms.aws_kms_grant.this",
            "module.eks.module.kms.aws_kms_key.this",
            "module.eks.module.kms.aws_kms_replica_external_key.this",
            "module.eks.module.kms.aws_kms_replica_key.this",
            "module.eks.module.kms.data.aws_caller_identity.current",
            "module.eks.module.kms.data.aws_iam_policy_document.this",
            "module.eks.module.kms.data.aws_partition.current",
            "module.eks.module.self_managed_node_group.aws_autoscaling_group.this",
            "module.eks.module.self_managed_node_group.aws_autoscaling_schedule.this",
            "module.eks.module.self_managed_node_group.aws_eks_access_entry.this",
            "module.eks.module.self_managed_node_group.aws_iam_instance_profile.this",
            "module.eks.module.self_managed_node_group.aws_iam_role.this",
            "module.eks.module.self_managed_node_group.aws_iam_role_policy.this",
            "module.eks.module.self_managed_node_group.aws_iam_role_policy_attachment.additional",
            "module.eks.module.self_managed_node_group.aws_iam_role_policy_attachment.this",
            "module.eks.module.self_managed_node_group.aws_launch_template.this",
            "module.eks.module.self_managed_node_group.aws_placement_group.this",
            "module.eks.module.self_managed_node_group.data.aws_caller_identity.current",
            "module.eks.module.self_managed_node_group.data.aws_ec2_instance_type.this",
            "module.eks.module.self_managed_node_group.data.aws_ec2_instance_type_offerings.this",
            "module.eks.module.self_managed_node_group.data.aws_iam_policy_document.assume_role_policy",
            "module.eks.module.self_managed_node_group.data.aws_iam_policy_document.role",
            "module.eks.module.self_managed_node_group.data.aws_partition.current",
            "module.eks.module.self_managed_node_group.data.aws_ssm_parameter.ami",
            "module.eks.module.self_managed_node_group.data.aws_subnets.placement_group",
            "module.eks.module.self_managed_node_group.module.user_data.data.cloudinit_config.al2023_eks_managed_node_group",
            "module.eks.module.self_managed_node_group.module.user_data.data.cloudinit_config.linux_eks_managed_node_group",
            "module.eks.module.self_managed_node_group.module.user_data.null_resource.validate_cluster_service_cidr",
            "module.eks.time_sleep.this",
            "module.vpc.aws_subnet.private",
            "module.vpc.aws_vpc.this",
            "module.vpc.aws_vpc_ipv4_cidr_block_association.this",
            "random_id.random_string"
          ]
        }
      ]
    },
    {
      "mode": "managed",
      "type": "kubectl_manifest",
      "name": "karpenter_ec2nodeclass_runner",
      "provider": "provider[\"registry.terraform.io/gavinbunney/kubectl\"]",
      "instances": [
        {
          "schema_version": 1,
          "attributes": {
            "api_version": "karpenter.k8s.aws/v1",
            "apply_only": false,
            "force_conflicts": false,
            "force_new": false,
            "id": "/apis/karpenter.k8s.aws/v1/ec2nodeclasses/runner",
            "ignore_fields": null,
            "kind": "EC2NodeClass",
            "live_manifest_incluster": "0af8d5e8d9a67e2b773fe2ceab9fed6ac31495eb70e952f71b3a1f7f0007f827",
            "live_uid": "7bbcd01b-dfcb-4906-8ad4-504974cd56e1",
            "name": "runner",
            "namespace": null,
            "override_namespace": null,
            "sensitive_fields": null,
            "server_side_apply": false,
            "timeouts": null,
            "uid": "7bbcd01b-dfcb-4906-8ad4-504974cd56e1",
            "validate_schema": true,
            "wait": null,
            "wait_for_rollout": true,
            "yaml_body": "\"apiVersion\": \"karpenter.k8s.aws/v1\"\n\"kind\": \"EC2NodeClass\"\n\"metadata\":\n  \"name\": \"runner\"\n\"spec\":\n  \"amiFamily\": \"AL2023\"\n  \"amiSelectorTerms\":\n  - \"alias\": \"al2023@latest\"\n  \"role\": \"KarpenterNodeRole-github-arc-rta\"\n  \"securityGroupSelectorTerms\":\n  - \"tags\":\n      \"karpenter.sh/discovery\": \"github-arc-rta\"\n  \"subnetSelectorTerms\":\n  - \"tags\":\n      \"karpenter.sh/discovery\": \"github-arc-rta\"\n  \"tags\":\n    \"auto-delete\": \"no\"\n  \"userData\": |\n    #!/bin/bash\n    echo \"net.ipv6.conf.all.disable_ipv6 = 1\" \u003e\u003e /etc/sysctl.conf\n    echo \"net.ipv6.default.disable_ipv6 = 1\" \u003e\u003e /etc/sysctl.conf\n    echo \"net.ipv6.conf.lo.disable_ipv6 = 1\" \u003e\u003e /etc/sysctl.conf\n",
            "yaml_body_parsed": "apiVersion: karpenter.k8s.aws/v1\nkind: EC2NodeClass\nmetadata:\n  name: runner\nspec:\n  amiFamily: AL2023\n  amiSelectorTerms:\n  - alias: al2023@latest\n  role: KarpenterNodeRole-github-arc-rta\n  securityGroupSelectorTerms:\n  - tags:\n      karpenter.sh/discovery: github-arc-rta\n  subnetSelectorTerms:\n  - tags:\n      karpenter.sh/discovery: github-arc-rta\n  tags:\n    auto-delete: \"no\"\n  userData: |\n    #!/bin/bash\n    echo \"net.ipv6.conf.all.disable_ipv6 = 1\" \u003e\u003e /etc/sysctl.conf\n    echo \"net.ipv6.default.disable_ipv6 = 1\" \u003e\u003e /etc/sysctl.conf\n    echo \"net.ipv6.conf.lo.disable_ipv6 = 1\" \u003e\u003e /etc/sysctl.conf\n",
            "yaml_incluster": "0af8d5e8d9a67e2b773fe2ceab9fed6ac31495eb70e952f71b3a1f7f0007f827"
          },
          "sensitive_attributes": [
            [
              {
                "type": "get_attr",
                "value": "yaml_body"
              }
            ],
            [
              {
                "type": "get_attr",
                "value": "yaml_incluster"
              }
            ],
            [
              {
                "type": "get_attr",
                "value": "live_manifest_incluster"
              }
            ]
          ],
          "private": "eyJlMmJmYjczMC1lY2FhLTExZTYtOGY4OC0zNDM2M2JjN2M0YzAiOnsiY3JlYXRlIjo2MDAwMDAwMDAwMDB9LCJzY2hlbWFfdmVyc2lvbiI6IjEifQ==",
          "dependencies": [
            "aws_iam_role.karpenter_node_role",
            "data.aws_availability_zones.available",
            "data.aws_caller_identity.current",
            "data.aws_eks_cluster_auth.this",
            "data.aws_partition.current",
            "module.eks.aws_cloudwatch_log_group.this",
            "module.eks.aws_eks_access_entry.this",
            "module.eks.aws_eks_access_policy_association.this",
            "module.eks.aws_eks_cluster.this",
            "module.eks.aws_iam_policy.cni_ipv6_policy",
            "module.eks.aws_iam_role.eks_auto",
            "module.eks.aws_iam_role.this",
            "module.eks.aws_iam_role_policy_attachment.this",
            "module.eks.aws_security_group.cluster",
            "module.eks.aws_security_group.node",
            "module.eks.aws_security_group_rule.cluster",
            "module.eks.aws_security_group_rule.node",
            "module.eks.data.aws_caller_identity.current",
            "module.eks.data.aws_iam_policy_document.assume_role_policy",
            "module.eks.data.aws_iam_policy_document.cni_ipv6_policy",
            "module.eks.data.aws_iam_policy_document.node_assume_role_policy",
            "module.eks.data.aws_iam_session_context.current",
            "module.eks.data.aws_partition.current",
            "module.eks.module.kms.aws_kms_external_key.this",
            "module.eks.module.kms.aws_kms_key.this",
            "module.eks.module.kms.aws_kms_replica_external_key.this",
            "module.eks.module.kms.aws_kms_replica_key.this",
            "module.eks.module.kms.data.aws_caller_identity.current",
            "module.eks.module.kms.data.aws_iam_policy_document.this",
            "module.eks.module.kms.data.aws_partition.current",
            "module.vpc.aws_subnet.private",
            "module.vpc.aws_vpc.this",
            "module.vpc.aws_vpc_ipv4_cidr_block_association.this",
            "random_id.random_string"
          ]
        }
      ]
    },
    {
      "mode": "managed",
      "type": "kubectl_manifest",
      "name": "karpenter_nodepool_runner",
      "provider": "provider[\"registry.terraform.io/gavinbunney/kubectl\"]",
      "instances": [
        {
          "schema_version": 1,
          "attributes": {
            "api_version": "karpenter.sh/v1",
            "apply_only": false,
            "force_conflicts": false,
            "force_new": false,
            "id": "/apis/karpenter.sh/v1/nodepools/runner",
            "ignore_fields": null,
            "kind": "NodePool",
            "live_manifest_incluster": "4b90384084ea66af51f8382c5f936449b635d0d34bccdc2c68cdaa0e6c804e6a",
            "live_uid": "c9a9cca4-46e9-48d1-b504-0e83dccd4eb3",
            "name": "runner",
            "namespace": null,
            "override_namespace": null,
            "sensitive_fields": null,
            "server_side_apply": false,
            "timeouts": null,
            "uid": "c9a9cca4-46e9-48d1-b504-0e83dccd4eb3",
            "validate_schema": true,
            "wait": null,
            "wait_for_rollout": true,
            "yaml_body": "apiVersion: karpenter.sh/v1\nkind: NodePool\nmetadata:\n  name: runner\nspec:\n  template:\n    spec:\n      requirements:\n        - key: kubernetes.io/arch\n          operator: In\n          values: [amd64]\n        - key: kubernetes.io/os\n          operator: In\n          values: [linux]\n        - key: karpenter.sh/capacity-type\n          operator: In\n          values: [on-demand]\n        - key: node.kubernetes.io/instance-type\n          operator: In\n          values: [\n            c5.2xlarge\n          ]\n      nodeClassRef:\n        group: karpenter.k8s.aws\n        kind: EC2NodeClass\n        name: runner\n      expireAfter: 1h\n  limits:\n    cpu: 1000\n  disruption:\n    consolidationPolicy: WhenEmptyOrUnderutilized\n    consolidateAfter: 15s\n",
            "yaml_body_parsed": "apiVersion: karpenter.sh/v1\nkind: NodePool\nmetadata:\n  name: runner\nspec:\n  disruption:\n    consolidateAfter: 15s\n    consolidationPolicy: WhenEmptyOrUnderutilized\n  limits:\n    cpu: 1000\n  template:\n    spec:\n      expireAfter: 1h\n      nodeClassRef:\n        group: karpenter.k8s.aws\n        kind: EC2NodeClass\n        name: runner\n      requirements:\n      - key: kubernetes.io/arch\n        operator: In\n        values:\n        - amd64\n      - key: kubernetes.io/os\n        operator: In\n        values:\n        - linux\n      - key: karpenter.sh/capacity-type\n        operator: In\n        values:\n        - on-demand\n      - key: node.kubernetes.io/instance-type\n        operator: In\n        values:\n        - c5.2xlarge\n",
            "yaml_incluster": "4b90384084ea66af51f8382c5f936449b635d0d34bccdc2c68cdaa0e6c804e6a"
          },
          "sensitive_attributes": [
            [
              {
                "type": "get_attr",
                "value": "yaml_body"
              }
            ],
            [
              {
                "type": "get_attr",
                "value": "live_manifest_incluster"
              }
            ],
            [
              {
                "type": "get_attr",
                "value": "yaml_incluster"
              }
            ]
          ],
          "private": "eyJlMmJmYjczMC1lY2FhLTExZTYtOGY4OC0zNDM2M2JjN2M0YzAiOnsiY3JlYXRlIjo2MDAwMDAwMDAwMDB9LCJzY2hlbWFfdmVyc2lvbiI6IjEifQ==",
          "dependencies": [
            "aws_iam_role.karpenter_node_role",
            "data.aws_availability_zones.available",
            "data.aws_caller_identity.current",
            "data.aws_eks_cluster_auth.this",
            "data.aws_partition.current",
            "module.eks.aws_cloudwatch_log_group.this",
            "module.eks.aws_eks_access_entry.this",
            "module.eks.aws_eks_access_policy_association.this",
            "module.eks.aws_eks_cluster.this",
            "module.eks.aws_iam_policy.cni_ipv6_policy",
            "module.eks.aws_iam_role.eks_auto",
            "module.eks.aws_iam_role.this",
            "module.eks.aws_iam_role_policy_attachment.this",
            "module.eks.aws_security_group.cluster",
            "module.eks.aws_security_group.node",
            "module.eks.aws_security_group_rule.cluster",
            "module.eks.aws_security_group_rule.node",
            "module.eks.data.aws_caller_identity.current",
            "module.eks.data.aws_iam_policy_document.assume_role_policy",
            "module.eks.data.aws_iam_policy_document.cni_ipv6_policy",
            "module.eks.data.aws_iam_policy_document.node_assume_role_policy",
            "module.eks.data.aws_iam_session_context.current",
            "module.eks.data.aws_partition.current",
            "module.eks.module.kms.aws_kms_external_key.this",
            "module.eks.module.kms.aws_kms_key.this",
            "module.eks.module.kms.aws_kms_replica_external_key.this",
            "module.eks.module.kms.aws_kms_replica_key.this",
            "module.eks.module.kms.data.aws_caller_identity.current",
            "module.eks.module.kms.data.aws_iam_policy_document.this",
            "module.eks.module.kms.data.aws_partition.current",
            "module.vpc.aws_subnet.private",
            "module.vpc.aws_vpc.this",
            "module.vpc.aws_vpc_ipv4_cidr_block_association.this",
            "random_id.random_string"
          ]
        }
      ]
    },
    {
      "mode": "managed",
      "type": "kubernetes_namespace",
      "name": "arc_runners_1",
      "provider": "provider[\"registry.terraform.io/hashicorp/kubernetes\"]",
      "instances": [
        {
          "schema_version": 0,
          "attributes": {
            "id": "arc-runners-1",
            "metadata": [
              {
                "annotations": {},
                "generate_name": "",
                "generation": 0,
                "labels": {},
                "name": "arc-runners-1",
                "resource_version": "1057",
                "uid": "e7da344a-10ea-47bc-907f-66293deb0d88"
              }
            ],
            "timeouts": null,
            "wait_for_default_service_account": false
          },
          "sensitive_attributes": [],
          "private": "eyJlMmJmYjczMC1lY2FhLTExZTYtOGY4OC0zNDM2M2JjN2M0YzAiOnsiZGVsZXRlIjozMDAwMDAwMDAwMDB9fQ==",
          "dependencies": [
            "aws_iam_role.karpenter_node_role",
            "data.aws_availability_zones.available",
            "data.aws_caller_identity.current",
            "data.aws_eks_cluster_auth.this",
            "data.aws_partition.current",
            "module.eks.aws_cloudwatch_log_group.this",
            "module.eks.aws_eks_access_entry.this",
            "module.eks.aws_eks_access_policy_association.this",
            "module.eks.aws_eks_cluster.this",
            "module.eks.aws_iam_policy.cni_ipv6_policy",
            "module.eks.aws_iam_role.eks_auto",
            "module.eks.aws_iam_role.this",
            "module.eks.aws_iam_role_policy_attachment.this",
            "module.eks.aws_security_group.cluster",
            "module.eks.aws_security_group.node",
            "module.eks.aws_security_group_rule.cluster",
            "module.eks.aws_security_group_rule.node",
            "module.eks.data.aws_caller_identity.current",
            "module.eks.data.aws_iam_policy_document.assume_role_policy",
            "module.eks.data.aws_iam_policy_document.cni_ipv6_policy",
            "module.eks.data.aws_iam_policy_document.node_assume_role_policy",
            "module.eks.data.aws_iam_session_context.current",
            "module.eks.data.aws_partition.current",
            "module.eks.module.kms.aws_kms_external_key.this",
            "module.eks.module.kms.aws_kms_key.this",
            "module.eks.module.kms.aws_kms_replica_external_key.this",
            "module.eks.module.kms.aws_kms_replica_key.this",
            "module.eks.module.kms.data.aws_caller_identity.current",
            "module.eks.module.kms.data.aws_iam_policy_document.this",
            "module.eks.module.kms.data.aws_partition.current",
            "module.vpc.aws_subnet.private",
            "module.vpc.aws_vpc.this",
            "module.vpc.aws_vpc_ipv4_cidr_block_association.this",
            "random_id.random_string"
          ]
        }
      ]
    },
    {
      "mode": "managed",
      "type": "kubernetes_namespace_v1",
      "name": "karpenter",
      "provider": "provider[\"registry.terraform.io/hashicorp/kubernetes\"]",
      "instances": [
        {
          "schema_version": 0,
          "attributes": {
            "id": "karpenter",
            "metadata": [
              {
                "annotations": {},
                "generate_name": "",
                "generation": 0,
                "labels": {},
                "name": "karpenter",
                "resource_version": "2876",
                "uid": "8f25258b-515f-428b-9ad4-8198d569604b"
              }
            ],
            "timeouts": null,
            "wait_for_default_service_account": false
          },
          "sensitive_attributes": [],
          "private": "eyJlMmJmYjczMC1lY2FhLTExZTYtOGY4OC0zNDM2M2JjN2M0YzAiOnsiZGVsZXRlIjozMDAwMDAwMDAwMDB9fQ==",
          "dependencies": [
            "aws_iam_role.efs_role",
            "aws_iam_role.karpenter_node_role",
            "data.aws_availability_zones.available",
            "data.aws_caller_identity.current",
            "data.aws_eks_cluster_auth.this",
            "data.aws_partition.current",
            "module.eks.aws_cloudwatch_log_group.this",
            "module.eks.aws_ec2_tag.cluster_primary_security_group",
            "module.eks.aws_eks_access_entry.this",
            "module.eks.aws_eks_access_policy_association.this",
            "module.eks.aws_eks_addon.before_compute",
            "module.eks.aws_eks_addon.this",
            "module.eks.aws_eks_cluster.this",
            "module.eks.aws_eks_identity_provider_config.this",
            "module.eks.aws_iam_openid_connect_provider.oidc_provider",
            "module.eks.aws_iam_policy.cluster_encryption",
            "module.eks.aws_iam_policy.cni_ipv6_policy",
            "module.eks.aws_iam_policy.custom",
            "module.eks.aws_iam_role.eks_auto",
            "module.eks.aws_iam_role.this",
            "module.eks.aws_iam_role_policy_attachment.additional",
            "module.eks.aws_iam_role_policy_attachment.cluster_encryption",
            "module.eks.aws_iam_role_policy_attachment.custom",
            "module.eks.aws_iam_role_policy_attachment.eks_auto",
            "module.eks.aws_iam_role_policy_attachment.eks_auto_additional",
            "module.eks.aws_iam_role_policy_attachment.this",
            "module.eks.aws_security_group.cluster",
            "module.eks.aws_security_group.node",
            "module.eks.aws_security_group_rule.cluster",
            "module.eks.aws_security_group_rule.node",
            "module.eks.data.aws_caller_identity.current",
            "module.eks.data.aws_eks_addon_version.this",
            "module.eks.data.aws_iam_policy_document.assume_role_policy",
            "module.eks.data.aws_iam_policy_document.cni_ipv6_policy",
            "module.eks.data.aws_iam_policy_document.custom",
            "module.eks.data.aws_iam_policy_document.node_assume_role_policy",
            "module.eks.data.aws_iam_session_context.current",
            "module.eks.data.aws_partition.current",
            "module.eks.data.tls_certificate.this",
            "module.eks.module.eks_managed_node_group.aws_autoscaling_schedule.this",
            "module.eks.module.eks_managed_node_group.aws_eks_node_group.this",
            "module.eks.module.eks_managed_node_group.aws_iam_role.this",
            "module.eks.module.eks_managed_node_group.aws_iam_role_policy.this",
            "module.eks.module.eks_managed_node_group.aws_iam_role_policy_attachment.additional",
            "module.eks.module.eks_managed_node_group.aws_iam_role_policy_attachment.this",
            "module.eks.module.eks_managed_node_group.aws_launch_template.this",
            "module.eks.module.eks_managed_node_group.aws_placement_group.this",
            "module.eks.module.eks_managed_node_group.data.aws_caller_identity.current",
            "module.eks.module.eks_managed_node_group.data.aws_ec2_instance_type.this",
            "module.eks.module.eks_managed_node_group.data.aws_ec2_instance_type_offerings.this",
            "module.eks.module.eks_managed_node_group.data.aws_iam_policy_document.assume_role_policy",
            "module.eks.module.eks_managed_node_group.data.aws_iam_policy_document.role",
            "module.eks.module.eks_managed_node_group.data.aws_partition.current",
            "module.eks.module.eks_managed_node_group.data.aws_ssm_parameter.ami",
            "module.eks.module.eks_managed_node_group.data.aws_subnets.placement_group",
            "module.eks.module.eks_managed_node_group.module.user_data.data.cloudinit_config.al2023_eks_managed_node_group",
            "module.eks.module.eks_managed_node_group.module.user_data.data.cloudinit_config.linux_eks_managed_node_group",
            "module.eks.module.eks_managed_node_group.module.user_data.null_resource.validate_cluster_service_cidr",
            "module.eks.module.fargate_profile.aws_eks_fargate_profile.this",
            "module.eks.module.fargate_profile.aws_iam_role.this",
            "module.eks.module.fargate_profile.aws_iam_role_policy.this",
            "module.eks.module.fargate_profile.aws_iam_role_policy_attachment.additional",
            "module.eks.module.fargate_profile.aws_iam_role_policy_attachment.this",
            "module.eks.module.fargate_profile.data.aws_caller_identity.current",
            "module.eks.module.fargate_profile.data.aws_iam_policy_document.assume_role_policy",
            "module.eks.module.fargate_profile.data.aws_iam_policy_document.role",
            "module.eks.module.fargate_profile.data.aws_partition.current",
            "module.eks.module.fargate_profile.data.aws_region.current",
            "module.eks.module.kms.aws_kms_alias.this",
            "module.eks.module.kms.aws_kms_external_key.this",
            "module.eks.module.kms.aws_kms_grant.this",
            "module.eks.module.kms.aws_kms_key.this",
            "module.eks.module.kms.aws_kms_replica_external_key.this",
            "module.eks.module.kms.aws_kms_replica_key.this",
            "module.eks.module.kms.data.aws_caller_identity.current",
            "module.eks.module.kms.data.aws_iam_policy_document.this",
            "module.eks.module.kms.data.aws_partition.current",
            "module.eks.module.self_managed_node_group.aws_autoscaling_group.this",
            "module.eks.module.self_managed_node_group.aws_autoscaling_schedule.this",
            "module.eks.module.self_managed_node_group.aws_eks_access_entry.this",
            "module.eks.module.self_managed_node_group.aws_iam_instance_profile.this",
            "module.eks.module.self_managed_node_group.aws_iam_role.this",
            "module.eks.module.self_managed_node_group.aws_iam_role_policy.this",
            "module.eks.module.self_managed_node_group.aws_iam_role_policy_attachment.additional",
            "module.eks.module.self_managed_node_group.aws_iam_role_policy_attachment.this",
            "module.eks.module.self_managed_node_group.aws_launch_template.this",
            "module.eks.module.self_managed_node_group.aws_placement_group.this",
            "module.eks.module.self_managed_node_group.data.aws_caller_identity.current",
            "module.eks.module.self_managed_node_group.data.aws_ec2_instance_type.this",
            "module.eks.module.self_managed_node_group.data.aws_ec2_instance_type_offerings.this",
            "module.eks.module.self_managed_node_group.data.aws_iam_policy_document.assume_role_policy",
            "module.eks.module.self_managed_node_group.data.aws_iam_policy_document.role",
            "module.eks.module.self_managed_node_group.data.aws_partition.current",
            "module.eks.module.self_managed_node_group.data.aws_ssm_parameter.ami",
            "module.eks.module.self_managed_node_group.data.aws_subnets.placement_group",
            "module.eks.module.self_managed_node_group.module.user_data.data.cloudinit_config.al2023_eks_managed_node_group",
            "module.eks.module.self_managed_node_group.module.user_data.data.cloudinit_config.linux_eks_managed_node_group",
            "module.eks.module.self_managed_node_group.module.user_data.null_resource.validate_cluster_service_cidr",
            "module.eks.time_sleep.this",
            "module.vpc.aws_subnet.private",
            "module.vpc.aws_vpc.this",
            "module.vpc.aws_vpc_ipv4_cidr_block_association.this",
            "random_id.random_string"
          ]
        }
      ]
    },
    {
      "mode": "managed",
      "type": "kubernetes_storage_class_v1",
      "name": "efs-sc",
      "provider": "provider[\"registry.terraform.io/hashicorp/kubernetes\"]",
      "instances": [
        {
          "schema_version": 0,
          "attributes": {
            "allow_volume_expansion": true,
            "allowed_topologies": [],
            "id": "efs-sc",
            "metadata": [
              {
                "annotations": {},
                "generate_name": "",
                "generation": 0,
                "labels": {},
                "name": "efs-sc",
                "resource_version": "1056",
                "uid": "4b2d4066-7732-44a4-bfea-8ca3eae14c93"
              }
            ],
            "mount_options": [
              "iam",
              "tls"
            ],
            "parameters": {
              "accessPointId": "fsap-03b32b982e055e7d8",
              "directoryPerms": "700",
              "fileSystemId": "fs-0b9f8906ebee56e8a",
              "gidRangeEnd": "2000",
              "gidRangeStart": "1000",
              "provisioningMode": "efs-ap"
            },
            "reclaim_policy": "Delete",
            "storage_provisioner": "efs.csi.aws.com",
            "volume_binding_mode": "Immediate"
          },
          "sensitive_attributes": [],
          "private": "bnVsbA==",
          "dependencies": [
            "aws_efs_access_point.efs",
            "aws_efs_file_system.default",
            "aws_iam_role.karpenter_node_role",
            "data.aws_availability_zones.available",
            "data.aws_caller_identity.current",
            "data.aws_eks_cluster_auth.this",
            "data.aws_partition.current",
            "module.eks.aws_cloudwatch_log_group.this",
            "module.eks.aws_eks_access_entry.this",
            "module.eks.aws_eks_access_policy_association.this",
            "module.eks.aws_eks_cluster.this",
            "module.eks.aws_iam_policy.cni_ipv6_policy",
            "module.eks.aws_iam_role.eks_auto",
            "module.eks.aws_iam_role.this",
            "module.eks.aws_iam_role_policy_attachment.this",
            "module.eks.aws_security_group.cluster",
            "module.eks.aws_security_group.node",
            "module.eks.aws_security_group_rule.cluster",
            "module.eks.aws_security_group_rule.node",
            "module.eks.data.aws_caller_identity.current",
            "module.eks.data.aws_iam_policy_document.assume_role_policy",
            "module.eks.data.aws_iam_policy_document.cni_ipv6_policy",
            "module.eks.data.aws_iam_policy_document.node_assume_role_policy",
            "module.eks.data.aws_iam_session_context.current",
            "module.eks.data.aws_partition.current",
            "module.eks.module.kms.aws_kms_external_key.this",
            "module.eks.module.kms.aws_kms_key.this",
            "module.eks.module.kms.aws_kms_replica_external_key.this",
            "module.eks.module.kms.aws_kms_replica_key.this",
            "module.eks.module.kms.data.aws_caller_identity.current",
            "module.eks.module.kms.data.aws_iam_policy_document.this",
            "module.eks.module.kms.data.aws_partition.current",
            "module.vpc.aws_subnet.private",
            "module.vpc.aws_vpc.this",
            "module.vpc.aws_vpc_ipv4_cidr_block_association.this",
            "random_id.random_string"
          ]
        }
      ]
    },
    {
      "mode": "managed",
      "type": "random_id",
      "name": "random_string",
      "provider": "provider[\"registry.terraform.io/hashicorp/random\"]",
      "instances": [
        {
          "schema_version": 0,
          "attributes": {
            "b64_std": "E08=",
            "b64_url": "E08",
            "byte_length": 2,
            "dec": "4943",
            "hex": "134f",
            "id": "E08",
            "keepers": null,
            "prefix": null
          },
          "sensitive_attributes": [],
          "create_before_destroy": true
        }
      ]
    },
    {
      "module": "module.eks",
      "mode": "data",
      "type": "aws_caller_identity",
      "name": "current",
      "provider": "provider[\"registry.terraform.io/hashicorp/aws\"]",
      "instances": [
        {
          "index_key": 0,
          "schema_version": 0,
          "attributes": {
            "account_id": "533267434488",
            "arn": "arn:aws:iam::533267434488:user/vardyng",
            "id": "533267434488",
            "user_id": "AIDAXYKJXJP4LAVXUFAFT"
          },
          "sensitive_attributes": []
        }
      ]
    },
    {
      "module": "module.eks",
      "mode": "data",
      "type": "aws_eks_addon_version",
      "name": "this",
      "provider": "provider[\"registry.terraform.io/hashicorp/aws\"]",
      "instances": [
        {
          "index_key": "aws-efs-csi-driver",
          "schema_version": 0,
          "attributes": {
            "addon_name": "aws-efs-csi-driver",
            "id": "aws-efs-csi-driver",
            "kubernetes_version": "1.30",
            "most_recent": true,
            "version": "v2.1.8-eksbuild.1"
          },
          "sensitive_attributes": []
        },
        {
          "index_key": "coredns",
          "schema_version": 0,
          "attributes": {
            "addon_name": "coredns",
            "id": "coredns",
            "kubernetes_version": "1.30",
            "most_recent": true,
            "version": "v1.11.4-eksbuild.14"
          },
          "sensitive_attributes": []
        }
      ]
    },
    {
      "module": "module.eks",
      "mode": "data",
      "type": "aws_iam_policy_document",
      "name": "assume_role_policy",
      "provider": "provider[\"registry.terraform.io/hashicorp/aws\"]",
      "instances": [
        {
          "index_key": 0,
          "schema_version": 0,
          "attributes": {
            "id": "2830595799",
            "json": "{\n  \"Version\": \"2012-10-17\",\n  \"Statement\": [\n    {\n      \"Sid\": \"EKSClusterAssumeRole\",\n      \"Effect\": \"Allow\",\n      \"Action\": [\n        \"sts:TagSession\",\n        \"sts:AssumeRole\"\n      ],\n      \"Principal\": {\n        \"Service\": \"eks.amazonaws.com\"\n      }\n    }\n  ]\n}",
            "minified_json": "{\"Version\":\"2012-10-17\",\"Statement\":[{\"Sid\":\"EKSClusterAssumeRole\",\"Effect\":\"Allow\",\"Action\":[\"sts:TagSession\",\"sts:AssumeRole\"],\"Principal\":{\"Service\":\"eks.amazonaws.com\"}}]}",
            "override_json": null,
            "override_policy_documents": null,
            "policy_id": null,
            "source_json": null,
            "source_policy_documents": null,
            "statement": [
              {
                "actions": [
                  "sts:AssumeRole",
                  "sts:TagSession"
                ],
                "condition": [],
                "effect": "Allow",
                "not_actions": [],
                "not_principals": [],
                "not_resources": [],
                "principals": [
                  {
                    "identifiers": [
                      "eks.amazonaws.com"
                    ],
                    "type": "Service"
                  }
                ],
                "resources": [],
                "sid": "EKSClusterAssumeRole"
              }
            ],
            "version": "2012-10-17"
          },
          "sensitive_attributes": []
        }
      ]
    },
    {
      "module": "module.eks",
      "mode": "data",
      "type": "aws_iam_policy_document",
      "name": "cni_ipv6_policy",
      "provider": "provider[\"registry.terraform.io/hashicorp/aws\"]",
      "instances": []
    },
    {
      "module": "module.eks",
      "mode": "data",
      "type": "aws_iam_policy_document",
      "name": "custom",
      "provider": "provider[\"registry.terraform.io/hashicorp/aws\"]",
      "instances": [
        {
          "index_key": 0,
          "schema_version": 0,
          "attributes": {
            "id": "513122117",
            "json": "{\n  \"Version\": \"2012-10-17\",\n  \"Statement\": [\n    {\n      \"Sid\": \"Compute\",\n      \"Effect\": \"Allow\",\n      \"Action\": [\n        \"ec2:RunInstances\",\n        \"ec2:CreateLaunchTemplate\",\n        \"ec2:CreateFleet\"\n      ],\n      \"Resource\": \"*\",\n      \"Condition\": {\n        \"StringEquals\": {\n          \"aws:RequestTag/eks:eks-cluster-name\": \"${aws:PrincipalTag/eks:eks-cluster-name}\"\n        },\n        \"StringLike\": {\n          \"aws:RequestTag/eks:kubernetes-node-class-name\": \"*\",\n          \"aws:RequestTag/eks:kubernetes-node-pool-name\": \"*\"\n        }\n      }\n    },\n    {\n      \"Sid\": \"Storage\",\n      \"Effect\": \"Allow\",\n      \"Action\": [\n        \"ec2:CreateVolume\",\n        \"ec2:CreateSnapshot\"\n      ],\n      \"Resource\": [\n        \"arn:aws:ec2:*:*:volume/*\",\n        \"arn:aws:ec2:*:*:snapshot/*\"\n      ],\n      \"Condition\": {\n        \"StringEquals\": {\n          \"aws:RequestTag/eks:eks-cluster-name\": \"${aws:PrincipalTag/eks:eks-cluster-name}\"\n        }\n      }\n    },\n    {\n      \"Sid\": \"Networking\",\n      \"Effect\": \"Allow\",\n      \"Action\": \"ec2:CreateNetworkInterface\",\n      \"Resource\": \"*\",\n      \"Condition\": {\n        \"StringEquals\": {\n          \"aws:RequestTag/eks:eks-cluster-name\": \"${aws:PrincipalTag/eks:eks-cluster-name}\",\n          \"aws:RequestTag/eks:kubernetes-cni-node-name\": \"*\"\n        }\n      }\n    },\n    {\n      \"Sid\": \"LoadBalancer\",\n      \"Effect\": \"Allow\",\n      \"Action\": [\n        \"elasticloadbalancing:CreateTargetGroup\",\n        \"elasticloadbalancing:CreateRule\",\n        \"elasticloadbalancing:CreateLoadBalancer\",\n        \"elasticloadbalancing:CreateListener\",\n        \"ec2:CreateSecurityGroup\"\n      ],\n      \"Resource\": \"*\",\n      \"Condition\": {\n        \"StringEquals\": {\n          \"aws:RequestTag/eks:eks-cluster-name\": \"${aws:PrincipalTag/eks:eks-cluster-name}\"\n        }\n      }\n    },\n    {\n      \"Sid\": \"ShieldProtection\",\n      \"Effect\": \"Allow\",\n      \"Action\": \"shield:CreateProtection\",\n      \"Resource\": \"*\",\n      \"Condition\": {\n        \"StringEquals\": {\n          \"aws:RequestTag/eks:eks-cluster-name\": \"${aws:PrincipalTag/eks:eks-cluster-name}\"\n        }\n      }\n    },\n    {\n      \"Sid\": \"ShieldTagResource\",\n      \"Effect\": \"Allow\",\n      \"Action\": \"shield:TagResource\",\n      \"Resource\": \"arn:aws:shield::*:protection/*\",\n      \"Condition\": {\n        \"StringEquals\": {\n          \"aws:RequestTag/eks:eks-cluster-name\": \"${aws:PrincipalTag/eks:eks-cluster-name}\"\n        }\n      }\n    }\n  ]\n}",
            "minified_json": "{\"Version\":\"2012-10-17\",\"Statement\":[{\"Sid\":\"Compute\",\"Effect\":\"Allow\",\"Action\":[\"ec2:RunInstances\",\"ec2:CreateLaunchTemplate\",\"ec2:CreateFleet\"],\"Resource\":\"*\",\"Condition\":{\"StringEquals\":{\"aws:RequestTag/eks:eks-cluster-name\":\"${aws:PrincipalTag/eks:eks-cluster-name}\"},\"StringLike\":{\"aws:RequestTag/eks:kubernetes-node-class-name\":\"*\",\"aws:RequestTag/eks:kubernetes-node-pool-name\":\"*\"}}},{\"Sid\":\"Storage\",\"Effect\":\"Allow\",\"Action\":[\"ec2:CreateVolume\",\"ec2:CreateSnapshot\"],\"Resource\":[\"arn:aws:ec2:*:*:volume/*\",\"arn:aws:ec2:*:*:snapshot/*\"],\"Condition\":{\"StringEquals\":{\"aws:RequestTag/eks:eks-cluster-name\":\"${aws:PrincipalTag/eks:eks-cluster-name}\"}}},{\"Sid\":\"Networking\",\"Effect\":\"Allow\",\"Action\":\"ec2:CreateNetworkInterface\",\"Resource\":\"*\",\"Condition\":{\"StringEquals\":{\"aws:RequestTag/eks:eks-cluster-name\":\"${aws:PrincipalTag/eks:eks-cluster-name}\",\"aws:RequestTag/eks:kubernetes-cni-node-name\":\"*\"}}},{\"Sid\":\"LoadBalancer\",\"Effect\":\"Allow\",\"Action\":[\"elasticloadbalancing:CreateTargetGroup\",\"elasticloadbalancing:CreateRule\",\"elasticloadbalancing:CreateLoadBalancer\",\"elasticloadbalancing:CreateListener\",\"ec2:CreateSecurityGroup\"],\"Resource\":\"*\",\"Condition\":{\"StringEquals\":{\"aws:RequestTag/eks:eks-cluster-name\":\"${aws:PrincipalTag/eks:eks-cluster-name}\"}}},{\"Sid\":\"ShieldProtection\",\"Effect\":\"Allow\",\"Action\":\"shield:CreateProtection\",\"Resource\":\"*\",\"Condition\":{\"StringEquals\":{\"aws:RequestTag/eks:eks-cluster-name\":\"${aws:PrincipalTag/eks:eks-cluster-name}\"}}},{\"Sid\":\"ShieldTagResource\",\"Effect\":\"Allow\",\"Action\":\"shield:TagResource\",\"Resource\":\"arn:aws:shield::*:protection/*\",\"Condition\":{\"StringEquals\":{\"aws:RequestTag/eks:eks-cluster-name\":\"${aws:PrincipalTag/eks:eks-cluster-name}\"}}}]}",
            "override_json": null,
            "override_policy_documents": null,
            "policy_id": null,
            "source_json": null,
            "source_policy_documents": null,
            "statement": [
              {
                "actions": [
                  "ec2:CreateFleet",
                  "ec2:CreateLaunchTemplate",
                  "ec2:RunInstances"
                ],
                "condition": [
                  {
                    "test": "StringEquals",
                    "values": [
                      "${aws:PrincipalTag/eks:eks-cluster-name}"
                    ],
                    "variable": "aws:RequestTag/eks:eks-cluster-name"
                  },
                  {
                    "test": "StringLike",
                    "values": [
                      "*"
                    ],
                    "variable": "aws:RequestTag/eks:kubernetes-node-class-name"
                  },
                  {
                    "test": "StringLike",
                    "values": [
                      "*"
                    ],
                    "variable": "aws:RequestTag/eks:kubernetes-node-pool-name"
                  }
                ],
                "effect": "Allow",
                "not_actions": [],
                "not_principals": [],
                "not_resources": [],
                "principals": [],
                "resources": [
                  "*"
                ],
                "sid": "Compute"
              },
              {
                "actions": [
                  "ec2:CreateSnapshot",
                  "ec2:CreateVolume"
                ],
                "condition": [
                  {
                    "test": "StringEquals",
                    "values": [
                      "${aws:PrincipalTag/eks:eks-cluster-name}"
                    ],
                    "variable": "aws:RequestTag/eks:eks-cluster-name"
                  }
                ],
                "effect": "Allow",
                "not_actions": [],
                "not_principals": [],
                "not_resources": [],
                "principals": [],
                "resources": [
                  "arn:aws:ec2:*:*:snapshot/*",
                  "arn:aws:ec2:*:*:volume/*"
                ],
                "sid": "Storage"
              },
              {
                "actions": [
                  "ec2:CreateNetworkInterface"
                ],
                "condition": [
                  {
                    "test": "StringEquals",
                    "values": [
                      "${aws:PrincipalTag/eks:eks-cluster-name}"
                    ],
                    "variable": "aws:RequestTag/eks:eks-cluster-name"
                  },
                  {
                    "test": "StringEquals",
                    "values": [
                      "*"
                    ],
                    "variable": "aws:RequestTag/eks:kubernetes-cni-node-name"
                  }
                ],
                "effect": "Allow",
                "not_actions": [],
                "not_principals": [],
                "not_resources": [],
                "principals": [],
                "resources": [
                  "*"
                ],
                "sid": "Networking"
              },
              {
                "actions": [
                  "ec2:CreateSecurityGroup",
                  "elasticloadbalancing:CreateListener",
                  "elasticloadbalancing:CreateLoadBalancer",
                  "elasticloadbalancing:CreateRule",
                  "elasticloadbalancing:CreateTargetGroup"
                ],
                "condition": [
                  {
                    "test": "StringEquals",
                    "values": [
                      "${aws:PrincipalTag/eks:eks-cluster-name}"
                    ],
                    "variable": "aws:RequestTag/eks:eks-cluster-name"
                  }
                ],
                "effect": "Allow",
                "not_actions": [],
                "not_principals": [],
                "not_resources": [],
                "principals": [],
                "resources": [
                  "*"
                ],
                "sid": "LoadBalancer"
              },
              {
                "actions": [
                  "shield:CreateProtection"
                ],
                "condition": [
                  {
                    "test": "StringEquals",
                    "values": [
                      "${aws:PrincipalTag/eks:eks-cluster-name}"
                    ],
                    "variable": "aws:RequestTag/eks:eks-cluster-name"
                  }
                ],
                "effect": "Allow",
                "not_actions": [],
                "not_principals": [],
                "not_resources": [],
                "principals": [],
                "resources": [
                  "*"
                ],
                "sid": "ShieldProtection"
              },
              {
                "actions": [
                  "shield:TagResource"
                ],
                "condition": [
                  {
                    "test": "StringEquals",
                    "values": [
                      "${aws:PrincipalTag/eks:eks-cluster-name}"
                    ],
                    "variable": "aws:RequestTag/eks:eks-cluster-name"
                  }
                ],
                "effect": "Allow",
                "not_actions": [],
                "not_principals": [],
                "not_resources": [],
                "principals": [],
                "resources": [
                  "arn:aws:shield::*:protection/*"
                ],
                "sid": "ShieldTagResource"
              }
            ],
            "version": "2012-10-17"
          },
          "sensitive_attributes": []
        }
      ]
    },
    {
      "module": "module.eks",
      "mode": "data",
      "type": "aws_iam_policy_document",
      "name": "node_assume_role_policy",
      "provider": "provider[\"registry.terraform.io/hashicorp/aws\"]",
      "instances": []
    },
    {
      "module": "module.eks",
      "mode": "data",
      "type": "aws_iam_session_context",
      "name": "current",
      "provider": "provider[\"registry.terraform.io/hashicorp/aws\"]",
      "instances": [
        {
          "index_key": 0,
          "schema_version": 0,
          "attributes": {
            "arn": "arn:aws:iam::533267434488:user/vardyng",
            "id": "arn:aws:iam::533267434488:user/vardyng",
            "issuer_arn": "arn:aws:iam::533267434488:user/vardyng",
            "issuer_id": "",
            "issuer_name": "",
            "session_name": ""
          },
          "sensitive_attributes": []
        }
      ]
    },
    {
      "module": "module.eks",
      "mode": "data",
      "type": "aws_partition",
      "name": "current",
      "provider": "provider[\"registry.terraform.io/hashicorp/aws\"]",
      "instances": [
        {
          "index_key": 0,
          "schema_version": 0,
          "attributes": {
            "dns_suffix": "amazonaws.com",
            "id": "aws",
            "partition": "aws",
            "reverse_dns_prefix": "com.amazonaws"
          },
          "sensitive_attributes": []
        }
      ]
    },
    {
      "module": "module.eks",
      "mode": "data",
      "type": "tls_certificate",
      "name": "this",
      "provider": "provider[\"registry.terraform.io/hashicorp/tls\"]",
      "instances": [
        {
          "index_key": 0,
          "schema_version": 0,
          "attributes": {
            "certificates": [
              {
                "cert_pem": "-----BEGIN CERTIFICATE-----\nMIIEdTCCA12gAwIBAgIJAKcOSkw0grd/MA0GCSqGSIb3DQEBCwUAMGgxCzAJBgNV\nBAYTAlVTMSUwIwYDVQQKExxTdGFyZmllbGQgVGVjaG5vbG9naWVzLCBJbmMuMTIw\nMAYDVQQLEylTdGFyZmllbGQgQ2xhc3MgMiBDZXJ0aWZpY2F0aW9uIEF1dGhvcml0\neTAeFw0wOTA5MDIwMDAwMDBaFw0zNDA2MjgxNzM5MTZaMIGYMQswCQYDVQQGEwJV\nUzEQMA4GA1UECBMHQXJpem9uYTETMBEGA1UEBxMKU2NvdHRzZGFsZTElMCMGA1UE\nChMcU3RhcmZpZWxkIFRlY2hub2xvZ2llcywgSW5jLjE7MDkGA1UEAxMyU3RhcmZp\nZWxkIFNlcnZpY2VzIFJvb3QgQ2VydGlmaWNhdGUgQXV0aG9yaXR5IC0gRzIwggEi\nMA0GCSqGSIb3DQEBAQUAA4IBDwAwggEKAoIBAQDVDDrEKvlO4vW+GZdfjohTsR8/\ny8+fIBNtKTrID30892t2OGPZNmCom15cAICyL1l/9of5JUOG52kbUpqQ4XHj2C0N\nTm/2yEnZtvMaVq4rtnQU68/7JuMauh2WLmo7WJSJR1b/JaCTcFOD2oR0FMNnngRo\nOt+OQFodSk7PQ5E751bWAHDLUu57fa4657wx+UX2wmDPE1kCK4DMNEffud6QZW0C\nzyyRpqbn3oUYSXxmTqM6bam17jQuug0DuDPfR+uxa40l2ZvOgdFFRjKWcIfeAg5J\nQ4W2bHO7ZOphQazJ1FTfhy/HIrImzJ9ZVGif/L4qL8RVHHVAYBeFAlU5i38FAgMB\nAAGjgfAwge0wDwYDVR0TAQH/BAUwAwEB/zAOBgNVHQ8BAf8EBAMCAYYwHQYDVR0O\nBBYEFJxfAN+qAdcwKziIorhtSpzyEZGDMB8GA1UdIwQYMBaAFL9ft9HO3R+G9FtV\nrNzXEMIOqYjnME8GCCsGAQUFBwEBBEMwQTAcBggrBgEFBQcwAYYQaHR0cDovL28u\nc3MyLnVzLzAhBggrBgEFBQcwAoYVaHR0cDovL3guc3MyLnVzL3guY2VyMCYGA1Ud\nHwQfMB0wG6AZoBeGFWh0dHA6Ly9zLnNzMi51cy9yLmNybDARBgNVHSAECjAIMAYG\nBFUdIAAwDQYJKoZIhvcNAQELBQADggEBACMd44pXyn3pF3lM8R5V/cxTbj5HD9/G\nVfKyBDbtgB9TxF00KGu+x1X8Z+rLP3+QsjPNG1gQggL4+C/1E2DUBc7xgQjB3ad1\nl08YuW3e95ORCLp+QCztweq7dp4zBncdDQh/U90bZKuCJ/Fp1U1ervShw3WnWEQt\n8jxwmKy6abaVd38PMV4s/KCHOkdp8Hlf9BRUpJVeEXgSYCfOn8J3/yNTd126/+pZ\n59vPr5KW7ySaNRB6nJHGDn2Z9j8Z3/VyVOEVqQdZe4O/Ui5GjLIAZHYcSNPYeehu\nVsyuLAOQ1xk4meTKCRlb/weWsKh/NEnfVqn3sF/tM+2MR7cwA130A4w=\n-----END CERTIFICATE-----\n",
                "is_ca": true,
                "issuer": "OU=Starfield Class 2 Certification Authority,O=Starfield Technologies\\, Inc.,C=US",
                "not_after": "2034-06-28T17:39:16Z",
                "not_before": "2009-09-02T00:00:00Z",
                "public_key_algorithm": "RSA",
                "serial_number": "12037640545166866303",
                "sha1_fingerprint": "9e99a48a9960b14926bb7f3b02e22da2b0ab7280",
                "signature_algorithm": "SHA256-RSA",
                "subject": "CN=Starfield Services Root Certificate Authority - G2,O=Starfield Technologies\\, Inc.,L=Scottsdale,ST=Arizona,C=US",
                "version": 3
              },
              {
                "cert_pem": "-----BEGIN CERTIFICATE-----\nMIIEkjCCA3qgAwIBAgITBn+USionzfP6wq4rAfkI7rnExjANBgkqhkiG9w0BAQsF\nADCBmDELMAkGA1UEBhMCVVMxEDAOBgNVBAgTB0FyaXpvbmExEzARBgNVBAcTClNj\nb3R0c2RhbGUxJTAjBgNVBAoTHFN0YXJmaWVsZCBUZWNobm9sb2dpZXMsIEluYy4x\nOzA5BgNVBAMTMlN0YXJmaWVsZCBTZXJ2aWNlcyBSb290IENlcnRpZmljYXRlIEF1\ndGhvcml0eSAtIEcyMB4XDTE1MDUyNTEyMDAwMFoXDTM3MTIzMTAxMDAwMFowOTEL\nMAkGA1UEBhMCVVMxDzANBgNVBAoTBkFtYXpvbjEZMBcGA1UEAxMQQW1hem9uIFJv\nb3QgQ0EgMTCCASIwDQYJKoZIhvcNAQEBBQADggEPADCCAQoCggEBALJ4gHHKeNXj\nca9HgFB0fW7Y14h29Jlo91ghYPl0hAEvrAIthtOgQ3pOsqTQNroBvo3bSMgHFzZM\n9O6II8c+6zf1tRn4SWiw3te5djgdYZ6k/oI2peVKVuRF4fn9tBb6dNqcmzU5L/qw\nIFAGbHrQgLKm+a/sRxmPUDgH3KKHOVj4utWp+UhnMJbulHheb4mjUcAwhmahRWa6\nVOujw5H5SNz/0egwLX0tdHA114gk957EWW67c4cX8jJGKLhD+rcdqsq08p8kDi1L\n93FcXmn/6pUCyziKrlA4b9v7LWIbxcceVOF34GfID5yHI9Y/QCB/IIDEgEw+OyQm\njgSubJrIqg0CAwEAAaOCATEwggEtMA8GA1UdEwEB/wQFMAMBAf8wDgYDVR0PAQH/\nBAQDAgGGMB0GA1UdDgQWBBSEGMyFNOy8DJSULghZnMeyEE4KCDAfBgNVHSMEGDAW\ngBScXwDfqgHXMCs4iKK4bUqc8hGRgzB4BggrBgEFBQcBAQRsMGowLgYIKwYBBQUH\nMAGGImh0dHA6Ly9vY3NwLnJvb3RnMi5hbWF6b250cnVzdC5jb20wOAYIKwYBBQUH\nMAKGLGh0dHA6Ly9jcnQucm9vdGcyLmFtYXpvbnRydXN0LmNvbS9yb290ZzIuY2Vy\nMD0GA1UdHwQ2MDQwMqAwoC6GLGh0dHA6Ly9jcmwucm9vdGcyLmFtYXpvbnRydXN0\nLmNvbS9yb290ZzIuY3JsMBEGA1UdIAQKMAgwBgYEVR0gADANBgkqhkiG9w0BAQsF\nAAOCAQEAYjdCXLwQtT6LLOkMm2xF4gcAevnFWAu5CIw+7bMlPLVvUOTNNWqnkzSW\nMiGpSESrnO09tKpzbeR/FoCJbM8oAxiDR3mjEH4wW6w7sGDgd9QIpuEdfF7Au/ma\neyKdpwAJfqxGF4PcnCZXmTA5YpaP7dreqsXMGz7KQ2hsVxa81Q4gLv7/wmpdLqBK\nbRRYh5TmOTFffHPLkIhqhBGWJ6bt2YFGpn6jcgAKUj6DiAdjd4lpFw85hdKrCEVN\n0FE6/V1dN2RMfjCyVSRCnTawXZwXgWHxyvkQAiSr6w10kY17RSlQOYiypok1JR4U\nakcjMS9cmvqtmg5iUaQqqcT5NJ0hGA==\n-----END CERTIFICATE-----\n",
                "is_ca": true,
                "issuer": "CN=Starfield Services Root Certificate Authority - G2,O=Starfield Technologies\\, Inc.,L=Scottsdale,ST=Arizona,C=US",
                "not_after": "2037-12-31T01:00:00Z",
                "not_before": "2015-05-25T12:00:00Z",
                "public_key_algorithm": "RSA",
                "serial_number": "144918191876577076464031512351042010504348870",
                "sha1_fingerprint": "06b25927c42a721631c1efd9431e648fa62e1e39",
                "signature_algorithm": "SHA256-RSA",
                "subject": "CN=Amazon Root CA 1,O=Amazon,C=US",
                "version": 3
              },
              {
                "cert_pem": "-----BEGIN CERTIFICATE-----\nMIIEXjCCA0agAwIBAgITB3MSTNQG0mfAmRzdKZqfODF5hTANBgkqhkiG9w0BAQsF\nADA5MQswCQYDVQQGEwJVUzEPMA0GA1UEChMGQW1hem9uMRkwFwYDVQQDExBBbWF6\nb24gUm9vdCBDQSAxMB4XDTIyMDgyMzIyMjYwNFoXDTMwMDgyMzIyMjYwNFowPDEL\nMAkGA1UEBhMCVVMxDzANBgNVBAoTBkFtYXpvbjEcMBoGA1UEAxMTQW1hem9uIFJT\nQSAyMDQ4IE0wMzCCASIwDQYJKoZIhvcNAQEBBQADggEPADCCAQoCggEBALd/pVko\n8vuM475Tf45HV3BbCl/B9Jy89G1CRkFjcPY06WA9lS+7dWbUA7GtWUKoksr69hKM\nwcMsNpxlw7b3jeXFgxB09/nmalcAWtnLzF+LaDKEA5DQmvKzuh1nfIfqEiKCQSmX\nXh09Xs+dO7cm5qbaL2hhNJCSAejciwcvOFgFNgEMR42wm6KIFHsQW28jhA+1u/M0\np6fVwReuEgZfLfdx82Px0LJck3lST3EB/JfbdsdOzzzg5YkY1dfuqf8y5fUeZ7Cz\nWXbTjujwX/TovmeWKA36VLCz75azW6tDNuDn66FOpADZZ9omVaF6BqNJiLMVl6P3\n/c0OiUMC6Z5OfKcCAwEAAaOCAVowggFWMBIGA1UdEwEB/wQIMAYBAf8CAQAwDgYD\nVR0PAQH/BAQDAgGGMB0GA1UdJQQWMBQGCCsGAQUFBwMBBggrBgEFBQcDAjAdBgNV\nHQ4EFgQUVdkYX9IczAHhWLS+q9lVQgHXLgIwHwYDVR0jBBgwFoAUhBjMhTTsvAyU\nlC4IWZzHshBOCggwewYIKwYBBQUHAQEEbzBtMC8GCCsGAQUFBzABhiNodHRwOi8v\nb2NzcC5yb290Y2ExLmFtYXpvbnRydXN0LmNvbTA6BggrBgEFBQcwAoYuaHR0cDov\nL2NydC5yb290Y2ExLmFtYXpvbnRydXN0LmNvbS9yb290Y2ExLmNlcjA/BgNVHR8E\nODA2MDSgMqAwhi5odHRwOi8vY3JsLnJvb3RjYTEuYW1hem9udHJ1c3QuY29tL3Jv\nb3RjYTEuY3JsMBMGA1UdIAQMMAowCAYGZ4EMAQIBMA0GCSqGSIb3DQEBCwUAA4IB\nAQAGjeWm2cC+3z2MzSCnte46/7JZvj3iQZDY7EvODNdZF41n71Lrk9kbfNwerK0d\nVNzW36Wefr7j7ZSwBVg50W5ay65jNSN74TTQV1yt4WnSbVvN6KlMs1hiyOZdoHKs\nKDV2UGNxbdoBYCQNa2GYF8FQIWLugNp35aSOpMy6cFlymFQomIrnOQHwK1nvVY4q\nxDSJMU/gNJz17D8ArPN3ngnyZ2TwepJ0uBINz3G5te2rdFUF4i4Y3Bb7FUlHDYm4\nu8aIRGpk2ZpfXmxaoxnbIBZRvGLPSUuPwnwoUOMsJ8jirI5vs2dvchPb7MtI1rle\ni02f2ivH2vxkjDLltSpe2fiC\n-----END CERTIFICATE-----\n",
                "is_ca": true,
                "issuer": "CN=Amazon Root CA 1,O=Amazon,C=US",
                "not_after": "2030-08-23T22:26:04Z",
                "not_before": "2022-08-23T22:26:04Z",
                "public_key_algorithm": "RSA",
                "serial_number": "166129356476704345391986644047206454194698629",
                "sha1_fingerprint": "d9fe0a65fa00cabf61f5120d373a8135e1461f15",
                "signature_algorithm": "SHA256-RSA",
                "subject": "CN=Amazon RSA 2048 M03,O=Amazon,C=US",
                "version": 3
              },
              {
                "cert_pem": "-----BEGIN CERTIFICATE-----\nMIIF5zCCBM+gAwIBAgIQB8/B5LYdWaaSLNb9DZLprTANBgkqhkiG9w0BAQsFADA8\nMQswCQYDVQQGEwJVUzEPMA0GA1UEChMGQW1hem9uMRwwGgYDVQQDExNBbWF6b24g\nUlNBIDIwNDggTTAzMB4XDTI1MDIyNjAwMDAwMFoXDTI2MDMyNzIzNTk1OVowKDEm\nMCQGA1UEAwwdKi5la3MudXMtZWFzdC0xLmFtYXpvbmF3cy5jb20wggEiMA0GCSqG\nSIb3DQEBAQUAA4IBDwAwggEKAoIBAQCoHWcgrIv/D6CxSXSxAq0GuOPoCJqnVz6U\nMhp1YLE9OZs3jH8EfYlNpGtqOtLa1vZb8Lp4CZdATHTj1SoK01MwmXXIDm2Jj+Km\niQvZ0BBe5xroDWvf3r/LWG/WMkRtR4F+qPb9pVYlM9N3WZdSAKfTQTowGxebugLc\nM/+ZLvAxxdtaXK+LID6JRKRa2BIRHcfILiNJo7vIS/I+DOqXn9Rb0VFnkpYpGE+k\nm47kVkFFsToior7zlAwPv6VWsm+zZV9zNnCpu9FpJ3vkZE9OGHS6aChtSya2Qpyr\njyF98KIFTQ+FKtDZHf9XLHmV5v/IP2bWk7lzmPYW4PwcPhDUmC9PAgMBAAGjggL3\nMIIC8zAfBgNVHSMEGDAWgBRV2Rhf0hzMAeFYtL6r2VVCAdcuAjAdBgNVHQ4EFgQU\n6mCbzMC1FaJuw7tKpv7muQZDZrowKAYDVR0RBCEwH4IdKi5la3MudXMtZWFzdC0x\nLmFtYXpvbmF3cy5jb20wEwYDVR0gBAwwCjAIBgZngQwBAgEwDgYDVR0PAQH/BAQD\nAgWgMB0GA1UdJQQWMBQGCCsGAQUFBwMBBggrBgEFBQcDAjA7BgNVHR8ENDAyMDCg\nLqAshipodHRwOi8vY3JsLnIybTAzLmFtYXpvbnRydXN0LmNvbS9yMm0wMy5jcmww\ndQYIKwYBBQUHAQEEaTBnMC0GCCsGAQUFBzABhiFodHRwOi8vb2NzcC5yMm0wMy5h\nbWF6b250cnVzdC5jb20wNgYIKwYBBQUHMAKGKmh0dHA6Ly9jcnQucjJtMDMuYW1h\nem9udHJ1c3QuY29tL3IybTAzLmNlcjAMBgNVHRMBAf8EAjAAMIIBfwYKKwYBBAHW\neQIEAgSCAW8EggFrAWkAdgAOV5S8866pPjMbLJkHs/eQ35vCPXEyJd0hqSWsYcVO\nIQAAAZVBW4SGAAAEAwBHMEUCIQC+CghIdRNpEnK+JGxaeHOel/pYJSUsog1eklre\nLGmoTwIgAj1vm4d6u/93S7GVfw7qotajiMfgHeEf7lANQf0mxf4AdgBkEcRspBLs\np4kcogIuALyrTygH1B41J6vq/tUDyX3N8AAAAZVBW4Q1AAAEAwBHMEUCIAYyeDIv\nJD1IhUkb1E59cbCwTcAYChrSArEZOOAib3dJAiEAix8XjjqXhMNuji/u2fzLxeZ7\nc5PCtDHWx3Ky7QYBfCUAdwBJnJtp3h187Pw23s2HZKa4W68Kh4AZ0VVS++nrKd34\nwwAAAZVBW4RMAAAEAwBIMEYCIQCsj67XcK6jtETNJEPTYPaFqJOMlNtM0TeJwGhm\nBc81sQIhAJoirhaQzC4ydAzLvjpVqKYyuqLktiHkTqFq8IGxBAkIMA0GCSqGSIb3\nDQEBCwUAA4IBAQAjjE2au5fdV/DrlD3e5zZ5hTB4CicIARTWvJQ6EsQm/vbXPoUY\nSHRZkOodq0AJWEC/RImGu8bnVY8RzGsELkMzI4A8UxdlH2YGP8obg6MfP6yGZaHM\nnS4wLX05EnmrABaoRB/apt7tE4w+yRa7QoxUgiTPpFzaQVv1mTcGaWMG55U8tPg7\nLXm539O4OBukbP8HNvjBZ8+N0RYrtG0u0M4FMX1hMKG0bkjJiU6MVZfGJWcgp7I4\nbd5cj5SfE1EHL70P7ELaocXjnWKbys9Mc870aoRXVfAC4bZWU6F9Ke3O7ioXXd5L\n0mKQwrjkiglpYaXc247Qi8IUCdk6s13xHJ4e\n-----END CERTIFICATE-----\n",
                "is_ca": false,
                "issuer": "CN=Amazon RSA 2048 M03,O=Amazon,C=US",
                "not_after": "2026-03-27T23:59:59Z",
                "not_before": "2025-02-26T00:00:00Z",
                "public_key_algorithm": "RSA",
                "serial_number": "10383334045647432453656403708671617453",
                "sha1_fingerprint": "63462dda480d8b900e0a7dbfaf6238a62ba4fce0",
                "signature_algorithm": "SHA256-RSA",
                "subject": "CN=*.eks.us-east-1.amazonaws.com",
                "version": 3
              }
            ],
            "content": null,
            "id": "922877a0975ad078a65b8ff11ebc47b8311945c7",
            "url": "https://oidc.eks.us-east-1.amazonaws.com/id/FBEC9CB72DCD24B220482649E68D199F",
            "verify_chain": true
          },
          "sensitive_attributes": []
        }
      ]
    },
    {
      "module": "module.eks",
      "mode": "managed",
      "type": "aws_cloudwatch_log_group",
      "name": "this",
      "provider": "provider[\"registry.terraform.io/hashicorp/aws\"]",
      "instances": [
        {
          "index_key": 0,
          "schema_version": 0,
          "attributes": {
            "arn": "arn:aws:logs:us-east-1:533267434488:log-group:/aws/eks/github-arc-rta/cluster",
            "id": "/aws/eks/github-arc-rta/cluster",
            "kms_key_id": "",
            "log_group_class": "STANDARD",
            "name": "/aws/eks/github-arc-rta/cluster",
            "name_prefix": "",
            "retention_in_days": 90,
            "skip_destroy": false,
            "tags": {
              "Name": "/aws/eks/github-arc-rta/cluster",
              "project": "github-arc-rta"
            },
            "tags_all": {
              "Name": "/aws/eks/github-arc-rta/cluster",
              "project": "github-arc-rta"
            }
          },
          "sensitive_attributes": [],
          "private": "bnVsbA==",
          "dependencies": [
            "random_id.random_string"
          ],
          "create_before_destroy": true
        }
      ]
    },
    {
      "module": "module.eks",
      "mode": "managed",
      "type": "aws_ec2_tag",
      "name": "cluster_primary_security_group",
      "provider": "provider[\"registry.terraform.io/hashicorp/aws\"]",
      "instances": [
        {
          "index_key": "project",
          "schema_version": 0,
          "attributes": {
            "id": "sg-0f38f3376fcc97e7f,project",
            "key": "project",
            "resource_id": "sg-0f38f3376fcc97e7f",
            "value": "github-arc-rta"
          },
          "sensitive_attributes": [],
          "private": "bnVsbA==",
          "dependencies": [
            "data.aws_availability_zones.available",
            "module.eks.aws_cloudwatch_log_group.this",
            "module.eks.aws_eks_cluster.this",
            "module.eks.aws_iam_policy.cni_ipv6_policy",
            "module.eks.aws_iam_role.eks_auto",
            "module.eks.aws_iam_role.this",
            "module.eks.aws_iam_role_policy_attachment.this",
            "module.eks.aws_security_group.cluster",
            "module.eks.aws_security_group.node",
            "module.eks.aws_security_group_rule.cluster",
            "module.eks.aws_security_group_rule.node",
            "module.eks.data.aws_caller_identity.current",
            "module.eks.data.aws_iam_policy_document.assume_role_policy",
            "module.eks.data.aws_iam_policy_document.cni_ipv6_policy",
            "module.eks.data.aws_iam_policy_document.node_assume_role_policy",
            "module.eks.data.aws_iam_session_context.current",
            "module.eks.data.aws_partition.current",
            "module.eks.module.kms.aws_kms_external_key.this",
            "module.eks.module.kms.aws_kms_key.this",
            "module.eks.module.kms.aws_kms_replica_external_key.this",
            "module.eks.module.kms.aws_kms_replica_key.this",
            "module.eks.module.kms.data.aws_caller_identity.current",
            "module.eks.module.kms.data.aws_iam_policy_document.this",
            "module.eks.module.kms.data.aws_partition.current",
            "module.vpc.aws_subnet.private",
            "module.vpc.aws_vpc.this",
            "module.vpc.aws_vpc_ipv4_cidr_block_association.this",
            "random_id.random_string"
          ]
        }
      ]
    },
    {
      "module": "module.eks",
      "mode": "managed",
      "type": "aws_eks_access_entry",
      "name": "this",
      "provider": "provider[\"registry.terraform.io/hashicorp/aws\"]",
      "instances": [
        {
          "index_key": "admin",
          "schema_version": 0,
          "attributes": {
            "access_entry_arn": "arn:aws:eks:us-east-1:533267434488:access-entry/github-arc-rta/user/533267434488/vardyng/4acb8951-746b-7058-ffe9-9bdc8ede89bd",
            "cluster_name": "github-arc-rta",
            "created_at": "2025-05-27T16:45:55Z",
            "id": "github-arc-rta:arn:aws:iam::533267434488:user/vardyng",
            "kubernetes_groups": [],
            "modified_at": "2025-05-27T16:45:55Z",
            "principal_arn": "arn:aws:iam::533267434488:user/vardyng",
            "tags": {
              "project": "github-arc-rta"
            },
            "tags_all": {
              "project": "github-arc-rta"
            },
            "timeouts": null,
            "type": "STANDARD",
            "user_name": "arn:aws:iam::533267434488:user/vardyng"
          },
          "sensitive_attributes": [],
          "private": "eyJlMmJmYjczMC1lY2FhLTExZTYtOGY4OC0zNDM2M2JjN2M0YzAiOnsiY3JlYXRlIjo2MDAwMDAwMDAwMDAsImRlbGV0ZSI6NjAwMDAwMDAwMDAwfX0=",
          "dependencies": [
            "aws_iam_role.karpenter_node_role",
            "data.aws_availability_zones.available",
            "data.aws_caller_identity.current",
            "data.aws_partition.current",
            "module.eks.aws_cloudwatch_log_group.this",
            "module.eks.aws_eks_cluster.this",
            "module.eks.aws_iam_policy.cni_ipv6_policy",
            "module.eks.aws_iam_role.eks_auto",
            "module.eks.aws_iam_role.this",
            "module.eks.aws_iam_role_policy_attachment.this",
            "module.eks.aws_security_group.cluster",
            "module.eks.aws_security_group.node",
            "module.eks.aws_security_group_rule.cluster",
            "module.eks.aws_security_group_rule.node",
            "module.eks.data.aws_caller_identity.current",
            "module.eks.data.aws_iam_policy_document.assume_role_policy",
            "module.eks.data.aws_iam_policy_document.cni_ipv6_policy",
            "module.eks.data.aws_iam_policy_document.node_assume_role_policy",
            "module.eks.data.aws_iam_session_context.current",
            "module.eks.data.aws_partition.current",
            "module.eks.module.kms.aws_kms_external_key.this",
            "module.eks.module.kms.aws_kms_key.this",
            "module.eks.module.kms.aws_kms_replica_external_key.this",
            "module.eks.module.kms.aws_kms_replica_key.this",
            "module.eks.module.kms.data.aws_caller_identity.current",
            "module.eks.module.kms.data.aws_iam_policy_document.this",
            "module.eks.module.kms.data.aws_partition.current",
            "module.vpc.aws_subnet.private",
            "module.vpc.aws_vpc.this",
            "module.vpc.aws_vpc_ipv4_cidr_block_association.this",
            "random_id.random_string"
          ]
        },
        {
          "index_key": "karpenter",
          "schema_version": 0,
          "attributes": {
            "access_entry_arn": "arn:aws:eks:us-east-1:533267434488:access-entry/github-arc-rta/role/533267434488/KarpenterNodeRole-github-arc-rta/c0cb8951-746b-6ac9-f8e2-d5987c3519bc",
            "cluster_name": "github-arc-rta",
            "created_at": "2025-05-27T16:45:56Z",
            "id": "github-arc-rta:arn:aws:iam::533267434488:role/KarpenterNodeRole-github-arc-rta",
            "kubernetes_groups": [],
            "modified_at": "2025-05-27T16:45:56Z",
            "principal_arn": "arn:aws:iam::533267434488:role/KarpenterNodeRole-github-arc-rta",
            "tags": {
              "project": "github-arc-rta"
            },
            "tags_all": {
              "project": "github-arc-rta"
            },
            "timeouts": null,
            "type": "STANDARD",
            "user_name": "arn:aws:sts::533267434488:assumed-role/KarpenterNodeRole-github-arc-rta/{{SessionName}}"
          },
          "sensitive_attributes": [],
          "private": "eyJlMmJmYjczMC1lY2FhLTExZTYtOGY4OC0zNDM2M2JjN2M0YzAiOnsiY3JlYXRlIjo2MDAwMDAwMDAwMDAsImRlbGV0ZSI6NjAwMDAwMDAwMDAwfX0=",
          "dependencies": [
            "aws_iam_role.karpenter_node_role",
            "data.aws_availability_zones.available",
            "data.aws_caller_identity.current",
            "data.aws_partition.current",
            "module.eks.aws_cloudwatch_log_group.this",
            "module.eks.aws_eks_cluster.this",
            "module.eks.aws_iam_policy.cni_ipv6_policy",
            "module.eks.aws_iam_role.eks_auto",
            "module.eks.aws_iam_role.this",
            "module.eks.aws_iam_role_policy_attachment.this",
            "module.eks.aws_security_group.cluster",
            "module.eks.aws_security_group.node",
            "module.eks.aws_security_group_rule.cluster",
            "module.eks.aws_security_group_rule.node",
            "module.eks.data.aws_caller_identity.current",
            "module.eks.data.aws_iam_policy_document.assume_role_policy",
            "module.eks.data.aws_iam_policy_document.cni_ipv6_policy",
            "module.eks.data.aws_iam_policy_document.node_assume_role_policy",
            "module.eks.data.aws_iam_session_context.current",
            "module.eks.data.aws_partition.current",
            "module.eks.module.kms.aws_kms_external_key.this",
            "module.eks.module.kms.aws_kms_key.this",
            "module.eks.module.kms.aws_kms_replica_external_key.this",
            "module.eks.module.kms.aws_kms_replica_key.this",
            "module.eks.module.kms.data.aws_caller_identity.current",
            "module.eks.module.kms.data.aws_iam_policy_document.this",
            "module.eks.module.kms.data.aws_partition.current",
            "module.vpc.aws_subnet.private",
            "module.vpc.aws_vpc.this",
            "module.vpc.aws_vpc_ipv4_cidr_block_association.this",
            "random_id.random_string"
          ]
        }
      ]
    },
    {
      "module": "module.eks",
      "mode": "managed",
      "type": "aws_eks_access_policy_association",
      "name": "this",
      "provider": "provider[\"registry.terraform.io/hashicorp/aws\"]",
      "instances": [
        {
          "index_key": "admin_admin",
          "schema_version": 0,
          "attributes": {
            "access_scope": [
              {
                "namespaces": [],
                "type": "cluster"
              }
            ],
            "associated_at": "2025-05-27 16:45:57.035 +0000 UTC",
            "cluster_name": "github-arc-rta",
            "id": "github-arc-rta#arn:aws:iam::533267434488:user/vardyng#arn:aws:eks::aws:cluster-access-policy/AmazonEKSClusterAdminPolicy",
            "modified_at": "2025-05-27 16:45:57.035 +0000 UTC",
            "policy_arn": "arn:aws:eks::aws:cluster-access-policy/AmazonEKSClusterAdminPolicy",
            "principal_arn": "arn:aws:iam::533267434488:user/vardyng",
            "timeouts": null
          },
          "sensitive_attributes": [],
          "private": "eyJlMmJmYjczMC1lY2FhLTExZTYtOGY4OC0zNDM2M2JjN2M0YzAiOnsiY3JlYXRlIjo2MDAwMDAwMDAwMDAsImRlbGV0ZSI6NjAwMDAwMDAwMDAwfX0=",
          "dependencies": [
            "aws_iam_role.karpenter_node_role",
            "data.aws_availability_zones.available",
            "data.aws_caller_identity.current",
            "data.aws_partition.current",
            "module.eks.aws_cloudwatch_log_group.this",
            "module.eks.aws_eks_access_entry.this",
            "module.eks.aws_eks_cluster.this",
            "module.eks.aws_iam_policy.cni_ipv6_policy",
            "module.eks.aws_iam_role.eks_auto",
            "module.eks.aws_iam_role.this",
            "module.eks.aws_iam_role_policy_attachment.this",
            "module.eks.aws_security_group.cluster",
            "module.eks.aws_security_group.node",
            "module.eks.aws_security_group_rule.cluster",
            "module.eks.aws_security_group_rule.node",
            "module.eks.data.aws_caller_identity.current",
            "module.eks.data.aws_iam_policy_document.assume_role_policy",
            "module.eks.data.aws_iam_policy_document.cni_ipv6_policy",
            "module.eks.data.aws_iam_policy_document.node_assume_role_policy",
            "module.eks.data.aws_iam_session_context.current",
            "module.eks.data.aws_partition.current",
            "module.eks.module.kms.aws_kms_external_key.this",
            "module.eks.module.kms.aws_kms_key.this",
            "module.eks.module.kms.aws_kms_replica_external_key.this",
            "module.eks.module.kms.aws_kms_replica_key.this",
            "module.eks.module.kms.data.aws_caller_identity.current",
            "module.eks.module.kms.data.aws_iam_policy_document.this",
            "module.eks.module.kms.data.aws_partition.current",
            "module.vpc.aws_subnet.private",
            "module.vpc.aws_vpc.this",
            "module.vpc.aws_vpc_ipv4_cidr_block_association.this",
            "random_id.random_string"
          ]
        },
        {
          "index_key": "karpenter_karpenter",
          "schema_version": 0,
          "attributes": {
            "access_scope": [
              {
                "namespaces": [],
                "type": "cluster"
              }
            ],
            "associated_at": "2025-05-27 16:45:56.972 +0000 UTC",
            "cluster_name": "github-arc-rta",
            "id": "github-arc-rta#arn:aws:iam::533267434488:role/KarpenterNodeRole-github-arc-rta#arn:aws:eks::aws:cluster-access-policy/AmazonEKSClusterAdminPolicy",
            "modified_at": "2025-05-27 16:45:56.972 +0000 UTC",
            "policy_arn": "arn:aws:eks::aws:cluster-access-policy/AmazonEKSClusterAdminPolicy",
            "principal_arn": "arn:aws:iam::533267434488:role/KarpenterNodeRole-github-arc-rta",
            "timeouts": null
          },
          "sensitive_attributes": [],
          "private": "eyJlMmJmYjczMC1lY2FhLTExZTYtOGY4OC0zNDM2M2JjN2M0YzAiOnsiY3JlYXRlIjo2MDAwMDAwMDAwMDAsImRlbGV0ZSI6NjAwMDAwMDAwMDAwfX0=",
          "dependencies": [
            "aws_iam_role.karpenter_node_role",
            "data.aws_availability_zones.available",
            "data.aws_caller_identity.current",
            "data.aws_partition.current",
            "module.eks.aws_cloudwatch_log_group.this",
            "module.eks.aws_eks_access_entry.this",
            "module.eks.aws_eks_cluster.this",
            "module.eks.aws_iam_policy.cni_ipv6_policy",
            "module.eks.aws_iam_role.eks_auto",
            "module.eks.aws_iam_role.this",
            "module.eks.aws_iam_role_policy_attachment.this",
            "module.eks.aws_security_group.cluster",
            "module.eks.aws_security_group.node",
            "module.eks.aws_security_group_rule.cluster",
            "module.eks.aws_security_group_rule.node",
            "module.eks.data.aws_caller_identity.current",
            "module.eks.data.aws_iam_policy_document.assume_role_policy",
            "module.eks.data.aws_iam_policy_document.cni_ipv6_policy",
            "module.eks.data.aws_iam_policy_document.node_assume_role_policy",
            "module.eks.data.aws_iam_session_context.current",
            "module.eks.data.aws_partition.current",
            "module.eks.module.kms.aws_kms_external_key.this",
            "module.eks.module.kms.aws_kms_key.this",
            "module.eks.module.kms.aws_kms_replica_external_key.this",
            "module.eks.module.kms.aws_kms_replica_key.this",
            "module.eks.module.kms.data.aws_caller_identity.current",
            "module.eks.module.kms.data.aws_iam_policy_document.this",
            "module.eks.module.kms.data.aws_partition.current",
            "module.vpc.aws_subnet.private",
            "module.vpc.aws_vpc.this",
            "module.vpc.aws_vpc_ipv4_cidr_block_association.this",
            "random_id.random_string"
          ]
        }
      ]
    },
    {
      "module": "module.eks",
      "mode": "managed",
      "type": "aws_eks_addon",
      "name": "before_compute",
      "provider": "provider[\"registry.terraform.io/hashicorp/aws\"]",
      "instances": []
    },
    {
      "module": "module.eks",
      "mode": "managed",
      "type": "aws_eks_addon",
      "name": "this",
      "provider": "provider[\"registry.terraform.io/hashicorp/aws\"]",
      "instances": [
        {
          "index_key": "aws-efs-csi-driver",
          "schema_version": 0,
          "attributes": {
            "addon_name": "aws-efs-csi-driver",
            "addon_version": "v2.1.8-eksbuild.1",
            "arn": "arn:aws:eks:us-east-1:533267434488:addon/github-arc-rta/aws-efs-csi-driver/68cb8955-45d1-39a0-50e6-e1d8efd26846",
            "cluster_name": "github-arc-rta",
            "configuration_values": "{\"controller\":{\"nodeSelector\":{\"controller-node\":\"true\"},\"replicaCount\":1,\"tolerations\":[{\"effect\":\"NoSchedule\",\"key\":\"controller-node\",\"operator\":\"Equal\",\"value\":\"true\"}]}}",
            "created_at": "2025-05-27T16:54:16Z",
            "id": "github-arc-rta:aws-efs-csi-driver",
            "modified_at": "2025-05-27T16:54:32Z",
            "pod_identity_association": [],
            "preserve": true,
            "resolve_conflicts": null,
            "resolve_conflicts_on_create": "OVERWRITE",
            "resolve_conflicts_on_update": "OVERWRITE",
            "service_account_role_arn": "arn:aws:iam::533267434488:role/github-arc-rta-efs_role",
            "tags": {
              "project": "github-arc-rta"
            },
            "tags_all": {
              "project": "github-arc-rta"
            },
            "timeouts": {
              "create": null,
              "delete": null,
              "update": null
            }
          },
          "sensitive_attributes": [],
          "private": "eyJlMmJmYjczMC1lY2FhLTExZTYtOGY4OC0zNDM2M2JjN2M0YzAiOnsiY3JlYXRlIjoxMjAwMDAwMDAwMDAwLCJkZWxldGUiOjI0MDAwMDAwMDAwMDAsInVwZGF0ZSI6MTIwMDAwMDAwMDAwMH19",
          "dependencies": [
            "aws_iam_role.efs_role",
            "data.aws_availability_zones.available",
            "data.aws_caller_identity.current",
            "module.eks.aws_cloudwatch_log_group.this",
            "module.eks.aws_eks_cluster.this",
            "module.eks.aws_iam_policy.cni_ipv6_policy",
            "module.eks.aws_iam_role.eks_auto",
            "module.eks.aws_iam_role.this",
            "module.eks.aws_iam_role_policy_attachment.this",
            "module.eks.aws_security_group.cluster",
            "module.eks.aws_security_group.node",
            "module.eks.aws_security_group_rule.cluster",
            "module.eks.aws_security_group_rule.node",
            "module.eks.data.aws_caller_identity.current",
            "module.eks.data.aws_eks_addon_version.this",
            "module.eks.data.aws_iam_policy_document.assume_role_policy",
            "module.eks.data.aws_iam_policy_document.cni_ipv6_policy",
            "module.eks.data.aws_iam_policy_document.node_assume_role_policy",
            "module.eks.data.aws_iam_session_context.current",
            "module.eks.data.aws_partition.current",
            "module.eks.module.eks_managed_node_group.aws_autoscaling_schedule.this",
            "module.eks.module.eks_managed_node_group.aws_eks_node_group.this",
            "module.eks.module.eks_managed_node_group.aws_iam_role.this",
            "module.eks.module.eks_managed_node_group.aws_iam_role_policy.this",
            "module.eks.module.eks_managed_node_group.aws_iam_role_policy_attachment.additional",
            "module.eks.module.eks_managed_node_group.aws_iam_role_policy_attachment.this",
            "module.eks.module.eks_managed_node_group.aws_launch_template.this",
            "module.eks.module.eks_managed_node_group.aws_placement_group.this",
            "module.eks.module.eks_managed_node_group.data.aws_caller_identity.current",
            "module.eks.module.eks_managed_node_group.data.aws_ec2_instance_type.this",
            "module.eks.module.eks_managed_node_group.data.aws_ec2_instance_type_offerings.this",
            "module.eks.module.eks_managed_node_group.data.aws_iam_policy_document.assume_role_policy",
            "module.eks.module.eks_managed_node_group.data.aws_iam_policy_document.role",
            "module.eks.module.eks_managed_node_group.data.aws_partition.current",
            "module.eks.module.eks_managed_node_group.data.aws_ssm_parameter.ami",
            "module.eks.module.eks_managed_node_group.data.aws_subnets.placement_group",
            "module.eks.module.eks_managed_node_group.module.user_data.data.cloudinit_config.al2023_eks_managed_node_group",
            "module.eks.module.eks_managed_node_group.module.user_data.data.cloudinit_config.linux_eks_managed_node_group",
            "module.eks.module.eks_managed_node_group.module.user_data.null_resource.validate_cluster_service_cidr",
            "module.eks.module.fargate_profile.aws_eks_fargate_profile.this",
            "module.eks.module.fargate_profile.aws_iam_role.this",
            "module.eks.module.fargate_profile.aws_iam_role_policy.this",
            "module.eks.module.fargate_profile.aws_iam_role_policy_attachment.additional",
            "module.eks.module.fargate_profile.aws_iam_role_policy_attachment.this",
            "module.eks.module.fargate_profile.data.aws_caller_identity.current",
            "module.eks.module.fargate_profile.data.aws_iam_policy_document.assume_role_policy",
            "module.eks.module.fargate_profile.data.aws_iam_policy_document.role",
            "module.eks.module.fargate_profile.data.aws_partition.current",
            "module.eks.module.fargate_profile.data.aws_region.current",
            "module.eks.module.kms.aws_kms_external_key.this",
            "module.eks.module.kms.aws_kms_key.this",
            "module.eks.module.kms.aws_kms_replica_external_key.this",
            "module.eks.module.kms.aws_kms_replica_key.this",
            "module.eks.module.kms.data.aws_caller_identity.current",
            "module.eks.module.kms.data.aws_iam_policy_document.this",
            "module.eks.module.kms.data.aws_partition.current",
            "module.eks.module.self_managed_node_group.aws_autoscaling_group.this",
            "module.eks.module.self_managed_node_group.aws_autoscaling_schedule.this",
            "module.eks.module.self_managed_node_group.aws_eks_access_entry.this",
            "module.eks.module.self_managed_node_group.aws_iam_instance_profile.this",
            "module.eks.module.self_managed_node_group.aws_iam_role.this",
            "module.eks.module.self_managed_node_group.aws_iam_role_policy.this",
            "module.eks.module.self_managed_node_group.aws_iam_role_policy_attachment.additional",
            "module.eks.module.self_managed_node_group.aws_iam_role_policy_attachment.this",
            "module.eks.module.self_managed_node_group.aws_launch_template.this",
            "module.eks.module.self_managed_node_group.aws_placement_group.this",
            "module.eks.module.self_managed_node_group.data.aws_caller_identity.current",
            "module.eks.module.self_managed_node_group.data.aws_ec2_instance_type.this",
            "module.eks.module.self_managed_node_group.data.aws_ec2_instance_type_offerings.this",
            "module.eks.module.self_managed_node_group.data.aws_iam_policy_document.assume_role_policy",
            "module.eks.module.self_managed_node_group.data.aws_iam_policy_document.role",
            "module.eks.module.self_managed_node_group.data.aws_partition.current",
            "module.eks.module.self_managed_node_group.data.aws_ssm_parameter.ami",
            "module.eks.module.self_managed_node_group.data.aws_subnets.placement_group",
            "module.eks.module.self_managed_node_group.module.user_data.data.cloudinit_config.al2023_eks_managed_node_group",
            "module.eks.module.self_managed_node_group.module.user_data.data.cloudinit_config.linux_eks_managed_node_group",
            "module.eks.module.self_managed_node_group.module.user_data.null_resource.validate_cluster_service_cidr",
            "module.eks.time_sleep.this",
            "module.vpc.aws_subnet.private",
            "module.vpc.aws_vpc.this",
            "module.vpc.aws_vpc_ipv4_cidr_block_association.this",
            "random_id.random_string"
          ]
        },
        {
          "index_key": "coredns",
          "schema_version": 0,
          "attributes": {
            "addon_name": "coredns",
            "addon_version": "v1.11.4-eksbuild.14",
            "arn": "arn:aws:eks:us-east-1:533267434488:addon/github-arc-rta/coredns/84cb8955-4286-c73e-67bf-b9e4d1186ecf",
            "cluster_name": "github-arc-rta",
            "configuration_values": "{\"nodeSelector\":{\"controller-node\":\"true\"},\"replicaCount\":1,\"tolerations\":[{\"effect\":\"NoSchedule\",\"key\":\"controller-node\",\"operator\":\"Equal\",\"value\":\"true\"}]}",
            "created_at": "2025-05-27T16:54:14Z",
            "id": "github-arc-rta:coredns",
            "modified_at": "2025-05-27T16:54:27Z",
            "pod_identity_association": [],
            "preserve": true,
            "resolve_conflicts": null,
            "resolve_conflicts_on_create": "OVERWRITE",
            "resolve_conflicts_on_update": "OVERWRITE",
            "service_account_role_arn": "",
            "tags": {
              "project": "github-arc-rta"
            },
            "tags_all": {
              "project": "github-arc-rta"
            },
            "timeouts": {
              "create": null,
              "delete": null,
              "update": null
            }
          },
          "sensitive_attributes": [],
          "private": "eyJlMmJmYjczMC1lY2FhLTExZTYtOGY4OC0zNDM2M2JjN2M0YzAiOnsiY3JlYXRlIjoxMjAwMDAwMDAwMDAwLCJkZWxldGUiOjI0MDAwMDAwMDAwMDAsInVwZGF0ZSI6MTIwMDAwMDAwMDAwMH19",
          "dependencies": [
            "aws_iam_role.efs_role",
            "data.aws_availability_zones.available",
            "data.aws_caller_identity.current",
            "module.eks.aws_cloudwatch_log_group.this",
            "module.eks.aws_eks_cluster.this",
            "module.eks.aws_iam_policy.cni_ipv6_policy",
            "module.eks.aws_iam_role.eks_auto",
            "module.eks.aws_iam_role.this",
            "module.eks.aws_iam_role_policy_attachment.this",
            "module.eks.aws_security_group.cluster",
            "module.eks.aws_security_group.node",
            "module.eks.aws_security_group_rule.cluster",
            "module.eks.aws_security_group_rule.node",
            "module.eks.data.aws_caller_identity.current",
            "module.eks.data.aws_eks_addon_version.this",
            "module.eks.data.aws_iam_policy_document.assume_role_policy",
            "module.eks.data.aws_iam_policy_document.cni_ipv6_policy",
            "module.eks.data.aws_iam_policy_document.node_assume_role_policy",
            "module.eks.data.aws_iam_session_context.current",
            "module.eks.data.aws_partition.current",
            "module.eks.module.eks_managed_node_group.aws_autoscaling_schedule.this",
            "module.eks.module.eks_managed_node_group.aws_eks_node_group.this",
            "module.eks.module.eks_managed_node_group.aws_iam_role.this",
            "module.eks.module.eks_managed_node_group.aws_iam_role_policy.this",
            "module.eks.module.eks_managed_node_group.aws_iam_role_policy_attachment.additional",
            "module.eks.module.eks_managed_node_group.aws_iam_role_policy_attachment.this",
            "module.eks.module.eks_managed_node_group.aws_launch_template.this",
            "module.eks.module.eks_managed_node_group.aws_placement_group.this",
            "module.eks.module.eks_managed_node_group.data.aws_caller_identity.current",
            "module.eks.module.eks_managed_node_group.data.aws_ec2_instance_type.this",
            "module.eks.module.eks_managed_node_group.data.aws_ec2_instance_type_offerings.this",
            "module.eks.module.eks_managed_node_group.data.aws_iam_policy_document.assume_role_policy",
            "module.eks.module.eks_managed_node_group.data.aws_iam_policy_document.role",
            "module.eks.module.eks_managed_node_group.data.aws_partition.current",
            "module.eks.module.eks_managed_node_group.data.aws_ssm_parameter.ami",
            "module.eks.module.eks_managed_node_group.data.aws_subnets.placement_group",
            "module.eks.module.eks_managed_node_group.module.user_data.data.cloudinit_config.al2023_eks_managed_node_group",
            "module.eks.module.eks_managed_node_group.module.user_data.data.cloudinit_config.linux_eks_managed_node_group",
            "module.eks.module.eks_managed_node_group.module.user_data.null_resource.validate_cluster_service_cidr",
            "module.eks.module.fargate_profile.aws_eks_fargate_profile.this",
            "module.eks.module.fargate_profile.aws_iam_role.this",
            "module.eks.module.fargate_profile.aws_iam_role_policy.this",
            "module.eks.module.fargate_profile.aws_iam_role_policy_attachment.additional",
            "module.eks.module.fargate_profile.aws_iam_role_policy_attachment.this",
            "module.eks.module.fargate_profile.data.aws_caller_identity.current",
            "module.eks.module.fargate_profile.data.aws_iam_policy_document.assume_role_policy",
            "module.eks.module.fargate_profile.data.aws_iam_policy_document.role",
            "module.eks.module.fargate_profile.data.aws_partition.current",
            "module.eks.module.fargate_profile.data.aws_region.current",
            "module.eks.module.kms.aws_kms_external_key.this",
            "module.eks.module.kms.aws_kms_key.this",
            "module.eks.module.kms.aws_kms_replica_external_key.this",
            "module.eks.module.kms.aws_kms_replica_key.this",
            "module.eks.module.kms.data.aws_caller_identity.current",
            "module.eks.module.kms.data.aws_iam_policy_document.this",
            "module.eks.module.kms.data.aws_partition.current",
            "module.eks.module.self_managed_node_group.aws_autoscaling_group.this",
            "module.eks.module.self_managed_node_group.aws_autoscaling_schedule.this",
            "module.eks.module.self_managed_node_group.aws_eks_access_entry.this",
            "module.eks.module.self_managed_node_group.aws_iam_instance_profile.this",
            "module.eks.module.self_managed_node_group.aws_iam_role.this",
            "module.eks.module.self_managed_node_group.aws_iam_role_policy.this",
            "module.eks.module.self_managed_node_group.aws_iam_role_policy_attachment.additional",
            "module.eks.module.self_managed_node_group.aws_iam_role_policy_attachment.this",
            "module.eks.module.self_managed_node_group.aws_launch_template.this",
            "module.eks.module.self_managed_node_group.aws_placement_group.this",
            "module.eks.module.self_managed_node_group.data.aws_caller_identity.current",
            "module.eks.module.self_managed_node_group.data.aws_ec2_instance_type.this",
            "module.eks.module.self_managed_node_group.data.aws_ec2_instance_type_offerings.this",
            "module.eks.module.self_managed_node_group.data.aws_iam_policy_document.assume_role_policy",
            "module.eks.module.self_managed_node_group.data.aws_iam_policy_document.role",
            "module.eks.module.self_managed_node_group.data.aws_partition.current",
            "module.eks.module.self_managed_node_group.data.aws_ssm_parameter.ami",
            "module.eks.module.self_managed_node_group.data.aws_subnets.placement_group",
            "module.eks.module.self_managed_node_group.module.user_data.data.cloudinit_config.al2023_eks_managed_node_group",
            "module.eks.module.self_managed_node_group.module.user_data.data.cloudinit_config.linux_eks_managed_node_group",
            "module.eks.module.self_managed_node_group.module.user_data.null_resource.validate_cluster_service_cidr",
            "module.eks.time_sleep.this",
            "module.vpc.aws_subnet.private",
            "module.vpc.aws_vpc.this",
            "module.vpc.aws_vpc_ipv4_cidr_block_association.this",
            "random_id.random_string"
          ]
        }
      ]
    },
    {
      "module": "module.eks",
      "mode": "managed",
      "type": "aws_eks_cluster",
      "name": "this",
      "provider": "provider[\"registry.terraform.io/hashicorp/aws\"]",
      "instances": [
        {
          "index_key": 0,
          "schema_version": 1,
          "attributes": {
            "access_config": [
              {
                "authentication_mode": "API_AND_CONFIG_MAP",
                "bootstrap_cluster_creator_admin_permissions": false
              }
            ],
            "arn": "arn:aws:eks:us-east-1:533267434488:cluster/github-arc-rta",
            "bootstrap_self_managed_addons": true,
            "certificate_authority": [
              {
                "data": "LS0tLS1CRUdJTiBDRVJUSUZJQ0FURS0tLS0tCk1JSURCVENDQWUyZ0F3SUJBZ0lJRkhORFFLWmNCTm93RFFZSktvWklodmNOQVFFTEJRQXdGVEVUTUJFR0ExVUUKQXhNS2EzVmlaWEp1WlhSbGN6QWVGdzB5TlRBMU1qY3hOak0xTkRoYUZ3MHpOVEExTWpVeE5qUXdORGhhTUJVeApFekFSQmdOVkJBTVRDbXQxWW1WeWJtVjBaWE13Z2dFaU1BMEdDU3FHU0liM0RRRUJBUVVBQTRJQkR3QXdnZ0VLCkFvSUJBUUMrV0FKUjlCa25ncWlwZzE4eVVGaDFlWW1ZN0hSTGQ1THdMRHozWUltYkdHZms1ZWYvT0ZUN1JLKzEKK2tZTGFHcWp1N1NnSFVQVFNFSzlxdndPVWVnT1NNSU9CSzUvK3phTHowcUQ4MEp5WjVGMWhVUFVWb2NTVVQ1cQpoZlBNZWhuQ2lMTWdjSFA5MHFKeWdXNk85NkVRZEJ0aFRkVEoxdy9uRXp4YW0yZjJUNVJQY1MzcWg5c3FVVmpkCnF3UE1PMzJ5dWZROFNSZ2VuSXZHZFpwSGRsOW4vNXVZN0d0UkJ2ckNjVUc3ZE9uUFFveTdjV2FxVjFsR2w3aUwKdXg4RUxTa3F5SHljbCs1TC9qWW9VZjNUeVpOWVp5UTcwaCt3aXArbkllMGlrNlJGMVRIVGRhR1NrVFlEcjNONApIQ2daWmo4QjhLK1oxVGpvY1B6bnpJd3lWeDNIQWdNQkFBR2pXVEJYTUE0R0ExVWREd0VCL3dRRUF3SUNwREFQCkJnTlZIUk1CQWY4RUJUQURBUUgvTUIwR0ExVWREZ1FXQkJRRWs0NWdYZFIzeGMreGJHazZTVjVNYzZmR1hEQVYKQmdOVkhSRUVEakFNZ2dwcmRXSmxjbTVsZEdWek1BMEdDU3FHU0liM0RRRUJDd1VBQTRJQkFRQnZSSGt2WGdVawpGRHRGMnl2SmhuTnAvdEtYOWpYMHFZWXJ3V01uRXZVV09BanVUNjkxQ3hVS1ZOMWJzM1BUWS9XaTNmTVdXSEhjCnVZNnJNQm1PUisyQ0Vxem5PNnlLaUtGUnZFREZGRkxUK1MzZUN3KzYzdXhyTUdTL25uRUlOOWdCLzRzZDEwR0cKZXQxa1h2cWcvUE9STk80bWlFREVEZ3JuRGZaSzhjcWdoUHE4NUZyTU9UNGpCbmlSSERvYjZ3L1JUVTU3bk9FcAp3cGJndmhzM0xtNmkwL1lYbmhTVlFSenlGeS91Qk1NeTNGU1BTdXFXWUVQczN2MHRrRDJzY0pVY3NDWUhnQktTCkllbnAxb3R3M1RaYzhLazQvdHVWcnIxaUtMOUs0TjE2T240VGF5cWRnaWdDZHI2eUIxUG9JTk9jVFhpT25sc0YKbXg1LzZ3TnFwOXZ3Ci0tLS0tRU5EIENFUlRJRklDQVRFLS0tLS0K"
              }
            ],
            "cluster_id": null,
            "compute_config": [],
            "created_at": "2025-05-27T16:36:02Z",
            "enabled_cluster_log_types": [
              "api",
              "audit",
              "authenticator"
            ],
            "encryption_config": [
              {
                "provider": [
                  {
                    "key_arn": "arn:aws:kms:us-east-1:533267434488:key/bae1ce48-2b95-47dc-b461-abafb37bc018"
                  }
                ],
                "resources": [
                  "secrets"
                ]
              }
            ],
            "endpoint": "https://FBEC9CB72DCD24B220482649E68D199F.gr7.us-east-1.eks.amazonaws.com",
            "force_update_version": null,
            "id": "github-arc-rta",
            "identity": [
              {
                "oidc": [
                  {
                    "issuer": "https://oidc.eks.us-east-1.amazonaws.com/id/FBEC9CB72DCD24B220482649E68D199F"
                  }
                ]
              }
            ],
            "kubernetes_network_config": [
              {
                "elastic_load_balancing": [
                  {
                    "enabled": false
                  }
                ],
                "ip_family": "ipv4",
                "service_ipv4_cidr": "172.20.0.0/16",
                "service_ipv6_cidr": ""
              }
            ],
            "name": "github-arc-rta",
            "outpost_config": [],
            "platform_version": "eks.34",
            "remote_network_config": [],
            "role_arn": "arn:aws:iam::533267434488:role/github-arc-rta-cluster-20250527163538834700000002",
            "status": "ACTIVE",
            "storage_config": [],
            "tags": {
              "project": "github-arc-rta",
              "terraform-aws-modules": "eks"
            },
            "tags_all": {
              "project": "github-arc-rta",
              "terraform-aws-modules": "eks"
            },
            "timeouts": {
              "create": null,
              "delete": null,
              "update": null
            },
            "upgrade_policy": [
              {
                "support_type": "EXTENDED"
              }
            ],
            "version": "1.30",
            "vpc_config": [
              {
                "cluster_security_group_id": "sg-0f38f3376fcc97e7f",
                "endpoint_private_access": true,
                "endpoint_public_access": true,
                "public_access_cidrs": [
                  "0.0.0.0/0"
                ],
                "security_group_ids": [
                  "sg-061192e2598833fa1"
                ],
                "subnet_ids": [
                  "subnet-010dfaeddf083facd",
                  "subnet-0258ba4f11d086470",
                  "subnet-0bcf49e5e6a1e478e"
                ],
                "vpc_id": "vpc-0d8bda893d1d6eea9"
              }
            ],
            "zonal_shift_config": []
          },
          "sensitive_attributes": [],
          "private": "eyJlMmJmYjczMC1lY2FhLTExZTYtOGY4OC0zNDM2M2JjN2M0YzAiOnsiY3JlYXRlIjoxODAwMDAwMDAwMDAwLCJkZWxldGUiOjkwMDAwMDAwMDAwMCwidXBkYXRlIjozNjAwMDAwMDAwMDAwfSwic2NoZW1hX3ZlcnNpb24iOiIxIn0=",
          "dependencies": [
            "data.aws_availability_zones.available",
            "module.eks.aws_cloudwatch_log_group.this",
            "module.eks.aws_iam_policy.cni_ipv6_policy",
            "module.eks.aws_iam_role.eks_auto",
            "module.eks.aws_iam_role.this",
            "module.eks.aws_iam_role_policy_attachment.this",
            "module.eks.aws_security_group.cluster",
            "module.eks.aws_security_group.node",
            "module.eks.aws_security_group_rule.cluster",
            "module.eks.aws_security_group_rule.node",
            "module.eks.data.aws_caller_identity.current",
            "module.eks.data.aws_iam_policy_document.assume_role_policy",
            "module.eks.data.aws_iam_policy_document.cni_ipv6_policy",
            "module.eks.data.aws_iam_policy_document.node_assume_role_policy",
            "module.eks.data.aws_iam_session_context.current",
            "module.eks.data.aws_partition.current",
            "module.eks.module.kms.aws_kms_external_key.this",
            "module.eks.module.kms.aws_kms_key.this",
            "module.eks.module.kms.aws_kms_replica_external_key.this",
            "module.eks.module.kms.aws_kms_replica_key.this",
            "module.eks.module.kms.data.aws_caller_identity.current",
            "module.eks.module.kms.data.aws_iam_policy_document.this",
            "module.eks.module.kms.data.aws_partition.current",
            "module.vpc.aws_subnet.private",
            "module.vpc.aws_vpc.this",
            "module.vpc.aws_vpc_ipv4_cidr_block_association.this",
            "random_id.random_string"
          ],
          "create_before_destroy": true
        }
      ]
    },
    {
      "module": "module.eks",
      "mode": "managed",
      "type": "aws_eks_identity_provider_config",
      "name": "this",
      "provider": "provider[\"registry.terraform.io/hashicorp/aws\"]",
      "instances": []
    },
    {
      "module": "module.eks",
      "mode": "managed",
      "type": "aws_iam_openid_connect_provider",
      "name": "oidc_provider",
      "provider": "provider[\"registry.terraform.io/hashicorp/aws\"]",
      "instances": [
        {
          "index_key": 0,
          "schema_version": 0,
          "attributes": {
            "arn": "arn:aws:iam::533267434488:oidc-provider/oidc.eks.us-east-1.amazonaws.com/id/FBEC9CB72DCD24B220482649E68D199F",
            "client_id_list": [
              "sts.amazonaws.com"
            ],
            "id": "arn:aws:iam::533267434488:oidc-provider/oidc.eks.us-east-1.amazonaws.com/id/FBEC9CB72DCD24B220482649E68D199F",
            "tags": {
              "Name": "github-arc-rta-eks-irsa",
              "project": "github-arc-rta"
            },
            "tags_all": {
              "Name": "github-arc-rta-eks-irsa",
              "project": "github-arc-rta"
            },
            "thumbprint_list": [
              "9e99a48a9960b14926bb7f3b02e22da2b0ab7280"
            ],
            "url": "oidc.eks.us-east-1.amazonaws.com/id/FBEC9CB72DCD24B220482649E68D199F"
          },
          "sensitive_attributes": [],
          "private": "bnVsbA==",
          "dependencies": [
            "data.aws_availability_zones.available",
            "module.eks.aws_cloudwatch_log_group.this",
            "module.eks.aws_eks_cluster.this",
            "module.eks.aws_iam_policy.cni_ipv6_policy",
            "module.eks.aws_iam_role.eks_auto",
            "module.eks.aws_iam_role.this",
            "module.eks.aws_iam_role_policy_attachment.this",
            "module.eks.aws_security_group.cluster",
            "module.eks.aws_security_group.node",
            "module.eks.aws_security_group_rule.cluster",
            "module.eks.aws_security_group_rule.node",
            "module.eks.data.aws_caller_identity.current",
            "module.eks.data.aws_iam_policy_document.assume_role_policy",
            "module.eks.data.aws_iam_policy_document.cni_ipv6_policy",
            "module.eks.data.aws_iam_policy_document.node_assume_role_policy",
            "module.eks.data.aws_iam_session_context.current",
            "module.eks.data.aws_partition.current",
            "module.eks.data.tls_certificate.this",
            "module.eks.module.kms.aws_kms_external_key.this",
            "module.eks.module.kms.aws_kms_key.this",
            "module.eks.module.kms.aws_kms_replica_external_key.this",
            "module.eks.module.kms.aws_kms_replica_key.this",
            "module.eks.module.kms.data.aws_caller_identity.current",
            "module.eks.module.kms.data.aws_iam_policy_document.this",
            "module.eks.module.kms.data.aws_partition.current",
            "module.vpc.aws_subnet.private",
            "module.vpc.aws_vpc.this",
            "module.vpc.aws_vpc_ipv4_cidr_block_association.this",
            "random_id.random_string"
          ]
        }
      ]
    },
    {
      "module": "module.eks",
      "mode": "managed",
      "type": "aws_iam_policy",
      "name": "cluster_encryption",
      "provider": "provider[\"registry.terraform.io/hashicorp/aws\"]",
      "instances": [
        {
          "index_key": 0,
          "schema_version": 0,
          "attributes": {
            "arn": "arn:aws:iam::533267434488:policy/github-arc-rta-cluster-ClusterEncryption20250527163559929200000012",
            "attachment_count": 1,
            "description": "Cluster encryption policy to allow cluster role to utilize CMK provided",
            "id": "arn:aws:iam::533267434488:policy/github-arc-rta-cluster-ClusterEncryption20250527163559929200000012",
            "name": "github-arc-rta-cluster-ClusterEncryption20250527163559929200000012",
            "name_prefix": "github-arc-rta-cluster-ClusterEncryption",
            "path": "/",
            "policy": "{\"Statement\":[{\"Action\":[\"kms:Encrypt\",\"kms:Decrypt\",\"kms:ListGrants\",\"kms:DescribeKey\"],\"Effect\":\"Allow\",\"Resource\":\"arn:aws:kms:us-east-1:533267434488:key/bae1ce48-2b95-47dc-b461-abafb37bc018\"}],\"Version\":\"2012-10-17\"}",
            "policy_id": "ANPAXYKJXJP4G7MA2EZIE",
            "tags": {
              "project": "github-arc-rta"
            },
            "tags_all": {
              "project": "github-arc-rta"
            }
          },
          "sensitive_attributes": [],
          "private": "bnVsbA==",
          "dependencies": [
            "module.eks.aws_iam_role.this",
            "module.eks.data.aws_caller_identity.current",
            "module.eks.data.aws_iam_policy_document.assume_role_policy",
            "module.eks.data.aws_iam_session_context.current",
            "module.eks.module.kms.aws_kms_external_key.this",
            "module.eks.module.kms.aws_kms_key.this",
            "module.eks.module.kms.aws_kms_replica_external_key.this",
            "module.eks.module.kms.aws_kms_replica_key.this",
            "module.eks.module.kms.data.aws_caller_identity.current",
            "module.eks.module.kms.data.aws_iam_policy_document.this",
            "module.eks.module.kms.data.aws_partition.current",
            "random_id.random_string"
          ]
        }
      ]
    },
    {
      "module": "module.eks",
      "mode": "managed",
      "type": "aws_iam_policy",
      "name": "cni_ipv6_policy",
      "provider": "provider[\"registry.terraform.io/hashicorp/aws\"]",
      "instances": []
    },
    {
      "module": "module.eks",
      "mode": "managed",
      "type": "aws_iam_policy",
      "name": "custom",
      "provider": "provider[\"registry.terraform.io/hashicorp/aws\"]",
      "instances": [
        {
          "index_key": 0,
          "schema_version": 0,
          "attributes": {
            "arn": "arn:aws:iam::533267434488:policy/github-arc-rta-cluster-20250527163538834600000001",
            "attachment_count": 1,
            "description": "",
            "id": "arn:aws:iam::533267434488:policy/github-arc-rta-cluster-20250527163538834600000001",
            "name": "github-arc-rta-cluster-20250527163538834600000001",
            "name_prefix": "github-arc-rta-cluster-",
            "path": "/",
            "policy": "{\"Statement\":[{\"Action\":[\"ec2:RunInstances\",\"ec2:CreateLaunchTemplate\",\"ec2:CreateFleet\"],\"Condition\":{\"StringEquals\":{\"aws:RequestTag/eks:eks-cluster-name\":\"${aws:PrincipalTag/eks:eks-cluster-name}\"},\"StringLike\":{\"aws:RequestTag/eks:kubernetes-node-class-name\":\"*\",\"aws:RequestTag/eks:kubernetes-node-pool-name\":\"*\"}},\"Effect\":\"Allow\",\"Resource\":\"*\",\"Sid\":\"Compute\"},{\"Action\":[\"ec2:CreateVolume\",\"ec2:CreateSnapshot\"],\"Condition\":{\"StringEquals\":{\"aws:RequestTag/eks:eks-cluster-name\":\"${aws:PrincipalTag/eks:eks-cluster-name}\"}},\"Effect\":\"Allow\",\"Resource\":[\"arn:aws:ec2:*:*:volume/*\",\"arn:aws:ec2:*:*:snapshot/*\"],\"Sid\":\"Storage\"},{\"Action\":\"ec2:CreateNetworkInterface\",\"Condition\":{\"StringEquals\":{\"aws:RequestTag/eks:eks-cluster-name\":\"${aws:PrincipalTag/eks:eks-cluster-name}\",\"aws:RequestTag/eks:kubernetes-cni-node-name\":\"*\"}},\"Effect\":\"Allow\",\"Resource\":\"*\",\"Sid\":\"Networking\"},{\"Action\":[\"elasticloadbalancing:CreateTargetGroup\",\"elasticloadbalancing:CreateRule\",\"elasticloadbalancing:CreateLoadBalancer\",\"elasticloadbalancing:CreateListener\",\"ec2:CreateSecurityGroup\"],\"Condition\":{\"StringEquals\":{\"aws:RequestTag/eks:eks-cluster-name\":\"${aws:PrincipalTag/eks:eks-cluster-name}\"}},\"Effect\":\"Allow\",\"Resource\":\"*\",\"Sid\":\"LoadBalancer\"},{\"Action\":\"shield:CreateProtection\",\"Condition\":{\"StringEquals\":{\"aws:RequestTag/eks:eks-cluster-name\":\"${aws:PrincipalTag/eks:eks-cluster-name}\"}},\"Effect\":\"Allow\",\"Resource\":\"*\",\"Sid\":\"ShieldProtection\"},{\"Action\":\"shield:TagResource\",\"Condition\":{\"StringEquals\":{\"aws:RequestTag/eks:eks-cluster-name\":\"${aws:PrincipalTag/eks:eks-cluster-name}\"}},\"Effect\":\"Allow\",\"Resource\":\"arn:aws:shield::*:protection/*\",\"Sid\":\"ShieldTagResource\"}],\"Version\":\"2012-10-17\"}",
            "policy_id": "ANPAXYKJXJP4A3LJYYT7R",
            "tags": {
              "project": "github-arc-rta"
            },
            "tags_all": {
              "project": "github-arc-rta"
            }
          },
          "sensitive_attributes": [],
          "private": "bnVsbA==",
          "dependencies": [
            "module.eks.data.aws_iam_policy_document.custom",
            "module.eks.data.aws_partition.current",
            "random_id.random_string"
          ]
        }
      ]
    },
    {
      "module": "module.eks",
      "mode": "managed",
      "type": "aws_iam_role",
      "name": "eks_auto",
      "provider": "provider[\"registry.terraform.io/hashicorp/aws\"]",
      "instances": []
    },
    {
      "module": "module.eks",
      "mode": "managed",
      "type": "aws_iam_role",
      "name": "this",
      "provider": "provider[\"registry.terraform.io/hashicorp/aws\"]",
      "instances": [
        {
          "index_key": 0,
          "schema_version": 0,
          "attributes": {
            "arn": "arn:aws:iam::533267434488:role/github-arc-rta-cluster-20250527163538834700000002",
            "assume_role_policy": "{\"Statement\":[{\"Action\":[\"sts:TagSession\",\"sts:AssumeRole\"],\"Effect\":\"Allow\",\"Principal\":{\"Service\":\"eks.amazonaws.com\"},\"Sid\":\"EKSClusterAssumeRole\"}],\"Version\":\"2012-10-17\"}",
            "create_date": "2025-05-27T16:35:39Z",
            "description": "",
            "force_detach_policies": true,
            "id": "github-arc-rta-cluster-20250527163538834700000002",
            "inline_policy": [],
            "managed_policy_arns": [
              "arn:aws:iam::533267434488:policy/github-arc-rta-cluster-20250527163538834600000001",
              "arn:aws:iam::533267434488:policy/github-arc-rta-cluster-ClusterEncryption20250527163559929200000012",
              "arn:aws:iam::aws:policy/AmazonEKSClusterPolicy",
              "arn:aws:iam::aws:policy/AmazonEKSVPCResourceController"
            ],
            "max_session_duration": 3600,
            "name": "github-arc-rta-cluster-20250527163538834700000002",
            "name_prefix": "github-arc-rta-cluster-",
            "path": "/",
            "permissions_boundary": "",
            "tags": {
              "project": "github-arc-rta"
            },
            "tags_all": {
              "project": "github-arc-rta"
            },
            "unique_id": "AROAXYKJXJP4NBGBM7TWY"
          },
          "sensitive_attributes": [],
          "private": "bnVsbA==",
          "dependencies": [
            "module.eks.data.aws_iam_policy_document.assume_role_policy",
            "random_id.random_string"
          ],
          "create_before_destroy": true
        }
      ]
    },
    {
      "module": "module.eks",
      "mode": "managed",
      "type": "aws_iam_role_policy_attachment",
      "name": "additional",
      "provider": "provider[\"registry.terraform.io/hashicorp/aws\"]",
      "instances": []
    },
    {
      "module": "module.eks",
      "mode": "managed",
      "type": "aws_iam_role_policy_attachment",
      "name": "cluster_encryption",
      "provider": "provider[\"registry.terraform.io/hashicorp/aws\"]",
      "instances": [
        {
          "index_key": 0,
          "schema_version": 0,
          "attributes": {
            "id": "github-arc-rta-cluster-20250527163538834700000002-20250527163600212900000013",
            "policy_arn": "arn:aws:iam::533267434488:policy/github-arc-rta-cluster-ClusterEncryption20250527163559929200000012",
            "role": "github-arc-rta-cluster-20250527163538834700000002"
          },
          "sensitive_attributes": [],
          "private": "bnVsbA==",
          "dependencies": [
            "module.eks.aws_iam_policy.cluster_encryption",
            "module.eks.aws_iam_role.this",
            "module.eks.data.aws_caller_identity.current",
            "module.eks.data.aws_iam_policy_document.assume_role_policy",
            "module.eks.data.aws_iam_session_context.current",
            "module.eks.module.kms.aws_kms_external_key.this",
            "module.eks.module.kms.aws_kms_key.this",
            "module.eks.module.kms.aws_kms_replica_external_key.this",
            "module.eks.module.kms.aws_kms_replica_key.this",
            "module.eks.module.kms.data.aws_caller_identity.current",
            "module.eks.module.kms.data.aws_iam_policy_document.this",
            "module.eks.module.kms.data.aws_partition.current",
            "random_id.random_string"
          ]
        }
      ]
    },
    {
      "module": "module.eks",
      "mode": "managed",
      "type": "aws_iam_role_policy_attachment",
      "name": "custom",
      "provider": "provider[\"registry.terraform.io/hashicorp/aws\"]",
      "instances": [
        {
          "index_key": 0,
          "schema_version": 0,
          "attributes": {
            "id": "github-arc-rta-cluster-20250527163538834700000002-2025052716353945750000000d",
            "policy_arn": "arn:aws:iam::533267434488:policy/github-arc-rta-cluster-20250527163538834600000001",
            "role": "github-arc-rta-cluster-20250527163538834700000002"
          },
          "sensitive_attributes": [],
          "private": "bnVsbA==",
          "dependencies": [
            "module.eks.aws_iam_policy.custom",
            "module.eks.aws_iam_role.this",
            "module.eks.data.aws_iam_policy_document.assume_role_policy",
            "module.eks.data.aws_iam_policy_document.custom",
            "module.eks.data.aws_partition.current",
            "random_id.random_string"
          ]
        }
      ]
    },
    {
      "module": "module.eks",
      "mode": "managed",
      "type": "aws_iam_role_policy_attachment",
      "name": "eks_auto",
      "provider": "provider[\"registry.terraform.io/hashicorp/aws\"]",
      "instances": []
    },
    {
      "module": "module.eks",
      "mode": "managed",
      "type": "aws_iam_role_policy_attachment",
      "name": "eks_auto_additional",
      "provider": "provider[\"registry.terraform.io/hashicorp/aws\"]",
      "instances": []
    },
    {
      "module": "module.eks",
      "mode": "managed",
      "type": "aws_iam_role_policy_attachment",
      "name": "this",
      "provider": "provider[\"registry.terraform.io/hashicorp/aws\"]",
      "instances": [
        {
          "index_key": "AmazonEKSClusterPolicy",
          "schema_version": 0,
          "attributes": {
            "id": "github-arc-rta-cluster-20250527163538834700000002-2025052716353942750000000c",
            "policy_arn": "arn:aws:iam::aws:policy/AmazonEKSClusterPolicy",
            "role": "github-arc-rta-cluster-20250527163538834700000002"
          },
          "sensitive_attributes": [],
          "private": "bnVsbA==",
          "dependencies": [
            "module.eks.aws_iam_role.this",
            "module.eks.data.aws_iam_policy_document.assume_role_policy",
            "module.eks.data.aws_partition.current",
            "random_id.random_string"
          ],
          "create_before_destroy": true
        },
        {
          "index_key": "AmazonEKSVPCResourceController",
          "schema_version": 0,
          "attributes": {
            "id": "github-arc-rta-cluster-20250527163538834700000002-2025052716353942330000000b",
            "policy_arn": "arn:aws:iam::aws:policy/AmazonEKSVPCResourceController",
            "role": "github-arc-rta-cluster-20250527163538834700000002"
          },
          "sensitive_attributes": [],
          "private": "bnVsbA==",
          "dependencies": [
            "module.eks.aws_iam_role.this",
            "module.eks.data.aws_iam_policy_document.assume_role_policy",
            "module.eks.data.aws_partition.current",
            "random_id.random_string"
          ],
          "create_before_destroy": true
        }
      ]
    },
    {
      "module": "module.eks",
      "mode": "managed",
      "type": "aws_security_group",
      "name": "cluster",
      "provider": "provider[\"registry.terraform.io/hashicorp/aws\"]",
      "instances": [
        {
          "index_key": 0,
          "schema_version": 1,
          "attributes": {
            "arn": "arn:aws:ec2:us-east-1:533267434488:security-group/sg-061192e2598833fa1",
            "description": "EKS cluster security group",
            "egress": [],
            "id": "sg-061192e2598833fa1",
            "ingress": [
              {
                "cidr_blocks": [],
                "description": "Node groups to cluster API",
                "from_port": 443,
                "ipv6_cidr_blocks": [],
                "prefix_list_ids": [],
                "protocol": "tcp",
                "security_groups": [
                  "sg-00aeee10ac8c050c0"
                ],
                "self": false,
                "to_port": 443
              }
            ],
            "name": "github-arc-rta-cluster-2025052716355048970000000f",
            "name_prefix": "github-arc-rta-cluster-",
            "owner_id": "533267434488",
            "revoke_rules_on_delete": false,
            "tags": {
              "Name": "github-arc-rta-cluster",
              "project": "github-arc-rta"
            },
            "tags_all": {
              "Name": "github-arc-rta-cluster",
              "project": "github-arc-rta"
            },
            "timeouts": null,
            "vpc_id": "vpc-0d8bda893d1d6eea9"
          },
          "sensitive_attributes": [],
          "private": "eyJlMmJmYjczMC1lY2FhLTExZTYtOGY4OC0zNDM2M2JjN2M0YzAiOnsiY3JlYXRlIjo2MDAwMDAwMDAwMDAsImRlbGV0ZSI6OTAwMDAwMDAwMDAwfSwic2NoZW1hX3ZlcnNpb24iOiIxIn0=",
          "dependencies": [
            "module.vpc.aws_vpc.this",
            "random_id.random_string"
          ],
          "create_before_destroy": true
        }
      ]
    },
    {
      "module": "module.eks",
      "mode": "managed",
      "type": "aws_security_group",
      "name": "node",
      "provider": "provider[\"registry.terraform.io/hashicorp/aws\"]",
      "instances": [
        {
          "index_key": 0,
          "schema_version": 1,
          "attributes": {
            "arn": "arn:aws:ec2:us-east-1:533267434488:security-group/sg-00aeee10ac8c050c0",
            "description": "EKS node shared security group",
            "egress": [
              {
                "cidr_blocks": [
                  "0.0.0.0/0"
                ],
                "description": "Allow all egress",
                "from_port": 0,
                "ipv6_cidr_blocks": [],
                "prefix_list_ids": [],
                "protocol": "-1",
                "security_groups": [],
                "self": false,
                "to_port": 0
              }
            ],
            "id": "sg-00aeee10ac8c050c0",
            "ingress": [
              {
                "cidr_blocks": [],
                "description": "Cluster API to node 4443/tcp webhook",
                "from_port": 4443,
                "ipv6_cidr_blocks": [],
                "prefix_list_ids": [],
                "protocol": "tcp",
                "security_groups": [
                  "sg-061192e2598833fa1"
                ],
                "self": false,
                "to_port": 4443
              },
              {
                "cidr_blocks": [],
                "description": "Cluster API to node 6443/tcp webhook",
                "from_port": 6443,
                "ipv6_cidr_blocks": [],
                "prefix_list_ids": [],
                "protocol": "tcp",
                "security_groups": [
                  "sg-061192e2598833fa1"
                ],
                "self": false,
                "to_port": 6443
              },
              {
                "cidr_blocks": [],
                "description": "Cluster API to node 8443/tcp webhook",
                "from_port": 8443,
                "ipv6_cidr_blocks": [],
                "prefix_list_ids": [],
                "protocol": "tcp",
                "security_groups": [
                  "sg-061192e2598833fa1"
                ],
                "self": false,
                "to_port": 8443
              },
              {
                "cidr_blocks": [],
                "description": "Cluster API to node 9443/tcp webhook",
                "from_port": 9443,
                "ipv6_cidr_blocks": [],
                "prefix_list_ids": [],
                "protocol": "tcp",
                "security_groups": [
                  "sg-061192e2598833fa1"
                ],
                "self": false,
                "to_port": 9443
              },
              {
                "cidr_blocks": [],
                "description": "Cluster API to node groups",
                "from_port": 443,
                "ipv6_cidr_blocks": [],
                "prefix_list_ids": [],
                "protocol": "tcp",
                "security_groups": [
                  "sg-061192e2598833fa1"
                ],
                "self": false,
                "to_port": 443
              },
              {
                "cidr_blocks": [],
                "description": "Cluster API to node kubelets",
                "from_port": 10250,
                "ipv6_cidr_blocks": [],
                "prefix_list_ids": [],
                "protocol": "tcp",
                "security_groups": [
                  "sg-061192e2598833fa1"
                ],
                "self": false,
                "to_port": 10250
              },
              {
                "cidr_blocks": [],
                "description": "Node to node CoreDNS UDP",
                "from_port": 53,
                "ipv6_cidr_blocks": [],
                "prefix_list_ids": [],
                "protocol": "udp",
                "security_groups": [],
                "self": true,
                "to_port": 53
              },
              {
                "cidr_blocks": [],
                "description": "Node to node CoreDNS",
                "from_port": 53,
                "ipv6_cidr_blocks": [],
                "prefix_list_ids": [],
                "protocol": "tcp",
                "security_groups": [],
                "self": true,
                "to_port": 53
              },
              {
                "cidr_blocks": [],
                "description": "Node to node ingress on ephemeral ports",
                "from_port": 1025,
                "ipv6_cidr_blocks": [],
                "prefix_list_ids": [],
                "protocol": "tcp",
                "security_groups": [],
                "self": true,
                "to_port": 65535
              }
            ],
            "name": "github-arc-rta-node-20250527163551129600000011",
            "name_prefix": "github-arc-rta-node-",
            "owner_id": "533267434488",
            "revoke_rules_on_delete": false,
            "tags": {
              "Name": "github-arc-rta-node",
              "karpenter.sh/discovery": "github-arc-rta",
              "kubernetes.io/cluster/github-arc-rta": "owned",
              "project": "github-arc-rta"
            },
            "tags_all": {
              "Name": "github-arc-rta-node",
              "karpenter.sh/discovery": "github-arc-rta",
              "kubernetes.io/cluster/github-arc-rta": "owned",
              "project": "github-arc-rta"
            },
            "timeouts": null,
            "vpc_id": "vpc-0d8bda893d1d6eea9"
          },
          "sensitive_attributes": [],
          "private": "eyJlMmJmYjczMC1lY2FhLTExZTYtOGY4OC0zNDM2M2JjN2M0YzAiOnsiY3JlYXRlIjo2MDAwMDAwMDAwMDAsImRlbGV0ZSI6OTAwMDAwMDAwMDAwfSwic2NoZW1hX3ZlcnNpb24iOiIxIn0=",
          "dependencies": [
            "module.vpc.aws_vpc.this",
            "random_id.random_string"
          ],
          "create_before_destroy": true
        }
      ]
    },
    {
      "module": "module.eks",
      "mode": "managed",
      "type": "aws_security_group_rule",
      "name": "cluster",
      "provider": "provider[\"registry.terraform.io/hashicorp/aws\"]",
      "instances": [
        {
          "index_key": "ingress_nodes_443",
          "schema_version": 2,
          "attributes": {
            "cidr_blocks": null,
            "description": "Node groups to cluster API",
            "from_port": 443,
            "id": "sgrule-1407117955",
            "ipv6_cidr_blocks": null,
            "prefix_list_ids": null,
            "protocol": "tcp",
            "security_group_id": "sg-061192e2598833fa1",
            "security_group_rule_id": "sgr-0159fb5e6602d0602",
            "self": false,
            "source_security_group_id": "sg-00aeee10ac8c050c0",
            "timeouts": null,
            "to_port": 443,
            "type": "ingress"
          },
          "sensitive_attributes": [],
          "private": "eyJlMmJmYjczMC1lY2FhLTExZTYtOGY4OC0zNDM2M2JjN2M0YzAiOnsiY3JlYXRlIjozMDAwMDAwMDAwMDB9LCJzY2hlbWFfdmVyc2lvbiI6IjIifQ==",
          "dependencies": [
            "module.eks.aws_security_group.cluster",
            "module.eks.aws_security_group.node",
            "module.vpc.aws_vpc.this",
            "random_id.random_string"
          ],
          "create_before_destroy": true
        }
      ]
    },
    {
      "module": "module.eks",
      "mode": "managed",
      "type": "aws_security_group_rule",
      "name": "node",
      "provider": "provider[\"registry.terraform.io/hashicorp/aws\"]",
      "instances": [
        {
          "index_key": "egress_all",
          "schema_version": 2,
          "attributes": {
            "cidr_blocks": [
              "0.0.0.0/0"
            ],
            "description": "Allow all egress",
            "from_port": 0,
            "id": "sgrule-3116254719",
            "ipv6_cidr_blocks": null,
            "prefix_list_ids": [],
            "protocol": "-1",
            "security_group_id": "sg-00aeee10ac8c050c0",
            "security_group_rule_id": "sgr-04a7e235f20cf8993",
            "self": false,
            "source_security_group_id": null,
            "timeouts": null,
            "to_port": 0,
            "type": "egress"
          },
          "sensitive_attributes": [],
          "private": "eyJlMmJmYjczMC1lY2FhLTExZTYtOGY4OC0zNDM2M2JjN2M0YzAiOnsiY3JlYXRlIjozMDAwMDAwMDAwMDB9LCJzY2hlbWFfdmVyc2lvbiI6IjIifQ==",
          "dependencies": [
            "module.eks.aws_security_group.cluster",
            "module.eks.aws_security_group.node",
            "module.vpc.aws_vpc.this",
            "random_id.random_string"
          ],
          "create_before_destroy": true
        },
        {
          "index_key": "ingress_cluster_443",
          "schema_version": 2,
          "attributes": {
            "cidr_blocks": null,
            "description": "Cluster API to node groups",
            "from_port": 443,
            "id": "sgrule-1091058243",
            "ipv6_cidr_blocks": null,
            "prefix_list_ids": [],
            "protocol": "tcp",
            "security_group_id": "sg-00aeee10ac8c050c0",
            "security_group_rule_id": "sgr-0881d627d30d48385",
            "self": false,
            "source_security_group_id": "sg-061192e2598833fa1",
            "timeouts": null,
            "to_port": 443,
            "type": "ingress"
          },
          "sensitive_attributes": [],
          "private": "eyJlMmJmYjczMC1lY2FhLTExZTYtOGY4OC0zNDM2M2JjN2M0YzAiOnsiY3JlYXRlIjozMDAwMDAwMDAwMDB9LCJzY2hlbWFfdmVyc2lvbiI6IjIifQ==",
          "dependencies": [
            "module.eks.aws_security_group.cluster",
            "module.eks.aws_security_group.node",
            "module.vpc.aws_vpc.this",
            "random_id.random_string"
          ],
          "create_before_destroy": true
        },
        {
          "index_key": "ingress_cluster_4443_webhook",
          "schema_version": 2,
          "attributes": {
            "cidr_blocks": null,
            "description": "Cluster API to node 4443/tcp webhook",
            "from_port": 4443,
            "id": "sgrule-2505879694",
            "ipv6_cidr_blocks": null,
            "prefix_list_ids": [],
            "protocol": "tcp",
            "security_group_id": "sg-00aeee10ac8c050c0",
            "security_group_rule_id": "sgr-02163ce4892a2400e",
            "self": false,
            "source_security_group_id": "sg-061192e2598833fa1",
            "timeouts": null,
            "to_port": 4443,
            "type": "ingress"
          },
          "sensitive_attributes": [],
          "private": "eyJlMmJmYjczMC1lY2FhLTExZTYtOGY4OC0zNDM2M2JjN2M0YzAiOnsiY3JlYXRlIjozMDAwMDAwMDAwMDB9LCJzY2hlbWFfdmVyc2lvbiI6IjIifQ==",
          "dependencies": [
            "module.eks.aws_security_group.cluster",
            "module.eks.aws_security_group.node",
            "module.vpc.aws_vpc.this",
            "random_id.random_string"
          ],
          "create_before_destroy": true
        },
        {
          "index_key": "ingress_cluster_6443_webhook",
          "schema_version": 2,
          "attributes": {
            "cidr_blocks": null,
            "description": "Cluster API to node 6443/tcp webhook",
            "from_port": 6443,
            "id": "sgrule-1545525016",
            "ipv6_cidr_blocks": null,
            "prefix_list_ids": [],
            "protocol": "tcp",
            "security_group_id": "sg-00aeee10ac8c050c0",
            "security_group_rule_id": "sgr-01ef301b20543226f",
            "self": false,
            "source_security_group_id": "sg-061192e2598833fa1",
            "timeouts": null,
            "to_port": 6443,
            "type": "ingress"
          },
          "sensitive_attributes": [],
          "private": "eyJlMmJmYjczMC1lY2FhLTExZTYtOGY4OC0zNDM2M2JjN2M0YzAiOnsiY3JlYXRlIjozMDAwMDAwMDAwMDB9LCJzY2hlbWFfdmVyc2lvbiI6IjIifQ==",
          "dependencies": [
            "module.eks.aws_security_group.cluster",
            "module.eks.aws_security_group.node",
            "module.vpc.aws_vpc.this",
            "random_id.random_string"
          ],
          "create_before_destroy": true
        },
        {
          "index_key": "ingress_cluster_8443_webhook",
          "schema_version": 2,
          "attributes": {
            "cidr_blocks": null,
            "description": "Cluster API to node 8443/tcp webhook",
            "from_port": 8443,
            "id": "sgrule-1329785657",
            "ipv6_cidr_blocks": null,
            "prefix_list_ids": [],
            "protocol": "tcp",
            "security_group_id": "sg-00aeee10ac8c050c0",
            "security_group_rule_id": "sgr-0b646bca40e11106b",
            "self": false,
            "source_security_group_id": "sg-061192e2598833fa1",
            "timeouts": null,
            "to_port": 8443,
            "type": "ingress"
          },
          "sensitive_attributes": [],
          "private": "eyJlMmJmYjczMC1lY2FhLTExZTYtOGY4OC0zNDM2M2JjN2M0YzAiOnsiY3JlYXRlIjozMDAwMDAwMDAwMDB9LCJzY2hlbWFfdmVyc2lvbiI6IjIifQ==",
          "dependencies": [
            "module.eks.aws_security_group.cluster",
            "module.eks.aws_security_group.node",
            "module.vpc.aws_vpc.this",
            "random_id.random_string"
          ],
          "create_before_destroy": true
        },
        {
          "index_key": "ingress_cluster_9443_webhook",
          "schema_version": 2,
          "attributes": {
            "cidr_blocks": null,
            "description": "Cluster API to node 9443/tcp webhook",
            "from_port": 9443,
            "id": "sgrule-736352498",
            "ipv6_cidr_blocks": null,
            "prefix_list_ids": [],
            "protocol": "tcp",
            "security_group_id": "sg-00aeee10ac8c050c0",
            "security_group_rule_id": "sgr-0eb5a3d77ad615cfc",
            "self": false,
            "source_security_group_id": "sg-061192e2598833fa1",
            "timeouts": null,
            "to_port": 9443,
            "type": "ingress"
          },
          "sensitive_attributes": [],
          "private": "eyJlMmJmYjczMC1lY2FhLTExZTYtOGY4OC0zNDM2M2JjN2M0YzAiOnsiY3JlYXRlIjozMDAwMDAwMDAwMDB9LCJzY2hlbWFfdmVyc2lvbiI6IjIifQ==",
          "dependencies": [
            "module.eks.aws_security_group.cluster",
            "module.eks.aws_security_group.node",
            "module.vpc.aws_vpc.this",
            "random_id.random_string"
          ],
          "create_before_destroy": true
        },
        {
          "index_key": "ingress_cluster_kubelet",
          "schema_version": 2,
          "attributes": {
            "cidr_blocks": null,
            "description": "Cluster API to node kubelets",
            "from_port": 10250,
            "id": "sgrule-1560506473",
            "ipv6_cidr_blocks": null,
            "prefix_list_ids": [],
            "protocol": "tcp",
            "security_group_id": "sg-00aeee10ac8c050c0",
            "security_group_rule_id": "sgr-02684780ba218466e",
            "self": false,
            "source_security_group_id": "sg-061192e2598833fa1",
            "timeouts": null,
            "to_port": 10250,
            "type": "ingress"
          },
          "sensitive_attributes": [],
          "private": "eyJlMmJmYjczMC1lY2FhLTExZTYtOGY4OC0zNDM2M2JjN2M0YzAiOnsiY3JlYXRlIjozMDAwMDAwMDAwMDB9LCJzY2hlbWFfdmVyc2lvbiI6IjIifQ==",
          "dependencies": [
            "module.eks.aws_security_group.cluster",
            "module.eks.aws_security_group.node",
            "module.vpc.aws_vpc.this",
            "random_id.random_string"
          ],
          "create_before_destroy": true
        },
        {
          "index_key": "ingress_nodes_ephemeral",
          "schema_version": 2,
          "attributes": {
            "cidr_blocks": null,
            "description": "Node to node ingress on ephemeral ports",
            "from_port": 1025,
            "id": "sgrule-286557573",
            "ipv6_cidr_blocks": null,
            "prefix_list_ids": [],
            "protocol": "tcp",
            "security_group_id": "sg-00aeee10ac8c050c0",
            "security_group_rule_id": "sgr-0303c3faf282a6e63",
            "self": true,
            "source_security_group_id": null,
            "timeouts": null,
            "to_port": 65535,
            "type": "ingress"
          },
          "sensitive_attributes": [],
          "private": "eyJlMmJmYjczMC1lY2FhLTExZTYtOGY4OC0zNDM2M2JjN2M0YzAiOnsiY3JlYXRlIjozMDAwMDAwMDAwMDB9LCJzY2hlbWFfdmVyc2lvbiI6IjIifQ==",
          "dependencies": [
            "module.eks.aws_security_group.cluster",
            "module.eks.aws_security_group.node",
            "module.vpc.aws_vpc.this",
            "random_id.random_string"
          ],
          "create_before_destroy": true
        },
        {
          "index_key": "ingress_self_coredns_tcp",
          "schema_version": 2,
          "attributes": {
            "cidr_blocks": null,
            "description": "Node to node CoreDNS",
            "from_port": 53,
            "id": "sgrule-3606966327",
            "ipv6_cidr_blocks": null,
            "prefix_list_ids": [],
            "protocol": "tcp",
            "security_group_id": "sg-00aeee10ac8c050c0",
            "security_group_rule_id": "sgr-0eb957b467f7bb115",
            "self": true,
            "source_security_group_id": null,
            "timeouts": null,
            "to_port": 53,
            "type": "ingress"
          },
          "sensitive_attributes": [],
          "private": "eyJlMmJmYjczMC1lY2FhLTExZTYtOGY4OC0zNDM2M2JjN2M0YzAiOnsiY3JlYXRlIjozMDAwMDAwMDAwMDB9LCJzY2hlbWFfdmVyc2lvbiI6IjIifQ==",
          "dependencies": [
            "module.eks.aws_security_group.cluster",
            "module.eks.aws_security_group.node",
            "module.vpc.aws_vpc.this",
            "random_id.random_string"
          ],
          "create_before_destroy": true
        },
        {
          "index_key": "ingress_self_coredns_udp",
          "schema_version": 2,
          "attributes": {
            "cidr_blocks": null,
            "description": "Node to node CoreDNS UDP",
            "from_port": 53,
            "id": "sgrule-1923240920",
            "ipv6_cidr_blocks": null,
            "prefix_list_ids": [],
            "protocol": "udp",
            "security_group_id": "sg-00aeee10ac8c050c0",
            "security_group_rule_id": "sgr-004223e81719f25c8",
            "self": true,
            "source_security_group_id": null,
            "timeouts": null,
            "to_port": 53,
            "type": "ingress"
          },
          "sensitive_attributes": [],
          "private": "eyJlMmJmYjczMC1lY2FhLTExZTYtOGY4OC0zNDM2M2JjN2M0YzAiOnsiY3JlYXRlIjozMDAwMDAwMDAwMDB9LCJzY2hlbWFfdmVyc2lvbiI6IjIifQ==",
          "dependencies": [
            "module.eks.aws_security_group.cluster",
            "module.eks.aws_security_group.node",
            "module.vpc.aws_vpc.this",
            "random_id.random_string"
          ],
          "create_before_destroy": true
        }
      ]
    },
    {
      "module": "module.eks",
      "mode": "managed",
      "type": "time_sleep",
      "name": "this",
      "provider": "provider[\"registry.terraform.io/hashicorp/time\"]",
      "instances": [
        {
          "index_key": 0,
          "schema_version": 0,
          "attributes": {
            "create_duration": "30s",
            "destroy_duration": null,
            "id": "2025-05-27T16:46:25Z",
            "triggers": {
              "cluster_certificate_authority_data": "LS0tLS1CRUdJTiBDRVJUSUZJQ0FURS0tLS0tCk1JSURCVENDQWUyZ0F3SUJBZ0lJRkhORFFLWmNCTm93RFFZSktvWklodmNOQVFFTEJRQXdGVEVUTUJFR0ExVUUKQXhNS2EzVmlaWEp1WlhSbGN6QWVGdzB5TlRBMU1qY3hOak0xTkRoYUZ3MHpOVEExTWpVeE5qUXdORGhhTUJVeApFekFSQmdOVkJBTVRDbXQxWW1WeWJtVjBaWE13Z2dFaU1BMEdDU3FHU0liM0RRRUJBUVVBQTRJQkR3QXdnZ0VLCkFvSUJBUUMrV0FKUjlCa25ncWlwZzE4eVVGaDFlWW1ZN0hSTGQ1THdMRHozWUltYkdHZms1ZWYvT0ZUN1JLKzEKK2tZTGFHcWp1N1NnSFVQVFNFSzlxdndPVWVnT1NNSU9CSzUvK3phTHowcUQ4MEp5WjVGMWhVUFVWb2NTVVQ1cQpoZlBNZWhuQ2lMTWdjSFA5MHFKeWdXNk85NkVRZEJ0aFRkVEoxdy9uRXp4YW0yZjJUNVJQY1MzcWg5c3FVVmpkCnF3UE1PMzJ5dWZROFNSZ2VuSXZHZFpwSGRsOW4vNXVZN0d0UkJ2ckNjVUc3ZE9uUFFveTdjV2FxVjFsR2w3aUwKdXg4RUxTa3F5SHljbCs1TC9qWW9VZjNUeVpOWVp5UTcwaCt3aXArbkllMGlrNlJGMVRIVGRhR1NrVFlEcjNONApIQ2daWmo4QjhLK1oxVGpvY1B6bnpJd3lWeDNIQWdNQkFBR2pXVEJYTUE0R0ExVWREd0VCL3dRRUF3SUNwREFQCkJnTlZIUk1CQWY4RUJUQURBUUgvTUIwR0ExVWREZ1FXQkJRRWs0NWdYZFIzeGMreGJHazZTVjVNYzZmR1hEQVYKQmdOVkhSRUVEakFNZ2dwcmRXSmxjbTVsZEdWek1BMEdDU3FHU0liM0RRRUJDd1VBQTRJQkFRQnZSSGt2WGdVawpGRHRGMnl2SmhuTnAvdEtYOWpYMHFZWXJ3V01uRXZVV09BanVUNjkxQ3hVS1ZOMWJzM1BUWS9XaTNmTVdXSEhjCnVZNnJNQm1PUisyQ0Vxem5PNnlLaUtGUnZFREZGRkxUK1MzZUN3KzYzdXhyTUdTL25uRUlOOWdCLzRzZDEwR0cKZXQxa1h2cWcvUE9STk80bWlFREVEZ3JuRGZaSzhjcWdoUHE4NUZyTU9UNGpCbmlSSERvYjZ3L1JUVTU3bk9FcAp3cGJndmhzM0xtNmkwL1lYbmhTVlFSenlGeS91Qk1NeTNGU1BTdXFXWUVQczN2MHRrRDJzY0pVY3NDWUhnQktTCkllbnAxb3R3M1RaYzhLazQvdHVWcnIxaUtMOUs0TjE2T240VGF5cWRnaWdDZHI2eUIxUG9JTk9jVFhpT25sc0YKbXg1LzZ3TnFwOXZ3Ci0tLS0tRU5EIENFUlRJRklDQVRFLS0tLS0K",
              "cluster_endpoint": "https://FBEC9CB72DCD24B220482649E68D199F.gr7.us-east-1.eks.amazonaws.com",
              "cluster_name": "github-arc-rta",
              "cluster_service_cidr": "172.20.0.0/16",
              "cluster_version": "1.30"
            }
          },
          "sensitive_attributes": [],
          "dependencies": [
            "data.aws_availability_zones.available",
            "module.eks.aws_cloudwatch_log_group.this",
            "module.eks.aws_eks_cluster.this",
            "module.eks.aws_iam_policy.cni_ipv6_policy",
            "module.eks.aws_iam_role.eks_auto",
            "module.eks.aws_iam_role.this",
            "module.eks.aws_iam_role_policy_attachment.this",
            "module.eks.aws_security_group.cluster",
            "module.eks.aws_security_group.node",
            "module.eks.aws_security_group_rule.cluster",
            "module.eks.aws_security_group_rule.node",
            "module.eks.data.aws_caller_identity.current",
            "module.eks.data.aws_iam_policy_document.assume_role_policy",
            "module.eks.data.aws_iam_policy_document.cni_ipv6_policy",
            "module.eks.data.aws_iam_policy_document.node_assume_role_policy",
            "module.eks.data.aws_iam_session_context.current",
            "module.eks.data.aws_partition.current",
            "module.eks.module.kms.aws_kms_external_key.this",
            "module.eks.module.kms.aws_kms_key.this",
            "module.eks.module.kms.aws_kms_replica_external_key.this",
            "module.eks.module.kms.aws_kms_replica_key.this",
            "module.eks.module.kms.data.aws_caller_identity.current",
            "module.eks.module.kms.data.aws_iam_policy_document.this",
            "module.eks.module.kms.data.aws_partition.current",
            "module.vpc.aws_subnet.private",
            "module.vpc.aws_vpc.this",
            "module.vpc.aws_vpc_ipv4_cidr_block_association.this",
            "random_id.random_string"
          ],
          "create_before_destroy": true
        }
      ]
    },
    {
      "module": "module.eks.module.kms",
      "mode": "data",
      "type": "aws_caller_identity",
      "name": "current",
      "provider": "provider[\"registry.terraform.io/hashicorp/aws\"]",
      "instances": [
        {
          "index_key": 0,
          "schema_version": 0,
          "attributes": {
            "account_id": "533267434488",
            "arn": "arn:aws:iam::533267434488:user/vardyng",
            "id": "533267434488",
            "user_id": "AIDAXYKJXJP4LAVXUFAFT"
          },
          "sensitive_attributes": []
        }
      ]
    },
    {
      "module": "module.eks.module.kms",
      "mode": "data",
      "type": "aws_iam_policy_document",
      "name": "this",
      "provider": "provider[\"registry.terraform.io/hashicorp/aws\"]",
      "instances": [
        {
          "index_key": 0,
          "schema_version": 0,
          "attributes": {
            "id": "171694915",
            "json": "{\n  \"Version\": \"2012-10-17\",\n  \"Statement\": [\n    {\n      \"Sid\": \"Default\",\n      \"Effect\": \"Allow\",\n      \"Action\": \"kms:*\",\n      \"Resource\": \"*\",\n      \"Principal\": {\n        \"AWS\": \"arn:aws:iam::533267434488:root\"\n      }\n    },\n    {\n      \"Sid\": \"KeyAdministration\",\n      \"Effect\": \"Allow\",\n      \"Action\": [\n        \"kms:Update*\",\n        \"kms:UntagResource\",\n        \"kms:TagResource\",\n        \"kms:ScheduleKeyDeletion\",\n        \"kms:Revoke*\",\n        \"kms:ReplicateKey\",\n        \"kms:Put*\",\n        \"kms:List*\",\n        \"kms:ImportKeyMaterial\",\n        \"kms:Get*\",\n        \"kms:Enable*\",\n        \"kms:Disable*\",\n        \"kms:Describe*\",\n        \"kms:Delete*\",\n        \"kms:Create*\",\n        \"kms:CancelKeyDeletion\"\n      ],\n      \"Resource\": \"*\",\n      \"Principal\": {\n        \"AWS\": \"arn:aws:iam::533267434488:user/vardyng\"\n      }\n    },\n    {\n      \"Sid\": \"KeyUsage\",\n      \"Effect\": \"Allow\",\n      \"Action\": [\n        \"kms:ReEncrypt*\",\n        \"kms:GenerateDataKey*\",\n        \"kms:Encrypt\",\n        \"kms:DescribeKey\",\n        \"kms:Decrypt\"\n      ],\n      \"Resource\": \"*\",\n      \"Principal\": {\n        \"AWS\": \"arn:aws:iam::533267434488:role/github-arc-rta-cluster-20250527163538834700000002\"\n      }\n    }\n  ]\n}",
            "minified_json": "{\"Version\":\"2012-10-17\",\"Statement\":[{\"Sid\":\"Default\",\"Effect\":\"Allow\",\"Action\":\"kms:*\",\"Resource\":\"*\",\"Principal\":{\"AWS\":\"arn:aws:iam::533267434488:root\"}},{\"Sid\":\"KeyAdministration\",\"Effect\":\"Allow\",\"Action\":[\"kms:Update*\",\"kms:UntagResource\",\"kms:TagResource\",\"kms:ScheduleKeyDeletion\",\"kms:Revoke*\",\"kms:ReplicateKey\",\"kms:Put*\",\"kms:List*\",\"kms:ImportKeyMaterial\",\"kms:Get*\",\"kms:Enable*\",\"kms:Disable*\",\"kms:Describe*\",\"kms:Delete*\",\"kms:Create*\",\"kms:CancelKeyDeletion\"],\"Resource\":\"*\",\"Principal\":{\"AWS\":\"arn:aws:iam::533267434488:user/vardyng\"}},{\"Sid\":\"KeyUsage\",\"Effect\":\"Allow\",\"Action\":[\"kms:ReEncrypt*\",\"kms:GenerateDataKey*\",\"kms:Encrypt\",\"kms:DescribeKey\",\"kms:Decrypt\"],\"Resource\":\"*\",\"Principal\":{\"AWS\":\"arn:aws:iam::533267434488:role/github-arc-rta-cluster-20250527163538834700000002\"}}]}",
            "override_json": null,
            "override_policy_documents": null,
            "policy_id": null,
            "source_json": null,
            "source_policy_documents": null,
            "statement": [
              {
                "actions": [
                  "kms:*"
                ],
                "condition": [],
                "effect": "Allow",
                "not_actions": [],
                "not_principals": [],
                "not_resources": [],
                "principals": [
                  {
                    "identifiers": [
                      "arn:aws:iam::533267434488:root"
                    ],
                    "type": "AWS"
                  }
                ],
                "resources": [
                  "*"
                ],
                "sid": "Default"
              },
              {
                "actions": [
                  "kms:CancelKeyDeletion",
                  "kms:Create*",
                  "kms:Delete*",
                  "kms:Describe*",
                  "kms:Disable*",
                  "kms:Enable*",
                  "kms:Get*",
                  "kms:ImportKeyMaterial",
                  "kms:List*",
                  "kms:Put*",
                  "kms:ReplicateKey",
                  "kms:Revoke*",
                  "kms:ScheduleKeyDeletion",
                  "kms:TagResource",
                  "kms:UntagResource",
                  "kms:Update*"
                ],
                "condition": [],
                "effect": "Allow",
                "not_actions": [],
                "not_principals": [],
                "not_resources": [],
                "principals": [
                  {
                    "identifiers": [
                      "arn:aws:iam::533267434488:user/vardyng"
                    ],
                    "type": "AWS"
                  }
                ],
                "resources": [
                  "*"
                ],
                "sid": "KeyAdministration"
              },
              {
                "actions": [
                  "kms:Decrypt",
                  "kms:DescribeKey",
                  "kms:Encrypt",
                  "kms:GenerateDataKey*",
                  "kms:ReEncrypt*"
                ],
                "condition": [],
                "effect": "Allow",
                "not_actions": [],
                "not_principals": [],
                "not_resources": [],
                "principals": [
                  {
                    "identifiers": [
                      "arn:aws:iam::533267434488:role/github-arc-rta-cluster-20250527163538834700000002"
                    ],
                    "type": "AWS"
                  }
                ],
                "resources": [
                  "*"
                ],
                "sid": "KeyUsage"
              }
            ],
            "version": "2012-10-17"
          },
          "sensitive_attributes": []
        }
      ]
    },
    {
      "module": "module.eks.module.kms",
      "mode": "data",
      "type": "aws_partition",
      "name": "current",
      "provider": "provider[\"registry.terraform.io/hashicorp/aws\"]",
      "instances": [
        {
          "index_key": 0,
          "schema_version": 0,
          "attributes": {
            "dns_suffix": "amazonaws.com",
            "id": "aws",
            "partition": "aws",
            "reverse_dns_prefix": "com.amazonaws"
          },
          "sensitive_attributes": []
        }
      ]
    },
    {
      "module": "module.eks.module.kms",
      "mode": "managed",
      "type": "aws_kms_alias",
      "name": "this",
      "provider": "provider[\"registry.terraform.io/hashicorp/aws\"]",
      "instances": [
        {
          "index_key": "cluster",
          "schema_version": 0,
          "attributes": {
            "arn": "arn:aws:kms:us-east-1:533267434488:alias/eks/github-arc-rta",
            "id": "alias/eks/github-arc-rta",
            "name": "alias/eks/github-arc-rta",
            "name_prefix": "",
            "target_key_arn": "arn:aws:kms:us-east-1:533267434488:key/bae1ce48-2b95-47dc-b461-abafb37bc018",
            "target_key_id": "bae1ce48-2b95-47dc-b461-abafb37bc018"
          },
          "sensitive_attributes": [],
          "private": "bnVsbA==",
          "dependencies": [
            "module.eks.aws_iam_role.this",
            "module.eks.data.aws_caller_identity.current",
            "module.eks.data.aws_iam_policy_document.assume_role_policy",
            "module.eks.data.aws_iam_session_context.current",
            "module.eks.module.kms.aws_kms_external_key.this",
            "module.eks.module.kms.aws_kms_key.this",
            "module.eks.module.kms.aws_kms_replica_external_key.this",
            "module.eks.module.kms.aws_kms_replica_key.this",
            "module.eks.module.kms.data.aws_caller_identity.current",
            "module.eks.module.kms.data.aws_iam_policy_document.this",
            "module.eks.module.kms.data.aws_partition.current",
            "random_id.random_string"
          ]
        }
      ]
    },
    {
      "module": "module.eks.module.kms",
      "mode": "managed",
      "type": "aws_kms_external_key",
      "name": "this",
      "provider": "provider[\"registry.terraform.io/hashicorp/aws\"]",
      "instances": []
    },
    {
      "module": "module.eks.module.kms",
      "mode": "managed",
      "type": "aws_kms_grant",
      "name": "this",
      "provider": "provider[\"registry.terraform.io/hashicorp/aws\"]",
      "instances": []
    },
    {
      "module": "module.eks.module.kms",
      "mode": "managed",
      "type": "aws_kms_key",
      "name": "this",
      "provider": "provider[\"registry.terraform.io/hashicorp/aws\"]",
      "instances": [
        {
          "index_key": 0,
          "schema_version": 0,
          "attributes": {
            "arn": "arn:aws:kms:us-east-1:533267434488:key/bae1ce48-2b95-47dc-b461-abafb37bc018",
            "bypass_policy_lockout_safety_check": false,
            "custom_key_store_id": "",
            "customer_master_key_spec": "SYMMETRIC_DEFAULT",
            "deletion_window_in_days": null,
            "description": "github-arc-rta cluster encryption key",
            "enable_key_rotation": true,
            "id": "bae1ce48-2b95-47dc-b461-abafb37bc018",
            "is_enabled": true,
            "key_id": "bae1ce48-2b95-47dc-b461-abafb37bc018",
            "key_usage": "ENCRYPT_DECRYPT",
            "multi_region": false,
            "policy": "{\"Statement\":[{\"Action\":\"kms:*\",\"Effect\":\"Allow\",\"Principal\":{\"AWS\":\"arn:aws:iam::533267434488:root\"},\"Resource\":\"*\",\"Sid\":\"Default\"},{\"Action\":[\"kms:Update*\",\"kms:UntagResource\",\"kms:TagResource\",\"kms:ScheduleKeyDeletion\",\"kms:Revoke*\",\"kms:ReplicateKey\",\"kms:Put*\",\"kms:List*\",\"kms:ImportKeyMaterial\",\"kms:Get*\",\"kms:Enable*\",\"kms:Disable*\",\"kms:Describe*\",\"kms:Delete*\",\"kms:Create*\",\"kms:CancelKeyDeletion\"],\"Effect\":\"Allow\",\"Principal\":{\"AWS\":\"arn:aws:iam::533267434488:user/vardyng\"},\"Resource\":\"*\",\"Sid\":\"KeyAdministration\"},{\"Action\":[\"kms:ReEncrypt*\",\"kms:GenerateDataKey*\",\"kms:Encrypt\",\"kms:DescribeKey\",\"kms:Decrypt\"],\"Effect\":\"Allow\",\"Principal\":{\"AWS\":\"arn:aws:iam::533267434488:role/github-arc-rta-cluster-20250527163538834700000002\"},\"Resource\":\"*\",\"Sid\":\"KeyUsage\"}],\"Version\":\"2012-10-17\"}",
            "rotation_period_in_days": 365,
            "tags": {
              "project": "github-arc-rta",
              "terraform-aws-modules": "eks"
            },
            "tags_all": {
              "project": "github-arc-rta",
              "terraform-aws-modules": "eks"
            },
            "timeouts": null,
            "xks_key_id": ""
          },
          "sensitive_attributes": [],
          "private": "eyJlMmJmYjczMC1lY2FhLTExZTYtOGY4OC0zNDM2M2JjN2M0YzAiOnsiY3JlYXRlIjoxMjAwMDAwMDAwMDB9fQ==",
          "dependencies": [
            "module.eks.aws_iam_role.this",
            "module.eks.data.aws_caller_identity.current",
            "module.eks.data.aws_iam_policy_document.assume_role_policy",
            "module.eks.data.aws_iam_session_context.current",
            "module.eks.module.kms.data.aws_caller_identity.current",
            "module.eks.module.kms.data.aws_iam_policy_document.this",
            "module.eks.module.kms.data.aws_partition.current",
            "random_id.random_string"
          ],
          "create_before_destroy": true
        }
      ]
    },
    {
      "module": "module.eks.module.kms",
      "mode": "managed",
      "type": "aws_kms_replica_external_key",
      "name": "this",
      "provider": "provider[\"registry.terraform.io/hashicorp/aws\"]",
      "instances": []
    },
    {
      "module": "module.eks.module.kms",
      "mode": "managed",
      "type": "aws_kms_replica_key",
      "name": "this",
      "provider": "provider[\"registry.terraform.io/hashicorp/aws\"]",
      "instances": []
    },
    {
      "module": "module.vpc",
      "mode": "data",
      "type": "aws_caller_identity",
      "name": "current",
      "provider": "provider[\"registry.terraform.io/hashicorp/aws\"]",
      "instances": []
    },
    {
      "module": "module.vpc",
      "mode": "data",
      "type": "aws_iam_policy_document",
      "name": "flow_log_cloudwatch_assume_role",
      "provider": "provider[\"registry.terraform.io/hashicorp/aws\"]",
      "instances": []
    },
    {
      "module": "module.vpc",
      "mode": "data",
      "type": "aws_iam_policy_document",
      "name": "vpc_flow_log_cloudwatch",
      "provider": "provider[\"registry.terraform.io/hashicorp/aws\"]",
      "instances": []
    },
    {
      "module": "module.vpc",
      "mode": "data",
      "type": "aws_partition",
      "name": "current",
      "provider": "provider[\"registry.terraform.io/hashicorp/aws\"]",
      "instances": []
    },
    {
      "module": "module.vpc",
      "mode": "data",
      "type": "aws_region",
      "name": "current",
      "provider": "provider[\"registry.terraform.io/hashicorp/aws\"]",
      "instances": []
    },
    {
      "module": "module.vpc",
      "mode": "managed",
      "type": "aws_cloudwatch_log_group",
      "name": "flow_log",
      "provider": "provider[\"registry.terraform.io/hashicorp/aws\"]",
      "instances": []
    },
    {
      "module": "module.vpc",
      "mode": "managed",
      "type": "aws_customer_gateway",
      "name": "this",
      "provider": "provider[\"registry.terraform.io/hashicorp/aws\"]",
      "instances": []
    },
    {
      "module": "module.vpc",
      "mode": "managed",
      "type": "aws_db_subnet_group",
      "name": "database",
      "provider": "provider[\"registry.terraform.io/hashicorp/aws\"]",
      "instances": []
    },
    {
      "module": "module.vpc",
      "mode": "managed",
      "type": "aws_default_network_acl",
      "name": "this",
      "provider": "provider[\"registry.terraform.io/hashicorp/aws\"]",
      "instances": [
        {
          "index_key": 0,
          "schema_version": 0,
          "attributes": {
            "arn": "arn:aws:ec2:us-east-1:533267434488:network-acl/acl-06caeebfdef74a670",
            "default_network_acl_id": "acl-06caeebfdef74a670",
            "egress": [
              {
                "action": "allow",
                "cidr_block": "",
                "from_port": 0,
                "icmp_code": 0,
                "icmp_type": 0,
                "ipv6_cidr_block": "::/0",
                "protocol": "-1",
                "rule_no": 101,
                "to_port": 0
              },
              {
                "action": "allow",
                "cidr_block": "0.0.0.0/0",
                "from_port": 0,
                "icmp_code": 0,
                "icmp_type": 0,
                "ipv6_cidr_block": "",
                "protocol": "-1",
                "rule_no": 100,
                "to_port": 0
              }
            ],
            "id": "acl-06caeebfdef74a670",
            "ingress": [
              {
                "action": "allow",
                "cidr_block": "",
                "from_port": 0,
                "icmp_code": 0,
                "icmp_type": 0,
                "ipv6_cidr_block": "::/0",
                "protocol": "-1",
                "rule_no": 101,
                "to_port": 0
              },
              {
                "action": "allow",
                "cidr_block": "0.0.0.0/0",
                "from_port": 0,
                "icmp_code": 0,
                "icmp_type": 0,
                "ipv6_cidr_block": "",
                "protocol": "-1",
                "rule_no": 100,
                "to_port": 0
              }
            ],
            "owner_id": "533267434488",
            "subnet_ids": [
              "subnet-010dfaeddf083facd",
              "subnet-0258ba4f11d086470",
              "subnet-04047bb4f1f75cb2c",
              "subnet-0bcf49e5e6a1e478e",
              "subnet-0cf5bf72087325f44",
              "subnet-0f0f6ef0f45cdee89"
            ],
            "tags": {
              "Name": "github-arc-rta-default",
              "auto-delete": "no"
            },
            "tags_all": {
              "Name": "github-arc-rta-default",
              "auto-delete": "no"
            },
            "vpc_id": "vpc-0d8bda893d1d6eea9"
          },
          "sensitive_attributes": [],
          "private": "bnVsbA==",
          "dependencies": [
            "module.vpc.aws_vpc.this",
            "random_id.random_string"
          ]
        }
      ]
    },
    {
      "module": "module.vpc",
      "mode": "managed",
      "type": "aws_default_route_table",
      "name": "default",
      "provider": "provider[\"registry.terraform.io/hashicorp/aws\"]",
      "instances": [
        {
          "index_key": 0,
          "schema_version": 0,
          "attributes": {
            "arn": "arn:aws:ec2:us-east-1:533267434488:route-table/rtb-0eef249094f766341",
            "default_route_table_id": "rtb-0eef249094f766341",
            "id": "rtb-0eef249094f766341",
            "owner_id": "533267434488",
            "propagating_vgws": [],
            "route": [],
            "tags": {
              "Name": "github-arc-rta-default",
              "auto-delete": "no"
            },
            "tags_all": {
              "Name": "github-arc-rta-default",
              "auto-delete": "no"
            },
            "timeouts": {
              "create": "5m",
              "update": "5m"
            },
            "vpc_id": "vpc-0d8bda893d1d6eea9"
          },
          "sensitive_attributes": [],
          "private": "eyJlMmJmYjczMC1lY2FhLTExZTYtOGY4OC0zNDM2M2JjN2M0YzAiOnsiY3JlYXRlIjozMDAwMDAwMDAwMDAsInVwZGF0ZSI6MzAwMDAwMDAwMDAwfX0=",
          "dependencies": [
            "module.vpc.aws_vpc.this",
            "random_id.random_string"
          ]
        }
      ]
    },
    {
      "module": "module.vpc",
      "mode": "managed",
      "type": "aws_default_security_group",
      "name": "this",
      "provider": "provider[\"registry.terraform.io/hashicorp/aws\"]",
      "instances": [
        {
          "index_key": 0,
          "schema_version": 1,
          "attributes": {
            "arn": "arn:aws:ec2:us-east-1:533267434488:security-group/sg-033ac64a3fe247523",
            "description": "default VPC security group",
            "egress": [],
            "id": "sg-033ac64a3fe247523",
            "ingress": [],
            "name": "default",
            "name_prefix": "",
            "owner_id": "533267434488",
            "revoke_rules_on_delete": false,
            "tags": {
              "Name": "github-arc-rta-default",
              "auto-delete": "no"
            },
            "tags_all": {
              "Name": "github-arc-rta-default",
              "auto-delete": "no"
            },
            "vpc_id": "vpc-0d8bda893d1d6eea9"
          },
          "sensitive_attributes": [],
          "private": "eyJzY2hlbWFfdmVyc2lvbiI6IjEifQ==",
          "dependencies": [
            "module.vpc.aws_vpc.this",
            "random_id.random_string"
          ]
        }
      ]
    },
    {
      "module": "module.vpc",
      "mode": "managed",
      "type": "aws_default_vpc",
      "name": "this",
      "provider": "provider[\"registry.terraform.io/hashicorp/aws\"]",
      "instances": []
    },
    {
      "module": "module.vpc",
      "mode": "managed",
      "type": "aws_egress_only_internet_gateway",
      "name": "this",
      "provider": "provider[\"registry.terraform.io/hashicorp/aws\"]",
      "instances": []
    },
    {
      "module": "module.vpc",
      "mode": "managed",
      "type": "aws_eip",
      "name": "nat",
      "provider": "provider[\"registry.terraform.io/hashicorp/aws\"]",
      "instances": [
        {
          "index_key": 0,
          "schema_version": 0,
          "attributes": {
            "address": null,
            "allocation_id": "eipalloc-048eafbc93e8405b0",
            "arn": "arn:aws:ec2:us-east-1:533267434488:elastic-ip/eipalloc-048eafbc93e8405b0",
            "associate_with_private_ip": null,
            "association_id": "eipassoc-0d1edd73dbec7e9eb",
            "carrier_ip": "",
            "customer_owned_ip": "",
            "customer_owned_ipv4_pool": "",
            "domain": "vpc",
            "id": "eipalloc-048eafbc93e8405b0",
            "instance": "",
            "ipam_pool_id": null,
            "network_border_group": "us-east-1",
            "network_interface": "eni-016b331c506793dbb",
            "private_dns": "ip-10-0-48-104.ec2.internal",
            "private_ip": "10.0.48.104",
            "ptr_record": "",
            "public_dns": "ec2-23-23-171-8.compute-1.amazonaws.com",
            "public_ip": "23.23.171.8",
            "public_ipv4_pool": "amazon",
            "tags": {
              "Name": "github-arc-rta-us-east-1a",
              "auto-delete": "no"
            },
            "tags_all": {
              "Name": "github-arc-rta-us-east-1a",
              "auto-delete": "no"
            },
            "timeouts": null,
            "vpc": true
          },
          "sensitive_attributes": [],
          "private": "eyJlMmJmYjczMC1lY2FhLTExZTYtOGY4OC0zNDM2M2JjN2M0YzAiOnsiZGVsZXRlIjoxODAwMDAwMDAwMDAsInJlYWQiOjkwMDAwMDAwMDAwMCwidXBkYXRlIjozMDAwMDAwMDAwMDB9fQ==",
          "dependencies": [
            "data.aws_availability_zones.available",
            "module.vpc.aws_internet_gateway.this",
            "module.vpc.aws_vpc.this",
            "module.vpc.aws_vpc_ipv4_cidr_block_association.this",
            "random_id.random_string"
          ]
        }
      ]
    },
    {
      "module": "module.vpc",
      "mode": "managed",
      "type": "aws_elasticache_subnet_group",
      "name": "elasticache",
      "provider": "provider[\"registry.terraform.io/hashicorp/aws\"]",
      "instances": []
    },
    {
      "module": "module.vpc",
      "mode": "managed",
      "type": "aws_flow_log",
      "name": "this",
      "provider": "provider[\"registry.terraform.io/hashicorp/aws\"]",
      "instances": []
    },
    {
      "module": "module.vpc",
      "mode": "managed",
      "type": "aws_iam_policy",
      "name": "vpc_flow_log_cloudwatch",
      "provider": "provider[\"registry.terraform.io/hashicorp/aws\"]",
      "instances": []
    },
    {
      "module": "module.vpc",
      "mode": "managed",
      "type": "aws_iam_role",
      "name": "vpc_flow_log_cloudwatch",
      "provider": "provider[\"registry.terraform.io/hashicorp/aws\"]",
      "instances": []
    },
    {
      "module": "module.vpc",
      "mode": "managed",
      "type": "aws_iam_role_policy_attachment",
      "name": "vpc_flow_log_cloudwatch",
      "provider": "provider[\"registry.terraform.io/hashicorp/aws\"]",
      "instances": []
    },
    {
      "module": "module.vpc",
      "mode": "managed",
      "type": "aws_internet_gateway",
      "name": "this",
      "provider": "provider[\"registry.terraform.io/hashicorp/aws\"]",
      "instances": [
        {
          "index_key": 0,
          "schema_version": 0,
          "attributes": {
            "arn": "arn:aws:ec2:us-east-1:533267434488:internet-gateway/igw-051be40784d80e5e0",
            "id": "igw-051be40784d80e5e0",
            "owner_id": "533267434488",
            "tags": {
              "Name": "github-arc-rta",
              "auto-delete": "no"
            },
            "tags_all": {
              "Name": "github-arc-rta",
              "auto-delete": "no"
            },
            "timeouts": null,
            "vpc_id": "vpc-0d8bda893d1d6eea9"
          },
          "sensitive_attributes": [],
          "private": "eyJlMmJmYjczMC1lY2FhLTExZTYtOGY4OC0zNDM2M2JjN2M0YzAiOnsiY3JlYXRlIjoxMjAwMDAwMDAwMDAwLCJkZWxldGUiOjEyMDAwMDAwMDAwMDAsInVwZGF0ZSI6MTIwMDAwMDAwMDAwMH19",
          "dependencies": [
            "data.aws_availability_zones.available",
            "module.vpc.aws_vpc.this",
            "module.vpc.aws_vpc_ipv4_cidr_block_association.this",
            "random_id.random_string"
          ]
        }
      ]
    },
    {
      "module": "module.vpc",
      "mode": "managed",
      "type": "aws_nat_gateway",
      "name": "this",
      "provider": "provider[\"registry.terraform.io/hashicorp/aws\"]",
      "instances": [
        {
          "index_key": 0,
          "schema_version": 0,
          "attributes": {
            "allocation_id": "eipalloc-048eafbc93e8405b0",
            "association_id": "eipassoc-0d1edd73dbec7e9eb",
            "connectivity_type": "public",
            "id": "nat-00afb0e74c5bd75f6",
            "network_interface_id": "eni-016b331c506793dbb",
            "private_ip": "10.0.48.104",
            "public_ip": "23.23.171.8",
            "secondary_allocation_ids": [],
            "secondary_private_ip_address_count": 0,
            "secondary_private_ip_addresses": [],
            "subnet_id": "subnet-0f0f6ef0f45cdee89",
            "tags": {
              "Name": "github-arc-rta-us-east-1a",
              "auto-delete": "no"
            },
            "tags_all": {
              "Name": "github-arc-rta-us-east-1a",
              "auto-delete": "no"
            },
            "timeouts": null
          },
          "sensitive_attributes": [],
          "private": "eyJlMmJmYjczMC1lY2FhLTExZTYtOGY4OC0zNDM2M2JjN2M0YzAiOnsiY3JlYXRlIjo2MDAwMDAwMDAwMDAsImRlbGV0ZSI6MTgwMDAwMDAwMDAwMCwidXBkYXRlIjo2MDAwMDAwMDAwMDB9fQ==",
          "dependencies": [
            "data.aws_availability_zones.available",
            "module.vpc.aws_eip.nat",
            "module.vpc.aws_internet_gateway.this",
            "module.vpc.aws_subnet.public",
            "module.vpc.aws_vpc.this",
            "module.vpc.aws_vpc_ipv4_cidr_block_association.this",
            "random_id.random_string"
          ]
        }
      ]
    },
    {
      "module": "module.vpc",
      "mode": "managed",
      "type": "aws_network_acl",
      "name": "database",
      "provider": "provider[\"registry.terraform.io/hashicorp/aws\"]",
      "instances": []
    },
    {
      "module": "module.vpc",
      "mode": "managed",
      "type": "aws_network_acl",
      "name": "elasticache",
      "provider": "provider[\"registry.terraform.io/hashicorp/aws\"]",
      "instances": []
    },
    {
      "module": "module.vpc",
      "mode": "managed",
      "type": "aws_network_acl",
      "name": "intra",
      "provider": "provider[\"registry.terraform.io/hashicorp/aws\"]",
      "instances": []
    },
    {
      "module": "module.vpc",
      "mode": "managed",
      "type": "aws_network_acl",
      "name": "outpost",
      "provider": "provider[\"registry.terraform.io/hashicorp/aws\"]",
      "instances": []
    },
    {
      "module": "module.vpc",
      "mode": "managed",
      "type": "aws_network_acl",
      "name": "private",
      "provider": "provider[\"registry.terraform.io/hashicorp/aws\"]",
      "instances": []
    },
    {
      "module": "module.vpc",
      "mode": "managed",
      "type": "aws_network_acl",
      "name": "public",
      "provider": "provider[\"registry.terraform.io/hashicorp/aws\"]",
      "instances": []
    },
    {
      "module": "module.vpc",
      "mode": "managed",
      "type": "aws_network_acl",
      "name": "redshift",
      "provider": "provider[\"registry.terraform.io/hashicorp/aws\"]",
      "instances": []
    },
    {
      "module": "module.vpc",
      "mode": "managed",
      "type": "aws_network_acl_rule",
      "name": "database_inbound",
      "provider": "provider[\"registry.terraform.io/hashicorp/aws\"]",
      "instances": []
    },
    {
      "module": "module.vpc",
      "mode": "managed",
      "type": "aws_network_acl_rule",
      "name": "database_outbound",
      "provider": "provider[\"registry.terraform.io/hashicorp/aws\"]",
      "instances": []
    },
    {
      "module": "module.vpc",
      "mode": "managed",
      "type": "aws_network_acl_rule",
      "name": "elasticache_inbound",
      "provider": "provider[\"registry.terraform.io/hashicorp/aws\"]",
      "instances": []
    },
    {
      "module": "module.vpc",
      "mode": "managed",
      "type": "aws_network_acl_rule",
      "name": "elasticache_outbound",
      "provider": "provider[\"registry.terraform.io/hashicorp/aws\"]",
      "instances": []
    },
    {
      "module": "module.vpc",
      "mode": "managed",
      "type": "aws_network_acl_rule",
      "name": "intra_inbound",
      "provider": "provider[\"registry.terraform.io/hashicorp/aws\"]",
      "instances": []
    },
    {
      "module": "module.vpc",
      "mode": "managed",
      "type": "aws_network_acl_rule",
      "name": "intra_outbound",
      "provider": "provider[\"registry.terraform.io/hashicorp/aws\"]",
      "instances": []
    },
    {
      "module": "module.vpc",
      "mode": "managed",
      "type": "aws_network_acl_rule",
      "name": "outpost_inbound",
      "provider": "provider[\"registry.terraform.io/hashicorp/aws\"]",
      "instances": []
    },
    {
      "module": "module.vpc",
      "mode": "managed",
      "type": "aws_network_acl_rule",
      "name": "outpost_outbound",
      "provider": "provider[\"registry.terraform.io/hashicorp/aws\"]",
      "instances": []
    },
    {
      "module": "module.vpc",
      "mode": "managed",
      "type": "aws_network_acl_rule",
      "name": "private_inbound",
      "provider": "provider[\"registry.terraform.io/hashicorp/aws\"]",
      "instances": []
    },
    {
      "module": "module.vpc",
      "mode": "managed",
      "type": "aws_network_acl_rule",
      "name": "private_outbound",
      "provider": "provider[\"registry.terraform.io/hashicorp/aws\"]",
      "instances": []
    },
    {
      "module": "module.vpc",
      "mode": "managed",
      "type": "aws_network_acl_rule",
      "name": "public_inbound",
      "provider": "provider[\"registry.terraform.io/hashicorp/aws\"]",
      "instances": []
    },
    {
      "module": "module.vpc",
      "mode": "managed",
      "type": "aws_network_acl_rule",
      "name": "public_outbound",
      "provider": "provider[\"registry.terraform.io/hashicorp/aws\"]",
      "instances": []
    },
    {
      "module": "module.vpc",
      "mode": "managed",
      "type": "aws_network_acl_rule",
      "name": "redshift_inbound",
      "provider": "provider[\"registry.terraform.io/hashicorp/aws\"]",
      "instances": []
    },
    {
      "module": "module.vpc",
      "mode": "managed",
      "type": "aws_network_acl_rule",
      "name": "redshift_outbound",
      "provider": "provider[\"registry.terraform.io/hashicorp/aws\"]",
      "instances": []
    },
    {
      "module": "module.vpc",
      "mode": "managed",
      "type": "aws_redshift_subnet_group",
      "name": "redshift",
      "provider": "provider[\"registry.terraform.io/hashicorp/aws\"]",
      "instances": []
    },
    {
      "module": "module.vpc",
      "mode": "managed",
      "type": "aws_route",
      "name": "database_dns64_nat_gateway",
      "provider": "provider[\"registry.terraform.io/hashicorp/aws\"]",
      "instances": []
    },
    {
      "module": "module.vpc",
      "mode": "managed",
      "type": "aws_route",
      "name": "database_internet_gateway",
      "provider": "provider[\"registry.terraform.io/hashicorp/aws\"]",
      "instances": []
    },
    {
      "module": "module.vpc",
      "mode": "managed",
      "type": "aws_route",
      "name": "database_ipv6_egress",
      "provider": "provider[\"registry.terraform.io/hashicorp/aws\"]",
      "instances": []
    },
    {
      "module": "module.vpc",
      "mode": "managed",
      "type": "aws_route",
      "name": "database_nat_gateway",
      "provider": "provider[\"registry.terraform.io/hashicorp/aws\"]",
      "instances": []
    },
    {
      "module": "module.vpc",
      "mode": "managed",
      "type": "aws_route",
      "name": "private_dns64_nat_gateway",
      "provider": "provider[\"registry.terraform.io/hashicorp/aws\"]",
      "instances": []
    },
    {
      "module": "module.vpc",
      "mode": "managed",
      "type": "aws_route",
      "name": "private_ipv6_egress",
      "provider": "provider[\"registry.terraform.io/hashicorp/aws\"]",
      "instances": []
    },
    {
      "module": "module.vpc",
      "mode": "managed",
      "type": "aws_route",
      "name": "private_nat_gateway",
      "provider": "provider[\"registry.terraform.io/hashicorp/aws\"]",
      "instances": [
        {
          "index_key": 0,
          "schema_version": 0,
          "attributes": {
            "carrier_gateway_id": "",
            "core_network_arn": "",
            "destination_cidr_block": "0.0.0.0/0",
            "destination_ipv6_cidr_block": "",
            "destination_prefix_list_id": "",
            "egress_only_gateway_id": "",
            "gateway_id": "",
            "id": "r-rtb-0c08199c34af2bf8d1080289494",
            "instance_id": "",
            "instance_owner_id": "",
            "local_gateway_id": "",
            "nat_gateway_id": "nat-00afb0e74c5bd75f6",
            "network_interface_id": "",
            "origin": "CreateRoute",
            "route_table_id": "rtb-0c08199c34af2bf8d",
            "state": "active",
            "timeouts": {
              "create": "5m",
              "delete": null,
              "update": null
            },
            "transit_gateway_id": "",
            "vpc_endpoint_id": "",
            "vpc_peering_connection_id": ""
          },
          "sensitive_attributes": [],
          "private": "eyJlMmJmYjczMC1lY2FhLTExZTYtOGY4OC0zNDM2M2JjN2M0YzAiOnsiY3JlYXRlIjozMDAwMDAwMDAwMDAsImRlbGV0ZSI6MzAwMDAwMDAwMDAwLCJ1cGRhdGUiOjEyMDAwMDAwMDAwMH19",
          "dependencies": [
            "data.aws_availability_zones.available",
            "module.vpc.aws_eip.nat",
            "module.vpc.aws_internet_gateway.this",
            "module.vpc.aws_nat_gateway.this",
            "module.vpc.aws_route_table.private",
            "module.vpc.aws_subnet.public",
            "module.vpc.aws_vpc.this",
            "module.vpc.aws_vpc_ipv4_cidr_block_association.this",
            "random_id.random_string"
          ]
        }
      ]
    },
    {
      "module": "module.vpc",
      "mode": "managed",
      "type": "aws_route",
      "name": "public_internet_gateway",
      "provider": "provider[\"registry.terraform.io/hashicorp/aws\"]",
      "instances": [
        {
          "index_key": 0,
          "schema_version": 0,
          "attributes": {
            "carrier_gateway_id": "",
            "core_network_arn": "",
            "destination_cidr_block": "0.0.0.0/0",
            "destination_ipv6_cidr_block": "",
            "destination_prefix_list_id": "",
            "egress_only_gateway_id": "",
            "gateway_id": "igw-051be40784d80e5e0",
            "id": "r-rtb-0f8d377b1d6faaf411080289494",
            "instance_id": "",
            "instance_owner_id": "",
            "local_gateway_id": "",
            "nat_gateway_id": "",
            "network_interface_id": "",
            "origin": "CreateRoute",
            "route_table_id": "rtb-0f8d377b1d6faaf41",
            "state": "active",
            "timeouts": {
              "create": "5m",
              "delete": null,
              "update": null
            },
            "transit_gateway_id": "",
            "vpc_endpoint_id": "",
            "vpc_peering_connection_id": ""
          },
          "sensitive_attributes": [],
          "private": "eyJlMmJmYjczMC1lY2FhLTExZTYtOGY4OC0zNDM2M2JjN2M0YzAiOnsiY3JlYXRlIjozMDAwMDAwMDAwMDAsImRlbGV0ZSI6MzAwMDAwMDAwMDAwLCJ1cGRhdGUiOjEyMDAwMDAwMDAwMH19",
          "dependencies": [
            "data.aws_availability_zones.available",
            "module.vpc.aws_internet_gateway.this",
            "module.vpc.aws_route_table.public",
            "module.vpc.aws_vpc.this",
            "module.vpc.aws_vpc_ipv4_cidr_block_association.this",
            "random_id.random_string"
          ]
        }
      ]
    },
    {
      "module": "module.vpc",
      "mode": "managed",
      "type": "aws_route",
      "name": "public_internet_gateway_ipv6",
      "provider": "provider[\"registry.terraform.io/hashicorp/aws\"]",
      "instances": []
    },
    {
      "module": "module.vpc",
      "mode": "managed",
      "type": "aws_route_table",
      "name": "database",
      "provider": "provider[\"registry.terraform.io/hashicorp/aws\"]",
      "instances": []
    },
    {
      "module": "module.vpc",
      "mode": "managed",
      "type": "aws_route_table",
      "name": "elasticache",
      "provider": "provider[\"registry.terraform.io/hashicorp/aws\"]",
      "instances": []
    },
    {
      "module": "module.vpc",
      "mode": "managed",
      "type": "aws_route_table",
      "name": "intra",
      "provider": "provider[\"registry.terraform.io/hashicorp/aws\"]",
      "instances": []
    },
    {
      "module": "module.vpc",
      "mode": "managed",
      "type": "aws_route_table",
      "name": "private",
      "provider": "provider[\"registry.terraform.io/hashicorp/aws\"]",
      "instances": [
        {
          "index_key": 0,
          "schema_version": 0,
          "attributes": {
            "arn": "arn:aws:ec2:us-east-1:533267434488:route-table/rtb-0c08199c34af2bf8d",
            "id": "rtb-0c08199c34af2bf8d",
            "owner_id": "533267434488",
            "propagating_vgws": [],
            "route": [
              {
                "carrier_gateway_id": "",
                "cidr_block": "0.0.0.0/0",
                "core_network_arn": "",
                "destination_prefix_list_id": "",
                "egress_only_gateway_id": "",
                "gateway_id": "",
                "ipv6_cidr_block": "",
                "local_gateway_id": "",
                "nat_gateway_id": "nat-00afb0e74c5bd75f6",
                "network_interface_id": "",
                "transit_gateway_id": "",
                "vpc_endpoint_id": "",
                "vpc_peering_connection_id": ""
              }
            ],
            "tags": {
              "Name": "github-arc-rta-private",
              "auto-delete": "no"
            },
            "tags_all": {
              "Name": "github-arc-rta-private",
              "auto-delete": "no"
            },
            "timeouts": null,
            "vpc_id": "vpc-0d8bda893d1d6eea9"
          },
          "sensitive_attributes": [],
          "private": "eyJlMmJmYjczMC1lY2FhLTExZTYtOGY4OC0zNDM2M2JjN2M0YzAiOnsiY3JlYXRlIjozMDAwMDAwMDAwMDAsImRlbGV0ZSI6MzAwMDAwMDAwMDAwLCJ1cGRhdGUiOjEyMDAwMDAwMDAwMH19",
          "dependencies": [
            "data.aws_availability_zones.available",
            "module.vpc.aws_vpc.this",
            "module.vpc.aws_vpc_ipv4_cidr_block_association.this",
            "random_id.random_string"
          ]
        }
      ]
    },
    {
      "module": "module.vpc",
      "mode": "managed",
      "type": "aws_route_table",
      "name": "public",
      "provider": "provider[\"registry.terraform.io/hashicorp/aws\"]",
      "instances": [
        {
          "index_key": 0,
          "schema_version": 0,
          "attributes": {
            "arn": "arn:aws:ec2:us-east-1:533267434488:route-table/rtb-0f8d377b1d6faaf41",
            "id": "rtb-0f8d377b1d6faaf41",
            "owner_id": "533267434488",
            "propagating_vgws": [],
            "route": [
              {
                "carrier_gateway_id": "",
                "cidr_block": "0.0.0.0/0",
                "core_network_arn": "",
                "destination_prefix_list_id": "",
                "egress_only_gateway_id": "",
                "gateway_id": "igw-051be40784d80e5e0",
                "ipv6_cidr_block": "",
                "local_gateway_id": "",
                "nat_gateway_id": "",
                "network_interface_id": "",
                "transit_gateway_id": "",
                "vpc_endpoint_id": "",
                "vpc_peering_connection_id": ""
              }
            ],
            "tags": {
              "Name": "github-arc-rta-public",
              "auto-delete": "no"
            },
            "tags_all": {
              "Name": "github-arc-rta-public",
              "auto-delete": "no"
            },
            "timeouts": null,
            "vpc_id": "vpc-0d8bda893d1d6eea9"
          },
          "sensitive_attributes": [],
          "private": "eyJlMmJmYjczMC1lY2FhLTExZTYtOGY4OC0zNDM2M2JjN2M0YzAiOnsiY3JlYXRlIjozMDAwMDAwMDAwMDAsImRlbGV0ZSI6MzAwMDAwMDAwMDAwLCJ1cGRhdGUiOjEyMDAwMDAwMDAwMH19",
          "dependencies": [
            "data.aws_availability_zones.available",
            "module.vpc.aws_vpc.this",
            "module.vpc.aws_vpc_ipv4_cidr_block_association.this",
            "random_id.random_string"
          ]
        }
      ]
    },
    {
      "module": "module.vpc",
      "mode": "managed",
      "type": "aws_route_table",
      "name": "redshift",
      "provider": "provider[\"registry.terraform.io/hashicorp/aws\"]",
      "instances": []
    },
    {
      "module": "module.vpc",
      "mode": "managed",
      "type": "aws_route_table_association",
      "name": "database",
      "provider": "provider[\"registry.terraform.io/hashicorp/aws\"]",
      "instances": []
    },
    {
      "module": "module.vpc",
      "mode": "managed",
      "type": "aws_route_table_association",
      "name": "elasticache",
      "provider": "provider[\"registry.terraform.io/hashicorp/aws\"]",
      "instances": []
    },
    {
      "module": "module.vpc",
      "mode": "managed",
      "type": "aws_route_table_association",
      "name": "intra",
      "provider": "provider[\"registry.terraform.io/hashicorp/aws\"]",
      "instances": []
    },
    {
      "module": "module.vpc",
      "mode": "managed",
      "type": "aws_route_table_association",
      "name": "outpost",
      "provider": "provider[\"registry.terraform.io/hashicorp/aws\"]",
      "instances": []
    },
    {
      "module": "module.vpc",
      "mode": "managed",
      "type": "aws_route_table_association",
      "name": "private",
      "provider": "provider[\"registry.terraform.io/hashicorp/aws\"]",
      "instances": [
        {
          "index_key": 0,
          "schema_version": 0,
          "attributes": {
            "gateway_id": "",
            "id": "rtbassoc-091b4c1b68c16751e",
            "route_table_id": "rtb-0c08199c34af2bf8d",
            "subnet_id": "subnet-010dfaeddf083facd",
            "timeouts": null
          },
          "sensitive_attributes": [],
          "private": "eyJlMmJmYjczMC1lY2FhLTExZTYtOGY4OC0zNDM2M2JjN2M0YzAiOnsiY3JlYXRlIjozMDAwMDAwMDAwMDAsImRlbGV0ZSI6MzAwMDAwMDAwMDAwLCJ1cGRhdGUiOjEyMDAwMDAwMDAwMH19",
          "dependencies": [
            "data.aws_availability_zones.available",
            "module.vpc.aws_route_table.private",
            "module.vpc.aws_subnet.private",
            "module.vpc.aws_vpc.this",
            "module.vpc.aws_vpc_ipv4_cidr_block_association.this",
            "random_id.random_string"
          ]
        },
        {
          "index_key": 1,
          "schema_version": 0,
          "attributes": {
            "gateway_id": "",
            "id": "rtbassoc-061edc30be4c92cd6",
            "route_table_id": "rtb-0c08199c34af2bf8d",
            "subnet_id": "subnet-0258ba4f11d086470",
            "timeouts": null
          },
          "sensitive_attributes": [],
          "private": "eyJlMmJmYjczMC1lY2FhLTExZTYtOGY4OC0zNDM2M2JjN2M0YzAiOnsiY3JlYXRlIjozMDAwMDAwMDAwMDAsImRlbGV0ZSI6MzAwMDAwMDAwMDAwLCJ1cGRhdGUiOjEyMDAwMDAwMDAwMH19",
          "dependencies": [
            "data.aws_availability_zones.available",
            "module.vpc.aws_route_table.private",
            "module.vpc.aws_subnet.private",
            "module.vpc.aws_vpc.this",
            "module.vpc.aws_vpc_ipv4_cidr_block_association.this",
            "random_id.random_string"
          ]
        },
        {
          "index_key": 2,
          "schema_version": 0,
          "attributes": {
            "gateway_id": "",
            "id": "rtbassoc-03d48ee50b9eaeb55",
            "route_table_id": "rtb-0c08199c34af2bf8d",
            "subnet_id": "subnet-0bcf49e5e6a1e478e",
            "timeouts": null
          },
          "sensitive_attributes": [],
          "private": "eyJlMmJmYjczMC1lY2FhLTExZTYtOGY4OC0zNDM2M2JjN2M0YzAiOnsiY3JlYXRlIjozMDAwMDAwMDAwMDAsImRlbGV0ZSI6MzAwMDAwMDAwMDAwLCJ1cGRhdGUiOjEyMDAwMDAwMDAwMH19",
          "dependencies": [
            "data.aws_availability_zones.available",
            "module.vpc.aws_route_table.private",
            "module.vpc.aws_subnet.private",
            "module.vpc.aws_vpc.this",
            "module.vpc.aws_vpc_ipv4_cidr_block_association.this",
            "random_id.random_string"
          ]
        }
      ]
    },
    {
      "module": "module.vpc",
      "mode": "managed",
      "type": "aws_route_table_association",
      "name": "public",
      "provider": "provider[\"registry.terraform.io/hashicorp/aws\"]",
      "instances": [
        {
          "index_key": 0,
          "schema_version": 0,
          "attributes": {
            "gateway_id": "",
            "id": "rtbassoc-0b70961c9435f8e81",
            "route_table_id": "rtb-0f8d377b1d6faaf41",
            "subnet_id": "subnet-0f0f6ef0f45cdee89",
            "timeouts": null
          },
          "sensitive_attributes": [],
          "private": "eyJlMmJmYjczMC1lY2FhLTExZTYtOGY4OC0zNDM2M2JjN2M0YzAiOnsiY3JlYXRlIjozMDAwMDAwMDAwMDAsImRlbGV0ZSI6MzAwMDAwMDAwMDAwLCJ1cGRhdGUiOjEyMDAwMDAwMDAwMH19",
          "dependencies": [
            "data.aws_availability_zones.available",
            "module.vpc.aws_route_table.public",
            "module.vpc.aws_subnet.public",
            "module.vpc.aws_vpc.this",
            "module.vpc.aws_vpc_ipv4_cidr_block_association.this",
            "random_id.random_string"
          ]
        },
        {
          "index_key": 1,
          "schema_version": 0,
          "attributes": {
            "gateway_id": "",
            "id": "rtbassoc-05fae288931ed6e86",
            "route_table_id": "rtb-0f8d377b1d6faaf41",
            "subnet_id": "subnet-0cf5bf72087325f44",
            "timeouts": null
          },
          "sensitive_attributes": [],
          "private": "eyJlMmJmYjczMC1lY2FhLTExZTYtOGY4OC0zNDM2M2JjN2M0YzAiOnsiY3JlYXRlIjozMDAwMDAwMDAwMDAsImRlbGV0ZSI6MzAwMDAwMDAwMDAwLCJ1cGRhdGUiOjEyMDAwMDAwMDAwMH19",
          "dependencies": [
            "data.aws_availability_zones.available",
            "module.vpc.aws_route_table.public",
            "module.vpc.aws_subnet.public",
            "module.vpc.aws_vpc.this",
            "module.vpc.aws_vpc_ipv4_cidr_block_association.this",
            "random_id.random_string"
          ]
        },
        {
          "index_key": 2,
          "schema_version": 0,
          "attributes": {
            "gateway_id": "",
            "id": "rtbassoc-0f1db50e3cf2ad84b",
            "route_table_id": "rtb-0f8d377b1d6faaf41",
            "subnet_id": "subnet-04047bb4f1f75cb2c",
            "timeouts": null
          },
          "sensitive_attributes": [],
          "private": "eyJlMmJmYjczMC1lY2FhLTExZTYtOGY4OC0zNDM2M2JjN2M0YzAiOnsiY3JlYXRlIjozMDAwMDAwMDAwMDAsImRlbGV0ZSI6MzAwMDAwMDAwMDAwLCJ1cGRhdGUiOjEyMDAwMDAwMDAwMH19",
          "dependencies": [
            "data.aws_availability_zones.available",
            "module.vpc.aws_route_table.public",
            "module.vpc.aws_subnet.public",
            "module.vpc.aws_vpc.this",
            "module.vpc.aws_vpc_ipv4_cidr_block_association.this",
            "random_id.random_string"
          ]
        }
      ]
    },
    {
      "module": "module.vpc",
      "mode": "managed",
      "type": "aws_route_table_association",
      "name": "redshift",
      "provider": "provider[\"registry.terraform.io/hashicorp/aws\"]",
      "instances": []
    },
    {
      "module": "module.vpc",
      "mode": "managed",
      "type": "aws_route_table_association",
      "name": "redshift_public",
      "provider": "provider[\"registry.terraform.io/hashicorp/aws\"]",
      "instances": []
    },
    {
      "module": "module.vpc",
      "mode": "managed",
      "type": "aws_subnet",
      "name": "database",
      "provider": "provider[\"registry.terraform.io/hashicorp/aws\"]",
      "instances": []
    },
    {
      "module": "module.vpc",
      "mode": "managed",
      "type": "aws_subnet",
      "name": "elasticache",
      "provider": "provider[\"registry.terraform.io/hashicorp/aws\"]",
      "instances": []
    },
    {
      "module": "module.vpc",
      "mode": "managed",
      "type": "aws_subnet",
      "name": "intra",
      "provider": "provider[\"registry.terraform.io/hashicorp/aws\"]",
      "instances": []
    },
    {
      "module": "module.vpc",
      "mode": "managed",
      "type": "aws_subnet",
      "name": "outpost",
      "provider": "provider[\"registry.terraform.io/hashicorp/aws\"]",
      "instances": []
    },
    {
      "module": "module.vpc",
      "mode": "managed",
      "type": "aws_subnet",
      "name": "private",
      "provider": "provider[\"registry.terraform.io/hashicorp/aws\"]",
      "instances": [
        {
          "index_key": 0,
          "schema_version": 1,
          "attributes": {
            "arn": "arn:aws:ec2:us-east-1:533267434488:subnet/subnet-010dfaeddf083facd",
            "assign_ipv6_address_on_creation": false,
            "availability_zone": "us-east-1a",
            "availability_zone_id": "use1-az1",
            "cidr_block": "10.0.0.0/20",
            "customer_owned_ipv4_pool": "",
            "enable_dns64": false,
            "enable_lni_at_device_index": 0,
            "enable_resource_name_dns_a_record_on_launch": false,
            "enable_resource_name_dns_aaaa_record_on_launch": false,
            "id": "subnet-010dfaeddf083facd",
            "ipv6_cidr_block": "",
            "ipv6_cidr_block_association_id": "",
            "ipv6_native": false,
            "map_customer_owned_ip_on_launch": false,
            "map_public_ip_on_launch": false,
            "outpost_arn": "",
            "owner_id": "533267434488",
            "private_dns_hostname_type_on_launch": "ip-name",
            "tags": {
              "Name": "github-arc-rta-private-us-east-1a",
              "auto-delete": "no"
            },
            "tags_all": {
              "Name": "github-arc-rta-private-us-east-1a",
              "auto-delete": "no"
            },
            "timeouts": null,
            "vpc_id": "vpc-0d8bda893d1d6eea9"
          },
          "sensitive_attributes": [],
          "private": "eyJlMmJmYjczMC1lY2FhLTExZTYtOGY4OC0zNDM2M2JjN2M0YzAiOnsiY3JlYXRlIjo2MDAwMDAwMDAwMDAsImRlbGV0ZSI6MTIwMDAwMDAwMDAwMH0sInNjaGVtYV92ZXJzaW9uIjoiMSJ9",
          "dependencies": [
            "data.aws_availability_zones.available",
            "module.vpc.aws_vpc.this",
            "module.vpc.aws_vpc_ipv4_cidr_block_association.this",
            "random_id.random_string"
          ],
          "create_before_destroy": true
        },
        {
          "index_key": 1,
          "schema_version": 1,
          "attributes": {
            "arn": "arn:aws:ec2:us-east-1:533267434488:subnet/subnet-0258ba4f11d086470",
            "assign_ipv6_address_on_creation": false,
            "availability_zone": "us-east-1b",
            "availability_zone_id": "use1-az2",
            "cidr_block": "10.0.16.0/20",
            "customer_owned_ipv4_pool": "",
            "enable_dns64": false,
            "enable_lni_at_device_index": 0,
            "enable_resource_name_dns_a_record_on_launch": false,
            "enable_resource_name_dns_aaaa_record_on_launch": false,
            "id": "subnet-0258ba4f11d086470",
            "ipv6_cidr_block": "",
            "ipv6_cidr_block_association_id": "",
            "ipv6_native": false,
            "map_customer_owned_ip_on_launch": false,
            "map_public_ip_on_launch": false,
            "outpost_arn": "",
            "owner_id": "533267434488",
            "private_dns_hostname_type_on_launch": "ip-name",
            "tags": {
              "Name": "github-arc-rta-private-us-east-1b",
              "auto-delete": "no"
            },
            "tags_all": {
              "Name": "github-arc-rta-private-us-east-1b",
              "auto-delete": "no"
            },
            "timeouts": null,
            "vpc_id": "vpc-0d8bda893d1d6eea9"
          },
          "sensitive_attributes": [],
          "private": "eyJlMmJmYjczMC1lY2FhLTExZTYtOGY4OC0zNDM2M2JjN2M0YzAiOnsiY3JlYXRlIjo2MDAwMDAwMDAwMDAsImRlbGV0ZSI6MTIwMDAwMDAwMDAwMH0sInNjaGVtYV92ZXJzaW9uIjoiMSJ9",
          "dependencies": [
            "data.aws_availability_zones.available",
            "module.vpc.aws_vpc.this",
            "module.vpc.aws_vpc_ipv4_cidr_block_association.this",
            "random_id.random_string"
          ],
          "create_before_destroy": true
        },
        {
          "index_key": 2,
          "schema_version": 1,
          "attributes": {
            "arn": "arn:aws:ec2:us-east-1:533267434488:subnet/subnet-0bcf49e5e6a1e478e",
            "assign_ipv6_address_on_creation": false,
            "availability_zone": "us-east-1c",
            "availability_zone_id": "use1-az4",
            "cidr_block": "10.0.32.0/20",
            "customer_owned_ipv4_pool": "",
            "enable_dns64": false,
            "enable_lni_at_device_index": 0,
            "enable_resource_name_dns_a_record_on_launch": false,
            "enable_resource_name_dns_aaaa_record_on_launch": false,
            "id": "subnet-0bcf49e5e6a1e478e",
            "ipv6_cidr_block": "",
            "ipv6_cidr_block_association_id": "",
            "ipv6_native": false,
            "map_customer_owned_ip_on_launch": false,
            "map_public_ip_on_launch": false,
            "outpost_arn": "",
            "owner_id": "533267434488",
            "private_dns_hostname_type_on_launch": "ip-name",
            "tags": {
              "Name": "github-arc-rta-private-us-east-1c",
              "auto-delete": "no"
            },
            "tags_all": {
              "Name": "github-arc-rta-private-us-east-1c",
              "auto-delete": "no"
            },
            "timeouts": null,
            "vpc_id": "vpc-0d8bda893d1d6eea9"
          },
          "sensitive_attributes": [],
          "private": "eyJlMmJmYjczMC1lY2FhLTExZTYtOGY4OC0zNDM2M2JjN2M0YzAiOnsiY3JlYXRlIjo2MDAwMDAwMDAwMDAsImRlbGV0ZSI6MTIwMDAwMDAwMDAwMH0sInNjaGVtYV92ZXJzaW9uIjoiMSJ9",
          "dependencies": [
            "data.aws_availability_zones.available",
            "module.vpc.aws_vpc.this",
            "module.vpc.aws_vpc_ipv4_cidr_block_association.this",
            "random_id.random_string"
          ],
          "create_before_destroy": true
        }
      ]
    },
    {
      "module": "module.vpc",
      "mode": "managed",
      "type": "aws_subnet",
      "name": "public",
      "provider": "provider[\"registry.terraform.io/hashicorp/aws\"]",
      "instances": [
        {
          "index_key": 0,
          "schema_version": 1,
          "attributes": {
            "arn": "arn:aws:ec2:us-east-1:533267434488:subnet/subnet-0f0f6ef0f45cdee89",
            "assign_ipv6_address_on_creation": false,
            "availability_zone": "us-east-1a",
            "availability_zone_id": "use1-az1",
            "cidr_block": "10.0.48.0/24",
            "customer_owned_ipv4_pool": "",
            "enable_dns64": false,
            "enable_lni_at_device_index": 0,
            "enable_resource_name_dns_a_record_on_launch": false,
            "enable_resource_name_dns_aaaa_record_on_launch": false,
            "id": "subnet-0f0f6ef0f45cdee89",
            "ipv6_cidr_block": "",
            "ipv6_cidr_block_association_id": "",
            "ipv6_native": false,
            "map_customer_owned_ip_on_launch": false,
            "map_public_ip_on_launch": true,
            "outpost_arn": "",
            "owner_id": "533267434488",
            "private_dns_hostname_type_on_launch": "ip-name",
            "tags": {
              "Name": "github-arc-rta-public-us-east-1a",
              "auto-delete": "no",
              "karpenter.sh/discovery": "github-arc-rta"
            },
            "tags_all": {
              "Name": "github-arc-rta-public-us-east-1a",
              "auto-delete": "no",
              "karpenter.sh/discovery": "github-arc-rta"
            },
            "timeouts": null,
            "vpc_id": "vpc-0d8bda893d1d6eea9"
          },
          "sensitive_attributes": [],
          "private": "eyJlMmJmYjczMC1lY2FhLTExZTYtOGY4OC0zNDM2M2JjN2M0YzAiOnsiY3JlYXRlIjo2MDAwMDAwMDAwMDAsImRlbGV0ZSI6MTIwMDAwMDAwMDAwMH0sInNjaGVtYV92ZXJzaW9uIjoiMSJ9",
          "dependencies": [
            "data.aws_availability_zones.available",
            "module.vpc.aws_vpc.this",
            "module.vpc.aws_vpc_ipv4_cidr_block_association.this",
            "random_id.random_string"
          ]
        },
        {
          "index_key": 1,
          "schema_version": 1,
          "attributes": {
            "arn": "arn:aws:ec2:us-east-1:533267434488:subnet/subnet-0cf5bf72087325f44",
            "assign_ipv6_address_on_creation": false,
            "availability_zone": "us-east-1b",
            "availability_zone_id": "use1-az2",
            "cidr_block": "10.0.49.0/24",
            "customer_owned_ipv4_pool": "",
            "enable_dns64": false,
            "enable_lni_at_device_index": 0,
            "enable_resource_name_dns_a_record_on_launch": false,
            "enable_resource_name_dns_aaaa_record_on_launch": false,
            "id": "subnet-0cf5bf72087325f44",
            "ipv6_cidr_block": "",
            "ipv6_cidr_block_association_id": "",
            "ipv6_native": false,
            "map_customer_owned_ip_on_launch": false,
            "map_public_ip_on_launch": true,
            "outpost_arn": "",
            "owner_id": "533267434488",
            "private_dns_hostname_type_on_launch": "ip-name",
            "tags": {
              "Name": "github-arc-rta-public-us-east-1b",
              "auto-delete": "no",
              "karpenter.sh/discovery": "github-arc-rta"
            },
            "tags_all": {
              "Name": "github-arc-rta-public-us-east-1b",
              "auto-delete": "no",
              "karpenter.sh/discovery": "github-arc-rta"
            },
            "timeouts": null,
            "vpc_id": "vpc-0d8bda893d1d6eea9"
          },
          "sensitive_attributes": [],
          "private": "eyJlMmJmYjczMC1lY2FhLTExZTYtOGY4OC0zNDM2M2JjN2M0YzAiOnsiY3JlYXRlIjo2MDAwMDAwMDAwMDAsImRlbGV0ZSI6MTIwMDAwMDAwMDAwMH0sInNjaGVtYV92ZXJzaW9uIjoiMSJ9",
          "dependencies": [
            "data.aws_availability_zones.available",
            "module.vpc.aws_vpc.this",
            "module.vpc.aws_vpc_ipv4_cidr_block_association.this",
            "random_id.random_string"
          ]
        },
        {
          "index_key": 2,
          "schema_version": 1,
          "attributes": {
            "arn": "arn:aws:ec2:us-east-1:533267434488:subnet/subnet-04047bb4f1f75cb2c",
            "assign_ipv6_address_on_creation": false,
            "availability_zone": "us-east-1c",
            "availability_zone_id": "use1-az4",
            "cidr_block": "10.0.50.0/24",
            "customer_owned_ipv4_pool": "",
            "enable_dns64": false,
            "enable_lni_at_device_index": 0,
            "enable_resource_name_dns_a_record_on_launch": false,
            "enable_resource_name_dns_aaaa_record_on_launch": false,
            "id": "subnet-04047bb4f1f75cb2c",
            "ipv6_cidr_block": "",
            "ipv6_cidr_block_association_id": "",
            "ipv6_native": false,
            "map_customer_owned_ip_on_launch": false,
            "map_public_ip_on_launch": true,
            "outpost_arn": "",
            "owner_id": "533267434488",
            "private_dns_hostname_type_on_launch": "ip-name",
            "tags": {
              "Name": "github-arc-rta-public-us-east-1c",
              "auto-delete": "no",
              "karpenter.sh/discovery": "github-arc-rta"
            },
            "tags_all": {
              "Name": "github-arc-rta-public-us-east-1c",
              "auto-delete": "no",
              "karpenter.sh/discovery": "github-arc-rta"
            },
            "timeouts": null,
            "vpc_id": "vpc-0d8bda893d1d6eea9"
          },
          "sensitive_attributes": [],
          "private": "eyJlMmJmYjczMC1lY2FhLTExZTYtOGY4OC0zNDM2M2JjN2M0YzAiOnsiY3JlYXRlIjo2MDAwMDAwMDAwMDAsImRlbGV0ZSI6MTIwMDAwMDAwMDAwMH0sInNjaGVtYV92ZXJzaW9uIjoiMSJ9",
          "dependencies": [
            "data.aws_availability_zones.available",
            "module.vpc.aws_vpc.this",
            "module.vpc.aws_vpc_ipv4_cidr_block_association.this",
            "random_id.random_string"
          ]
        }
      ]
    },
    {
      "module": "module.vpc",
      "mode": "managed",
      "type": "aws_subnet",
      "name": "redshift",
      "provider": "provider[\"registry.terraform.io/hashicorp/aws\"]",
      "instances": []
    },
    {
      "module": "module.vpc",
      "mode": "managed",
      "type": "aws_vpc",
      "name": "this",
      "provider": "provider[\"registry.terraform.io/hashicorp/aws\"]",
      "instances": [
        {
          "index_key": 0,
          "schema_version": 1,
          "attributes": {
            "arn": "arn:aws:ec2:us-east-1:533267434488:vpc/vpc-0d8bda893d1d6eea9",
            "assign_generated_ipv6_cidr_block": false,
            "cidr_block": "10.0.0.0/16",
            "default_network_acl_id": "acl-06caeebfdef74a670",
            "default_route_table_id": "rtb-0eef249094f766341",
            "default_security_group_id": "sg-033ac64a3fe247523",
            "dhcp_options_id": "dopt-044c1496a043dde3e",
            "enable_dns_hostnames": true,
            "enable_dns_support": true,
            "enable_network_address_usage_metrics": false,
            "id": "vpc-0d8bda893d1d6eea9",
            "instance_tenancy": "default",
            "ipv4_ipam_pool_id": null,
            "ipv4_netmask_length": null,
            "ipv6_association_id": "",
            "ipv6_cidr_block": "",
            "ipv6_cidr_block_network_border_group": "",
            "ipv6_ipam_pool_id": "",
            "ipv6_netmask_length": 0,
            "main_route_table_id": "rtb-0eef249094f766341",
            "owner_id": "533267434488",
            "tags": {
              "Name": "github-arc-rta",
              "auto-delete": "no"
            },
            "tags_all": {
              "Name": "github-arc-rta",
              "auto-delete": "no"
            }
          },
          "sensitive_attributes": [],
          "private": "eyJzY2hlbWFfdmVyc2lvbiI6IjEifQ==",
          "dependencies": [
            "random_id.random_string"
          ],
          "create_before_destroy": true
        }
      ]
    },
    {
      "module": "module.vpc",
      "mode": "managed",
      "type": "aws_vpc_block_public_access_exclusion",
      "name": "this",
      "provider": "provider[\"registry.terraform.io/hashicorp/aws\"]",
      "instances": []
    },
    {
      "module": "module.vpc",
      "mode": "managed",
      "type": "aws_vpc_block_public_access_options",
      "name": "this",
      "provider": "provider[\"registry.terraform.io/hashicorp/aws\"]",
      "instances": []
    },
    {
      "module": "module.vpc",
      "mode": "managed",
      "type": "aws_vpc_dhcp_options",
      "name": "this",
      "provider": "provider[\"registry.terraform.io/hashicorp/aws\"]",
      "instances": []
    },
    {
      "module": "module.vpc",
      "mode": "managed",
      "type": "aws_vpc_dhcp_options_association",
      "name": "this",
      "provider": "provider[\"registry.terraform.io/hashicorp/aws\"]",
      "instances": []
    },
    {
      "module": "module.vpc",
      "mode": "managed",
      "type": "aws_vpc_ipv4_cidr_block_association",
      "name": "this",
      "provider": "provider[\"registry.terraform.io/hashicorp/aws\"]",
      "instances": []
    },
    {
      "module": "module.vpc",
      "mode": "managed",
      "type": "aws_vpn_gateway",
      "name": "this",
      "provider": "provider[\"registry.terraform.io/hashicorp/aws\"]",
      "instances": []
    },
    {
      "module": "module.vpc",
      "mode": "managed",
      "type": "aws_vpn_gateway_attachment",
      "name": "this",
      "provider": "provider[\"registry.terraform.io/hashicorp/aws\"]",
      "instances": []
    },
    {
      "module": "module.vpc",
      "mode": "managed",
      "type": "aws_vpn_gateway_route_propagation",
      "name": "intra",
      "provider": "provider[\"registry.terraform.io/hashicorp/aws\"]",
      "instances": []
    },
    {
      "module": "module.vpc",
      "mode": "managed",
      "type": "aws_vpn_gateway_route_propagation",
      "name": "private",
      "provider": "provider[\"registry.terraform.io/hashicorp/aws\"]",
      "instances": []
    },
    {
      "module": "module.vpc",
      "mode": "managed",
      "type": "aws_vpn_gateway_route_propagation",
      "name": "public",
      "provider": "provider[\"registry.terraform.io/hashicorp/aws\"]",
      "instances": []
    }
  ],
  "check_results": null
}
